// !$*UTF8*$!
{
	archiveVersion = 1;
	classes = {
	};
	objectVersion = 55;
	objects = {

/* Begin PBXBuildFile section */
		9618D81E0AF588F687C456B1 /* Pods_DarkStar.framework in Frameworks */ = {isa = PBXBuildFile; fileRef = 35FF27CD058496C3CB2F0529 /* Pods_DarkStar.framework */; };
		AF15FD322A3817EF00805739 /* RETools.m in Sources */ = {isa = PBXBuildFile; fileRef = AF15FD302A3817EF00805739 /* RETools.m */; };
		AF15FD362A38183E00805739 /* NSObject+RETip.m in Sources */ = {isa = PBXBuildFile; fileRef = AF15FD352A38183E00805739 /* NSObject+RETip.m */; };
		AF15FD482A38197C00805739 /* HJMappingVO.m in Sources */ = {isa = PBXBuildFile; fileRef = AF15FD402A38197800805739 /* HJMappingVO.m */; };
		AF15FD492A38197C00805739 /* RERouter.m in Sources */ = {isa = PBXBuildFile; fileRef = AF15FD412A38197900805739 /* RERouter.m */; };
		AF15FD4A2A38197C00805739 /* NSString+RERouter.m in Sources */ = {isa = PBXBuildFile; fileRef = AF15FD442A38197A00805739 /* NSString+RERouter.m */; };
		AF15FD4B2A38197C00805739 /* RERouterDefines.m in Sources */ = {isa = PBXBuildFile; fileRef = AF15FD452A38197B00805739 /* RERouterDefines.m */; };
		AF15FD4C2A38197C00805739 /* RERouterVO.m in Sources */ = {isa = PBXBuildFile; fileRef = AF15FD472A38197C00805739 /* RERouterVO.m */; };
		AF15FD4F2A381C5100805739 /* UIViewController+RERouter.m in Sources */ = {isa = PBXBuildFile; fileRef = AF15FD4E2A381C5100805739 /* UIViewController+RERouter.m */; };
		AF15FD572A3836D600805739 /* UIView+REAddErrorView.m in Sources */ = {isa = PBXBuildFile; fileRef = AF15FD532A3836D400805739 /* UIView+REAddErrorView.m */; };
		AF15FD582A3836D600805739 /* REErrorView.m in Sources */ = {isa = PBXBuildFile; fileRef = AF15FD542A3836D500805739 /* REErrorView.m */; };
		AF15FD5C2A38375300805739 /* RERectCornerView.m in Sources */ = {isa = PBXBuildFile; fileRef = AF15FD5A2A38375200805739 /* RERectCornerView.m */; };
		AF15FD602A3837AD00805739 /* PNCGifWaitView.m in Sources */ = {isa = PBXBuildFile; fileRef = AF15FD5E2A3837AD00805739 /* PNCGifWaitView.m */; };
		AF15FD642A38380D00805739 /* RESettingViewController.m in Sources */ = {isa = PBXBuildFile; fileRef = AF15FD632A38380D00805739 /* RESettingViewController.m */; };
		AFC07F382A380D1E009D6578 /* REHomeViewController.m in Sources */ = {isa = PBXBuildFile; fileRef = AFC07F372A380D1E009D6578 /* REHomeViewController.m */; };
		AFC07F3C2A380D52009D6578 /* REShopCartViewController.m in Sources */ = {isa = PBXBuildFile; fileRef = AFC07F3B2A380D51009D6578 /* REShopCartViewController.m */; };
		AFC07F402A380D67009D6578 /* REMineViewController.m in Sources */ = {isa = PBXBuildFile; fileRef = AFC07F3F2A380D67009D6578 /* REMineViewController.m */; };
		AFC07F442A380DB1009D6578 /* REStrollViewController.m in Sources */ = {isa = PBXBuildFile; fileRef = AFC07F432A380DB1009D6578 /* REStrollViewController.m */; };
		AFC07F482A380DCB009D6578 /* RENewsViewController.m in Sources */ = {isa = PBXBuildFile; fileRef = AFC07F472A380DCB009D6578 /* RENewsViewController.m */; };
		AFC07F502A380E04009D6578 /* REUITabBar.m in Sources */ = {isa = PBXBuildFile; fileRef = AFC07F4B2A380E03009D6578 /* REUITabBar.m */; };
		AFC07F512A380E04009D6578 /* REUITabBarController.m in Sources */ = {isa = PBXBuildFile; fileRef = AFC07F4C2A380E03009D6578 /* REUITabBarController.m */; };
		AFC07F522A380E04009D6578 /* REUINavigationController.m in Sources */ = {isa = PBXBuildFile; fileRef = AFC07F4E2A380E04009D6578 /* REUINavigationController.m */; };
		AFC07F5C2A380EE9009D6578 /* REMerchantModel.m in Sources */ = {isa = PBXBuildFile; fileRef = AFC07F572A380EE8009D6578 /* REMerchantModel.m */; };
		AFC07F5D2A380EE9009D6578 /* REUser.m in Sources */ = {isa = PBXBuildFile; fileRef = AFC07F582A380EE9009D6578 /* REUser.m */; };
		AFC07F5E2A380EE9009D6578 /* REPrivacyAgreementModel.m in Sources */ = {isa = PBXBuildFile; fileRef = AFC07F5A2A380EE9009D6578 /* REPrivacyAgreementModel.m */; };
		AFC07F622A380FCB009D6578 /* REGlobal.m in Sources */ = {isa = PBXBuildFile; fileRef = AFC07F602A380FCB009D6578 /* REGlobal.m */; };
		AFC07F7E2A3810AE009D6578 /* NSMutableDictionary+RE.m in Sources */ = {isa = PBXBuildFile; fileRef = AFC07F662A3810AE009D6578 /* NSMutableDictionary+RE.m */; };
		AFC07F7F2A3810AF009D6578 /* NSDictionary+RE.m in Sources */ = {isa = PBXBuildFile; fileRef = AFC07F672A3810AE009D6578 /* NSDictionary+RE.m */; };
		AFC07F802A3810AF009D6578 /* UIDevice+IdentifierAddition.m in Sources */ = {isa = PBXBuildFile; fileRef = AFC07F6A2A3810AE009D6578 /* UIDevice+IdentifierAddition.m */; };
		AFC07F812A3810AF009D6578 /* NSData+RE.m in Sources */ = {isa = PBXBuildFile; fileRef = AFC07F6B2A3810AE009D6578 /* NSData+RE.m */; };
		AFC07F822A3810AF009D6578 /* NSError+RE.m in Sources */ = {isa = PBXBuildFile; fileRef = AFC07F6D2A3810AE009D6578 /* NSError+RE.m */; };
		AFC07F832A3810AF009D6578 /* NSString+RE.m in Sources */ = {isa = PBXBuildFile; fileRef = AFC07F712A3810AE009D6578 /* NSString+RE.m */; };
		AFC07F842A3810AF009D6578 /* UIImagePickerController+Blocks.m in Sources */ = {isa = PBXBuildFile; fileRef = AFC07F742A3810AE009D6578 /* UIImagePickerController+Blocks.m */; };
		AFC07F862A3810AF009D6578 /* NSArray+RE.m in Sources */ = {isa = PBXBuildFile; fileRef = AFC07F7A2A3810AE009D6578 /* NSArray+RE.m */; };
		AFC07F872A3810AF009D6578 /* NSObject+RE.m in Sources */ = {isa = PBXBuildFile; fileRef = AFC07F7C2A3810AE009D6578 /* NSObject+RE.m */; };
		AFC07F902A381164009D6578 /* KeychainItemWrapper.m in Sources */ = {isa = PBXBuildFile; fileRef = AFC07F8B2A381163009D6578 /* KeychainItemWrapper.m */; };
		AFC07F912A381164009D6578 /* HJKeychain.m in Sources */ = {isa = PBXBuildFile; fileRef = AFC07F8C2A381164009D6578 /* HJKeychain.m */; };
		AFC07F922A381164009D6578 /* HJKeychainDefine.m in Sources */ = {isa = PBXBuildFile; fileRef = AFC07F8E2A381164009D6578 /* HJKeychainDefine.m */; };
		AFC07F962A381191009D6578 /* HJJsonKit.m in Sources */ = {isa = PBXBuildFile; fileRef = AFC07F952A381191009D6578 /* HJJsonKit.m */; };
		AFC07F9B2A3811A5009D6578 /* HJClientInfo.m in Sources */ = {isa = PBXBuildFile; fileRef = AFC07F972A3811A4009D6578 /* HJClientInfo.m */; };
		AFC07F9C2A3811A5009D6578 /* RECacheManger.m in Sources */ = {isa = PBXBuildFile; fileRef = AFC07F9A2A3811A5009D6578 /* RECacheManger.m */; };
		AFC07FA02A3811C3009D6578 /* HJReachability.m in Sources */ = {isa = PBXBuildFile; fileRef = AFC07F9F2A3811C3009D6578 /* HJReachability.m */; };
		AFC07FAD2A3813BB009D6578 /* KLResponse.m in Sources */ = {isa = PBXBuildFile; fileRef = AFC07FA42A3813B7009D6578 /* KLResponse.m */; };
		AFC07FAE2A3813BB009D6578 /* KLUploadFile.m in Sources */ = {isa = PBXBuildFile; fileRef = AFC07FA62A3813B7009D6578 /* KLUploadFile.m */; };
		AFC07FAF2A3813BB009D6578 /* KLRequestGenerator.m in Sources */ = {isa = PBXBuildFile; fileRef = AFC07FA92A3813B8009D6578 /* KLRequestGenerator.m */; };
		AFC07FB02A3813BB009D6578 /* KLNetWorkManager.m in Sources */ = {isa = PBXBuildFile; fileRef = AFC07FAA2A3813B9009D6578 /* KLNetWorkManager.m */; };
		AFC07FB12A3813BB009D6578 /* KLRequest.m in Sources */ = {isa = PBXBuildFile; fileRef = AFC07FAB2A3813BB009D6578 /* KLRequest.m */; };
		AFC07FB52A3813F4009D6578 /* RELoginViewController.m in Sources */ = {isa = PBXBuildFile; fileRef = AFC07FB42A3813F4009D6578 /* RELoginViewController.m */; };
		AFC07FB92A38140D009D6578 /* RELoginUtil.m in Sources */ = {isa = PBXBuildFile; fileRef = AFC07FB82A38140D009D6578 /* RELoginUtil.m */; };
		AFC07FBC2A381487009D6578 /* REDataManagement.m in Sources */ = {isa = PBXBuildFile; fileRef = AFC07FBB2A381487009D6578 /* REDataManagement.m */; };
		AFC07FC02A38150B009D6578 /* DataEncrypt.m in Sources */ = {isa = PBXBuildFile; fileRef = AFC07FBE2A38150B009D6578 /* DataEncrypt.m */; };
		AFEEC98529F672E500BDED92 /* AppDelegate.m in Sources */ = {isa = PBXBuildFile; fileRef = AFEEC98429F672E500BDED92 /* AppDelegate.m */; };
		AFEEC98829F672E500BDED92 /* SceneDelegate.m in Sources */ = {isa = PBXBuildFile; fileRef = AFEEC98729F672E500BDED92 /* SceneDelegate.m */; };
		AFEEC98B29F672E500BDED92 /* ViewController.m in Sources */ = {isa = PBXBuildFile; fileRef = AFEEC98A29F672E500BDED92 /* ViewController.m */; };
		AFEEC98E29F672E500BDED92 /* Main.storyboard in Resources */ = {isa = PBXBuildFile; fileRef = AFEEC98C29F672E500BDED92 /* Main.storyboard */; };
		AFEEC99029F672E800BDED92 /* Assets.xcassets in Resources */ = {isa = PBXBuildFile; fileRef = AFEEC98F29F672E800BDED92 /* Assets.xcassets */; };
		AFEEC99329F672E800BDED92 /* LaunchScreen.storyboard in Resources */ = {isa = PBXBuildFile; fileRef = AFEEC99129F672E800BDED92 /* LaunchScreen.storyboard */; };
		AFEEC99629F672E800BDED92 /* main.m in Sources */ = {isa = PBXBuildFile; fileRef = AFEEC99529F672E800BDED92 /* main.m */; };
/* End PBXBuildFile section */

/* Begin PBXFileReference section */
		1A378BB58FE22301AD8E0EB0 /* Pods-DarkStar.debug.xcconfig */ = {isa = PBXFileReference; includeInIndex = 1; lastKnownFileType = text.xcconfig; name = "Pods-DarkStar.debug.xcconfig"; path = "Target Support Files/Pods-DarkStar/Pods-DarkStar.debug.xcconfig"; sourceTree = "<group>"; };
		35FF27CD058496C3CB2F0529 /* Pods_DarkStar.framework */ = {isa = PBXFileReference; explicitFileType = wrapper.framework; includeInIndex = 0; path = Pods_DarkStar.framework; sourceTree = BUILT_PRODUCTS_DIR; };
		72DBF1C0DC9A74D76EBF78D6 /* Pods-DarkStar.release.xcconfig */ = {isa = PBXFileReference; includeInIndex = 1; lastKnownFileType = text.xcconfig; name = "Pods-DarkStar.release.xcconfig"; path = "Target Support Files/Pods-DarkStar/Pods-DarkStar.release.xcconfig"; sourceTree = "<group>"; };
		AF15FD2C2A38172500805739 /* REUIConfig.h */ = {isa = PBXFileReference; fileEncoding = 4; lastKnownFileType = sourcecode.c.h; path = REUIConfig.h; sourceTree = "<group>"; };
		AF15FD2D2A38172600805739 /* NoticeDefine.h */ = {isa = PBXFileReference; fileEncoding = 4; lastKnownFileType = sourcecode.c.h; path = NoticeDefine.h; sourceTree = "<group>"; };
		AF15FD2E2A38172700805739 /* UIStyleConfig.h */ = {isa = PBXFileReference; fileEncoding = 4; lastKnownFileType = sourcecode.c.h; path = UIStyleConfig.h; sourceTree = "<group>"; };
		AF15FD2F2A38172700805739 /* RENotificationConfig.h */ = {isa = PBXFileReference; fileEncoding = 4; lastKnownFileType = sourcecode.c.h; path = RENotificationConfig.h; sourceTree = "<group>"; };
		AF15FD302A3817EF00805739 /* RETools.m */ = {isa = PBXFileReference; fileEncoding = 4; lastKnownFileType = sourcecode.c.objc; path = RETools.m; sourceTree = "<group>"; };
		AF15FD312A3817EF00805739 /* RETools.h */ = {isa = PBXFileReference; fileEncoding = 4; lastKnownFileType = sourcecode.c.h; path = RETools.h; sourceTree = "<group>"; };
		AF15FD342A38183D00805739 /* NSObject+RETip.h */ = {isa = PBXFileReference; fileEncoding = 4; lastKnownFileType = sourcecode.c.h; path = "NSObject+RETip.h"; sourceTree = "<group>"; };
		AF15FD352A38183E00805739 /* NSObject+RETip.m */ = {isa = PBXFileReference; fileEncoding = 4; lastKnownFileType = sourcecode.c.objc; path = "NSObject+RETip.m"; sourceTree = "<group>"; };
		AF15FD3E2A38197700805739 /* NSString+RERouter.h */ = {isa = PBXFileReference; fileEncoding = 4; lastKnownFileType = sourcecode.c.h; path = "NSString+RERouter.h"; sourceTree = "<group>"; };
		AF15FD3F2A38197800805739 /* RERouterDefines.h */ = {isa = PBXFileReference; fileEncoding = 4; lastKnownFileType = sourcecode.c.h; path = RERouterDefines.h; sourceTree = "<group>"; };
		AF15FD402A38197800805739 /* HJMappingVO.m */ = {isa = PBXFileReference; fileEncoding = 4; lastKnownFileType = sourcecode.c.objc; path = HJMappingVO.m; sourceTree = "<group>"; };
		AF15FD412A38197900805739 /* RERouter.m */ = {isa = PBXFileReference; fileEncoding = 4; lastKnownFileType = sourcecode.c.objc; path = RERouter.m; sourceTree = "<group>"; };
		AF15FD422A38197900805739 /* RERouterVO.h */ = {isa = PBXFileReference; fileEncoding = 4; lastKnownFileType = sourcecode.c.h; path = RERouterVO.h; sourceTree = "<group>"; };
		AF15FD432A38197A00805739 /* RERouter.h */ = {isa = PBXFileReference; fileEncoding = 4; lastKnownFileType = sourcecode.c.h; path = RERouter.h; sourceTree = "<group>"; };
		AF15FD442A38197A00805739 /* NSString+RERouter.m */ = {isa = PBXFileReference; fileEncoding = 4; lastKnownFileType = sourcecode.c.objc; path = "NSString+RERouter.m"; sourceTree = "<group>"; };
		AF15FD452A38197B00805739 /* RERouterDefines.m */ = {isa = PBXFileReference; fileEncoding = 4; lastKnownFileType = sourcecode.c.objc; path = RERouterDefines.m; sourceTree = "<group>"; };
		AF15FD462A38197B00805739 /* HJMappingVO.h */ = {isa = PBXFileReference; fileEncoding = 4; lastKnownFileType = sourcecode.c.h; path = HJMappingVO.h; sourceTree = "<group>"; };
		AF15FD472A38197C00805739 /* RERouterVO.m */ = {isa = PBXFileReference; fileEncoding = 4; lastKnownFileType = sourcecode.c.objc; path = RERouterVO.m; sourceTree = "<group>"; };
		AF15FD4D2A381C5100805739 /* UIViewController+RERouter.h */ = {isa = PBXFileReference; lastKnownFileType = sourcecode.c.h; path = "UIViewController+RERouter.h"; sourceTree = "<group>"; };
		AF15FD4E2A381C5100805739 /* UIViewController+RERouter.m */ = {isa = PBXFileReference; lastKnownFileType = sourcecode.c.objc; path = "UIViewController+RERouter.m"; sourceTree = "<group>"; };
		AF15FD502A381F7E00805739 /* RERouterHeader.h */ = {isa = PBXFileReference; lastKnownFileType = sourcecode.c.h; path = RERouterHeader.h; sourceTree = "<group>"; };
		AF15FD532A3836D400805739 /* UIView+REAddErrorView.m */ = {isa = PBXFileReference; fileEncoding = 4; lastKnownFileType = sourcecode.c.objc; path = "UIView+REAddErrorView.m"; sourceTree = "<group>"; };
		AF15FD542A3836D500805739 /* REErrorView.m */ = {isa = PBXFileReference; fileEncoding = 4; lastKnownFileType = sourcecode.c.objc; path = REErrorView.m; sourceTree = "<group>"; };
		AF15FD552A3836D500805739 /* UIView+REAddErrorView.h */ = {isa = PBXFileReference; fileEncoding = 4; lastKnownFileType = sourcecode.c.h; path = "UIView+REAddErrorView.h"; sourceTree = "<group>"; };
		AF15FD562A3836D600805739 /* REErrorView.h */ = {isa = PBXFileReference; fileEncoding = 4; lastKnownFileType = sourcecode.c.h; path = REErrorView.h; sourceTree = "<group>"; };
		AF15FD5A2A38375200805739 /* RERectCornerView.m */ = {isa = PBXFileReference; fileEncoding = 4; lastKnownFileType = sourcecode.c.objc; path = RERectCornerView.m; sourceTree = "<group>"; };
		AF15FD5B2A38375300805739 /* RERectCornerView.h */ = {isa = PBXFileReference; fileEncoding = 4; lastKnownFileType = sourcecode.c.h; path = RERectCornerView.h; sourceTree = "<group>"; };
		AF15FD5E2A3837AD00805739 /* PNCGifWaitView.m */ = {isa = PBXFileReference; fileEncoding = 4; lastKnownFileType = sourcecode.c.objc; path = PNCGifWaitView.m; sourceTree = "<group>"; };
		AF15FD5F2A3837AD00805739 /* PNCGifWaitView.h */ = {isa = PBXFileReference; fileEncoding = 4; lastKnownFileType = sourcecode.c.h; path = PNCGifWaitView.h; sourceTree = "<group>"; };
		AF15FD622A38380D00805739 /* RESettingViewController.h */ = {isa = PBXFileReference; lastKnownFileType = sourcecode.c.h; path = RESettingViewController.h; sourceTree = "<group>"; };
		AF15FD632A38380D00805739 /* RESettingViewController.m */ = {isa = PBXFileReference; lastKnownFileType = sourcecode.c.objc; path = RESettingViewController.m; sourceTree = "<group>"; };
		AFC07F362A380D1E009D6578 /* REHomeViewController.h */ = {isa = PBXFileReference; lastKnownFileType = sourcecode.c.h; path = REHomeViewController.h; sourceTree = "<group>"; };
		AFC07F372A380D1E009D6578 /* REHomeViewController.m */ = {isa = PBXFileReference; lastKnownFileType = sourcecode.c.objc; path = REHomeViewController.m; sourceTree = "<group>"; };
		AFC07F3A2A380D51009D6578 /* REShopCartViewController.h */ = {isa = PBXFileReference; lastKnownFileType = sourcecode.c.h; path = REShopCartViewController.h; sourceTree = "<group>"; };
		AFC07F3B2A380D51009D6578 /* REShopCartViewController.m */ = {isa = PBXFileReference; lastKnownFileType = sourcecode.c.objc; path = REShopCartViewController.m; sourceTree = "<group>"; };
		AFC07F3E2A380D67009D6578 /* REMineViewController.h */ = {isa = PBXFileReference; lastKnownFileType = sourcecode.c.h; path = REMineViewController.h; sourceTree = "<group>"; };
		AFC07F3F2A380D67009D6578 /* REMineViewController.m */ = {isa = PBXFileReference; lastKnownFileType = sourcecode.c.objc; path = REMineViewController.m; sourceTree = "<group>"; };
		AFC07F422A380DB1009D6578 /* REStrollViewController.h */ = {isa = PBXFileReference; lastKnownFileType = sourcecode.c.h; path = REStrollViewController.h; sourceTree = "<group>"; };
		AFC07F432A380DB1009D6578 /* REStrollViewController.m */ = {isa = PBXFileReference; lastKnownFileType = sourcecode.c.objc; path = REStrollViewController.m; sourceTree = "<group>"; };
		AFC07F462A380DCB009D6578 /* RENewsViewController.h */ = {isa = PBXFileReference; lastKnownFileType = sourcecode.c.h; path = RENewsViewController.h; sourceTree = "<group>"; };
		AFC07F472A380DCB009D6578 /* RENewsViewController.m */ = {isa = PBXFileReference; lastKnownFileType = sourcecode.c.objc; path = RENewsViewController.m; sourceTree = "<group>"; };
		AFC07F4A2A380E03009D6578 /* REUITabBarController.h */ = {isa = PBXFileReference; fileEncoding = 4; lastKnownFileType = sourcecode.c.h; path = REUITabBarController.h; sourceTree = "<group>"; };
		AFC07F4B2A380E03009D6578 /* REUITabBar.m */ = {isa = PBXFileReference; fileEncoding = 4; lastKnownFileType = sourcecode.c.objc; path = REUITabBar.m; sourceTree = "<group>"; };
		AFC07F4C2A380E03009D6578 /* REUITabBarController.m */ = {isa = PBXFileReference; fileEncoding = 4; lastKnownFileType = sourcecode.c.objc; path = REUITabBarController.m; sourceTree = "<group>"; };
		AFC07F4D2A380E04009D6578 /* REUITabBar.h */ = {isa = PBXFileReference; fileEncoding = 4; lastKnownFileType = sourcecode.c.h; path = REUITabBar.h; sourceTree = "<group>"; };
		AFC07F4E2A380E04009D6578 /* REUINavigationController.m */ = {isa = PBXFileReference; fileEncoding = 4; lastKnownFileType = sourcecode.c.objc; path = REUINavigationController.m; sourceTree = "<group>"; };
		AFC07F4F2A380E04009D6578 /* REUINavigationController.h */ = {isa = PBXFileReference; fileEncoding = 4; lastKnownFileType = sourcecode.c.h; path = REUINavigationController.h; sourceTree = "<group>"; };
		AFC07F562A380EE8009D6578 /* REUser.h */ = {isa = PBXFileReference; fileEncoding = 4; lastKnownFileType = sourcecode.c.h; path = REUser.h; sourceTree = "<group>"; };
		AFC07F572A380EE8009D6578 /* REMerchantModel.m */ = {isa = PBXFileReference; fileEncoding = 4; lastKnownFileType = sourcecode.c.objc; path = REMerchantModel.m; sourceTree = "<group>"; };
		AFC07F582A380EE9009D6578 /* REUser.m */ = {isa = PBXFileReference; fileEncoding = 4; lastKnownFileType = sourcecode.c.objc; path = REUser.m; sourceTree = "<group>"; };
		AFC07F592A380EE9009D6578 /* REPrivacyAgreementModel.h */ = {isa = PBXFileReference; fileEncoding = 4; lastKnownFileType = sourcecode.c.h; path = REPrivacyAgreementModel.h; sourceTree = "<group>"; };
		AFC07F5A2A380EE9009D6578 /* REPrivacyAgreementModel.m */ = {isa = PBXFileReference; fileEncoding = 4; lastKnownFileType = sourcecode.c.objc; path = REPrivacyAgreementModel.m; sourceTree = "<group>"; };
		AFC07F5B2A380EE9009D6578 /* REMerchantModel.h */ = {isa = PBXFileReference; fileEncoding = 4; lastKnownFileType = sourcecode.c.h; path = REMerchantModel.h; sourceTree = "<group>"; };
		AFC07F5F2A380F36009D6578 /* PrefixHeader.pch */ = {isa = PBXFileReference; lastKnownFileType = sourcecode.c.h; path = PrefixHeader.pch; sourceTree = "<group>"; };
		AFC07F602A380FCB009D6578 /* REGlobal.m */ = {isa = PBXFileReference; fileEncoding = 4; lastKnownFileType = sourcecode.c.objc; path = REGlobal.m; sourceTree = "<group>"; };
		AFC07F612A380FCB009D6578 /* REGlobal.h */ = {isa = PBXFileReference; fileEncoding = 4; lastKnownFileType = sourcecode.c.h; path = REGlobal.h; sourceTree = "<group>"; };
		AFC07F652A3810AE009D6578 /* NSDictionary+RE.h */ = {isa = PBXFileReference; fileEncoding = 4; lastKnownFileType = sourcecode.c.h; path = "NSDictionary+RE.h"; sourceTree = "<group>"; };
		AFC07F662A3810AE009D6578 /* NSMutableDictionary+RE.m */ = {isa = PBXFileReference; fileEncoding = 4; lastKnownFileType = sourcecode.c.objc; path = "NSMutableDictionary+RE.m"; sourceTree = "<group>"; };
		AFC07F672A3810AE009D6578 /* NSDictionary+RE.m */ = {isa = PBXFileReference; fileEncoding = 4; lastKnownFileType = sourcecode.c.objc; path = "NSDictionary+RE.m"; sourceTree = "<group>"; };
		AFC07F682A3810AE009D6578 /* NSMutableDictionary+RE.h */ = {isa = PBXFileReference; fileEncoding = 4; lastKnownFileType = sourcecode.c.h; path = "NSMutableDictionary+RE.h"; sourceTree = "<group>"; };
		AFC07F6A2A3810AE009D6578 /* UIDevice+IdentifierAddition.m */ = {isa = PBXFileReference; fileEncoding = 4; lastKnownFileType = sourcecode.c.objc; path = "UIDevice+IdentifierAddition.m"; sourceTree = "<group>"; };
		AFC07F6B2A3810AE009D6578 /* NSData+RE.m */ = {isa = PBXFileReference; fileEncoding = 4; lastKnownFileType = sourcecode.c.objc; path = "NSData+RE.m"; sourceTree = "<group>"; };
		AFC07F6C2A3810AE009D6578 /* NSError+RE.h */ = {isa = PBXFileReference; fileEncoding = 4; lastKnownFileType = sourcecode.c.h; path = "NSError+RE.h"; sourceTree = "<group>"; };
		AFC07F6D2A3810AE009D6578 /* NSError+RE.m */ = {isa = PBXFileReference; fileEncoding = 4; lastKnownFileType = sourcecode.c.objc; path = "NSError+RE.m"; sourceTree = "<group>"; };
		AFC07F6E2A3810AE009D6578 /* NSData+RE.h */ = {isa = PBXFileReference; fileEncoding = 4; lastKnownFileType = sourcecode.c.h; path = "NSData+RE.h"; sourceTree = "<group>"; };
		AFC07F6F2A3810AE009D6578 /* UIDevice+IdentifierAddition.h */ = {isa = PBXFileReference; fileEncoding = 4; lastKnownFileType = sourcecode.c.h; path = "UIDevice+IdentifierAddition.h"; sourceTree = "<group>"; };
		AFC07F712A3810AE009D6578 /* NSString+RE.m */ = {isa = PBXFileReference; fileEncoding = 4; lastKnownFileType = sourcecode.c.objc; path = "NSString+RE.m"; sourceTree = "<group>"; };
		AFC07F722A3810AE009D6578 /* NSString+RE.h */ = {isa = PBXFileReference; fileEncoding = 4; lastKnownFileType = sourcecode.c.h; path = "NSString+RE.h"; sourceTree = "<group>"; };
		AFC07F742A3810AE009D6578 /* UIImagePickerController+Blocks.m */ = {isa = PBXFileReference; fileEncoding = 4; lastKnownFileType = sourcecode.c.objc; path = "UIImagePickerController+Blocks.m"; sourceTree = "<group>"; };
		AFC07F772A3810AE009D6578 /* UIImagePickerController+Blocks.h */ = {isa = PBXFileReference; fileEncoding = 4; lastKnownFileType = sourcecode.c.h; path = "UIImagePickerController+Blocks.h"; sourceTree = "<group>"; };
		AFC07F792A3810AE009D6578 /* NSArray+RE.h */ = {isa = PBXFileReference; fileEncoding = 4; lastKnownFileType = sourcecode.c.h; path = "NSArray+RE.h"; sourceTree = "<group>"; };
		AFC07F7A2A3810AE009D6578 /* NSArray+RE.m */ = {isa = PBXFileReference; fileEncoding = 4; lastKnownFileType = sourcecode.c.objc; path = "NSArray+RE.m"; sourceTree = "<group>"; };
		AFC07F7C2A3810AE009D6578 /* NSObject+RE.m */ = {isa = PBXFileReference; fileEncoding = 4; lastKnownFileType = sourcecode.c.objc; path = "NSObject+RE.m"; sourceTree = "<group>"; };
		AFC07F7D2A3810AE009D6578 /* NSObject+RE.h */ = {isa = PBXFileReference; fileEncoding = 4; lastKnownFileType = sourcecode.c.h; path = "NSObject+RE.h"; sourceTree = "<group>"; };
		AFC07F8A2A381163009D6578 /* KeychainItemWrapper.h */ = {isa = PBXFileReference; fileEncoding = 4; lastKnownFileType = sourcecode.c.h; path = KeychainItemWrapper.h; sourceTree = "<group>"; };
		AFC07F8B2A381163009D6578 /* KeychainItemWrapper.m */ = {isa = PBXFileReference; fileEncoding = 4; lastKnownFileType = sourcecode.c.objc; path = KeychainItemWrapper.m; sourceTree = "<group>"; };
		AFC07F8C2A381164009D6578 /* HJKeychain.m */ = {isa = PBXFileReference; fileEncoding = 4; lastKnownFileType = sourcecode.c.objc; path = HJKeychain.m; sourceTree = "<group>"; };
		AFC07F8D2A381164009D6578 /* HJKeychain.h */ = {isa = PBXFileReference; fileEncoding = 4; lastKnownFileType = sourcecode.c.h; path = HJKeychain.h; sourceTree = "<group>"; };
		AFC07F8E2A381164009D6578 /* HJKeychainDefine.m */ = {isa = PBXFileReference; fileEncoding = 4; lastKnownFileType = sourcecode.c.objc; path = HJKeychainDefine.m; sourceTree = "<group>"; };
		AFC07F8F2A381164009D6578 /* HJKeychainDefine.h */ = {isa = PBXFileReference; fileEncoding = 4; lastKnownFileType = sourcecode.c.h; path = HJKeychainDefine.h; sourceTree = "<group>"; };
		AFC07F942A381191009D6578 /* HJJsonKit.h */ = {isa = PBXFileReference; fileEncoding = 4; lastKnownFileType = sourcecode.c.h; path = HJJsonKit.h; sourceTree = "<group>"; };
		AFC07F952A381191009D6578 /* HJJsonKit.m */ = {isa = PBXFileReference; fileEncoding = 4; lastKnownFileType = sourcecode.c.objc; path = HJJsonKit.m; sourceTree = "<group>"; };
		AFC07F972A3811A4009D6578 /* HJClientInfo.m */ = {isa = PBXFileReference; fileEncoding = 4; lastKnownFileType = sourcecode.c.objc; path = HJClientInfo.m; sourceTree = "<group>"; };
		AFC07F982A3811A4009D6578 /* HJClientInfo.h */ = {isa = PBXFileReference; fileEncoding = 4; lastKnownFileType = sourcecode.c.h; path = HJClientInfo.h; sourceTree = "<group>"; };
		AFC07F992A3811A4009D6578 /* RECacheManger.h */ = {isa = PBXFileReference; fileEncoding = 4; lastKnownFileType = sourcecode.c.h; path = RECacheManger.h; sourceTree = "<group>"; };
		AFC07F9A2A3811A5009D6578 /* RECacheManger.m */ = {isa = PBXFileReference; fileEncoding = 4; lastKnownFileType = sourcecode.c.objc; path = RECacheManger.m; sourceTree = "<group>"; };
		AFC07F9E2A3811C3009D6578 /* HJReachability.h */ = {isa = PBXFileReference; fileEncoding = 4; lastKnownFileType = sourcecode.c.h; path = HJReachability.h; sourceTree = "<group>"; };
		AFC07F9F2A3811C3009D6578 /* HJReachability.m */ = {isa = PBXFileReference; fileEncoding = 4; lastKnownFileType = sourcecode.c.objc; path = HJReachability.m; sourceTree = "<group>"; };
		AFC07FA22A3813B6009D6578 /* KLResponse.h */ = {isa = PBXFileReference; fileEncoding = 4; lastKnownFileType = sourcecode.c.h; path = KLResponse.h; sourceTree = "<group>"; };
		AFC07FA32A3813B6009D6578 /* REAPIHeader.h */ = {isa = PBXFileReference; fileEncoding = 4; lastKnownFileType = sourcecode.c.h; path = REAPIHeader.h; sourceTree = "<group>"; };
		AFC07FA42A3813B7009D6578 /* KLResponse.m */ = {isa = PBXFileReference; fileEncoding = 4; lastKnownFileType = sourcecode.c.objc; path = KLResponse.m; sourceTree = "<group>"; };
		AFC07FA52A3813B7009D6578 /* KLUploadFile.h */ = {isa = PBXFileReference; fileEncoding = 4; lastKnownFileType = sourcecode.c.h; path = KLUploadFile.h; sourceTree = "<group>"; };
		AFC07FA62A3813B7009D6578 /* KLUploadFile.m */ = {isa = PBXFileReference; fileEncoding = 4; lastKnownFileType = sourcecode.c.objc; path = KLUploadFile.m; sourceTree = "<group>"; };
		AFC07FA72A3813B7009D6578 /* KLRequest.h */ = {isa = PBXFileReference; fileEncoding = 4; lastKnownFileType = sourcecode.c.h; path = KLRequest.h; sourceTree = "<group>"; };
		AFC07FA82A3813B8009D6578 /* KLRequestGenerator.h */ = {isa = PBXFileReference; fileEncoding = 4; lastKnownFileType = sourcecode.c.h; path = KLRequestGenerator.h; sourceTree = "<group>"; };
		AFC07FA92A3813B8009D6578 /* KLRequestGenerator.m */ = {isa = PBXFileReference; fileEncoding = 4; lastKnownFileType = sourcecode.c.objc; path = KLRequestGenerator.m; sourceTree = "<group>"; };
		AFC07FAA2A3813B9009D6578 /* KLNetWorkManager.m */ = {isa = PBXFileReference; fileEncoding = 4; lastKnownFileType = sourcecode.c.objc; path = KLNetWorkManager.m; sourceTree = "<group>"; };
		AFC07FAB2A3813BB009D6578 /* KLRequest.m */ = {isa = PBXFileReference; fileEncoding = 4; lastKnownFileType = sourcecode.c.objc; path = KLRequest.m; sourceTree = "<group>"; };
		AFC07FAC2A3813BB009D6578 /* KLNetWorkManager.h */ = {isa = PBXFileReference; fileEncoding = 4; lastKnownFileType = sourcecode.c.h; path = KLNetWorkManager.h; sourceTree = "<group>"; };
		AFC07FB32A3813F4009D6578 /* RELoginViewController.h */ = {isa = PBXFileReference; lastKnownFileType = sourcecode.c.h; path = RELoginViewController.h; sourceTree = "<group>"; };
		AFC07FB42A3813F4009D6578 /* RELoginViewController.m */ = {isa = PBXFileReference; lastKnownFileType = sourcecode.c.objc; path = RELoginViewController.m; sourceTree = "<group>"; };
		AFC07FB72A38140D009D6578 /* RELoginUtil.h */ = {isa = PBXFileReference; fileEncoding = 4; lastKnownFileType = sourcecode.c.h; path = RELoginUtil.h; sourceTree = "<group>"; };
		AFC07FB82A38140D009D6578 /* RELoginUtil.m */ = {isa = PBXFileReference; fileEncoding = 4; lastKnownFileType = sourcecode.c.objc; path = RELoginUtil.m; sourceTree = "<group>"; };
		AFC07FBA2A381486009D6578 /* REDataManagement.h */ = {isa = PBXFileReference; fileEncoding = 4; lastKnownFileType = sourcecode.c.h; path = REDataManagement.h; sourceTree = "<group>"; };
		AFC07FBB2A381487009D6578 /* REDataManagement.m */ = {isa = PBXFileReference; fileEncoding = 4; lastKnownFileType = sourcecode.c.objc; path = REDataManagement.m; sourceTree = "<group>"; };
		AFC07FBE2A38150B009D6578 /* DataEncrypt.m */ = {isa = PBXFileReference; fileEncoding = 4; lastKnownFileType = sourcecode.c.objc; path = DataEncrypt.m; sourceTree = "<group>"; };
		AFC07FBF2A38150B009D6578 /* DataEncrypt.h */ = {isa = PBXFileReference; fileEncoding = 4; lastKnownFileType = sourcecode.c.h; path = DataEncrypt.h; sourceTree = "<group>"; };
		AFEEC98029F672E500BDED92 /* DarkStar.app */ = {isa = PBXFileReference; explicitFileType = wrapper.application; includeInIndex = 0; path = DarkStar.app; sourceTree = BUILT_PRODUCTS_DIR; };
		AFEEC98329F672E500BDED92 /* AppDelegate.h */ = {isa = PBXFileReference; lastKnownFileType = sourcecode.c.h; path = AppDelegate.h; sourceTree = "<group>"; };
		AFEEC98429F672E500BDED92 /* AppDelegate.m */ = {isa = PBXFileReference; lastKnownFileType = sourcecode.c.objc; path = AppDelegate.m; sourceTree = "<group>"; };
		AFEEC98629F672E500BDED92 /* SceneDelegate.h */ = {isa = PBXFileReference; lastKnownFileType = sourcecode.c.h; path = SceneDelegate.h; sourceTree = "<group>"; };
		AFEEC98729F672E500BDED92 /* SceneDelegate.m */ = {isa = PBXFileReference; lastKnownFileType = sourcecode.c.objc; path = SceneDelegate.m; sourceTree = "<group>"; };
		AFEEC98929F672E500BDED92 /* ViewController.h */ = {isa = PBXFileReference; lastKnownFileType = sourcecode.c.h; path = ViewController.h; sourceTree = "<group>"; };
		AFEEC98A29F672E500BDED92 /* ViewController.m */ = {isa = PBXFileReference; lastKnownFileType = sourcecode.c.objc; path = ViewController.m; sourceTree = "<group>"; };
		AFEEC98D29F672E500BDED92 /* Base */ = {isa = PBXFileReference; lastKnownFileType = file.storyboard; name = Base; path = Base.lproj/Main.storyboard; sourceTree = "<group>"; };
		AFEEC98F29F672E800BDED92 /* Assets.xcassets */ = {isa = PBXFileReference; lastKnownFileType = folder.assetcatalog; path = Assets.xcassets; sourceTree = "<group>"; };
		AFEEC99229F672E800BDED92 /* Base */ = {isa = PBXFileReference; lastKnownFileType = file.storyboard; name = Base; path = Base.lproj/LaunchScreen.storyboard; sourceTree = "<group>"; };
		AFEEC99429F672E800BDED92 /* Info.plist */ = {isa = PBXFileReference; lastKnownFileType = text.plist.xml; path = Info.plist; sourceTree = "<group>"; };
		AFEEC99529F672E800BDED92 /* main.m */ = {isa = PBXFileReference; lastKnownFileType = sourcecode.c.objc; path = main.m; sourceTree = "<group>"; };
/* End PBXFileReference section */

/* Begin PBXFrameworksBuildPhase section */
		AFEEC97D29F672E500BDED92 /* Frameworks */ = {
			isa = PBXFrameworksBuildPhase;
			buildActionMask = 2147483647;
			files = (
				9618D81E0AF588F687C456B1 /* Pods_DarkStar.framework in Frameworks */,
			);
			runOnlyForDeploymentPostprocessing = 0;
		};
/* End PBXFrameworksBuildPhase section */

/* Begin PBXGroup section */
		AF15FD332A38183500805739 /* Toast */ = {
			isa = PBXGroup;
			children = (
				AF15FD342A38183D00805739 /* NSObject+RETip.h */,
				AF15FD352A38183E00805739 /* NSObject+RETip.m */,
			);
			path = Toast;
			sourceTree = "<group>";
		};
		AF15FD3C2A38196000805739 /* RouterManager */ = {
			isa = PBXGroup;
			children = (
				AF15FD3D2A38196900805739 /* Router */,
				AF15FD502A381F7E00805739 /* RERouterHeader.h */,
			);
			path = RouterManager;
			sourceTree = "<group>";
		};
		AF15FD3D2A38196900805739 /* Router */ = {
			isa = PBXGroup;
			children = (
				AF15FD4D2A381C5100805739 /* UIViewController+RERouter.h */,
				AF15FD4E2A381C5100805739 /* UIViewController+RERouter.m */,
				AF15FD462A38197B00805739 /* HJMappingVO.h */,
				AF15FD402A38197800805739 /* HJMappingVO.m */,
				AF15FD3E2A38197700805739 /* NSString+RERouter.h */,
				AF15FD442A38197A00805739 /* NSString+RERouter.m */,
				AF15FD432A38197A00805739 /* RERouter.h */,
				AF15FD412A38197900805739 /* RERouter.m */,
				AF15FD3F2A38197800805739 /* RERouterDefines.h */,
				AF15FD452A38197B00805739 /* RERouterDefines.m */,
				AF15FD422A38197900805739 /* RERouterVO.h */,
				AF15FD472A38197C00805739 /* RERouterVO.m */,
			);
			path = Router;
			sourceTree = "<group>";
		};
		AF15FD512A3836BE00805739 /* Component */ = {
			isa = PBXGroup;
			children = (
				AF15FD5D2A3837A300805739 /* PCWaitview */,
				AF15FD592A38374700805739 /* RectCornerView */,
				AF15FD332A38183500805739 /* Toast */,
				AF15FD522A3836CA00805739 /* PlaceholderView */,
			);
			path = Component;
			sourceTree = "<group>";
		};
		AF15FD522A3836CA00805739 /* PlaceholderView */ = {
			isa = PBXGroup;
			children = (
				AF15FD562A3836D600805739 /* REErrorView.h */,
				AF15FD542A3836D500805739 /* REErrorView.m */,
				AF15FD552A3836D500805739 /* UIView+REAddErrorView.h */,
				AF15FD532A3836D400805739 /* UIView+REAddErrorView.m */,
			);
			path = PlaceholderView;
			sourceTree = "<group>";
		};
		AF15FD592A38374700805739 /* RectCornerView */ = {
			isa = PBXGroup;
			children = (
				AF15FD5B2A38375300805739 /* RERectCornerView.h */,
				AF15FD5A2A38375200805739 /* RERectCornerView.m */,
			);
			path = RectCornerView;
			sourceTree = "<group>";
		};
		AF15FD5D2A3837A300805739 /* PCWaitview */ = {
			isa = PBXGroup;
			children = (
				AF15FD5F2A3837AD00805739 /* PNCGifWaitView.h */,
				AF15FD5E2A3837AD00805739 /* PNCGifWaitView.m */,
			);
			path = PCWaitview;
			sourceTree = "<group>";
		};
		AF15FD612A3837F900805739 /* Setting */ = {
			isa = PBXGroup;
			children = (
				AF15FD622A38380D00805739 /* RESettingViewController.h */,
				AF15FD632A38380D00805739 /* RESettingViewController.m */,
			);
			path = Setting;
			sourceTree = "<group>";
		};
		AFC07F322A380C2E009D6578 /* Classes */ = {
			isa = PBXGroup;
			children = (
				AF15FD512A3836BE00805739 /* Component */,
				AFC07FC12A3816AF009D6578 /* BaseDefine */,
				AFC07FBD2A3814C4009D6578 /* Crypt */,
				AFC07FA12A3813A9009D6578 /* Network */,
				AFC07F882A381151009D6578 /* Function */,
				AFC07F632A3810AE009D6578 /* Category */,
				AFC07F542A380EC7009D6578 /* Global */,
				AFC07F342A380CD0009D6578 /* Third */,
				AFC07F332A380CC2009D6578 /* Pages */,
			);
			path = Classes;
			sourceTree = "<group>";
		};
		AFC07F332A380CC2009D6578 /* Pages */ = {
			isa = PBXGroup;
			children = (
				AFC07FB22A3813E2009D6578 /* Login */,
				AFC07F492A380DDD009D6578 /* MainTab */,
				AFC07F452A380DBD009D6578 /* News */,
				AFC07F412A380DA0009D6578 /* Stroll */,
				AFC07F3D2A380D56009D6578 /* Mine */,
				AFC07F392A380D39009D6578 /* ShopCart */,
				AFC07F352A380CDC009D6578 /* Home */,
			);
			path = Pages;
			sourceTree = "<group>";
		};
		AFC07F342A380CD0009D6578 /* Third */ = {
			isa = PBXGroup;
			children = (
			);
			path = Third;
			sourceTree = "<group>";
		};
		AFC07F352A380CDC009D6578 /* Home */ = {
			isa = PBXGroup;
			children = (
				AFC07F362A380D1E009D6578 /* REHomeViewController.h */,
				AFC07F372A380D1E009D6578 /* REHomeViewController.m */,
			);
			path = Home;
			sourceTree = "<group>";
		};
		AFC07F392A380D39009D6578 /* ShopCart */ = {
			isa = PBXGroup;
			children = (
				AFC07F3A2A380D51009D6578 /* REShopCartViewController.h */,
				AFC07F3B2A380D51009D6578 /* REShopCartViewController.m */,
			);
			path = ShopCart;
			sourceTree = "<group>";
		};
		AFC07F3D2A380D56009D6578 /* Mine */ = {
			isa = PBXGroup;
			children = (
				AFC07F3E2A380D67009D6578 /* REMineViewController.h */,
				AFC07F3F2A380D67009D6578 /* REMineViewController.m */,
				AF15FD612A3837F900805739 /* Setting */,
			);
			path = Mine;
			sourceTree = "<group>";
		};
		AFC07F412A380DA0009D6578 /* Stroll */ = {
			isa = PBXGroup;
			children = (
				AFC07F422A380DB1009D6578 /* REStrollViewController.h */,
				AFC07F432A380DB1009D6578 /* REStrollViewController.m */,
			);
			path = Stroll;
			sourceTree = "<group>";
		};
		AFC07F452A380DBD009D6578 /* News */ = {
			isa = PBXGroup;
			children = (
				AFC07F462A380DCB009D6578 /* RENewsViewController.h */,
				AFC07F472A380DCB009D6578 /* RENewsViewController.m */,
			);
			path = News;
			sourceTree = "<group>";
		};
		AFC07F492A380DDD009D6578 /* MainTab */ = {
			isa = PBXGroup;
			children = (
				AFC07F4F2A380E04009D6578 /* REUINavigationController.h */,
				AFC07F4E2A380E04009D6578 /* REUINavigationController.m */,
				AFC07F4D2A380E04009D6578 /* REUITabBar.h */,
				AFC07F4B2A380E03009D6578 /* REUITabBar.m */,
				AFC07F4A2A380E03009D6578 /* REUITabBarController.h */,
				AFC07F4C2A380E03009D6578 /* REUITabBarController.m */,
			);
			path = MainTab;
			sourceTree = "<group>";
		};
		AFC07F542A380EC7009D6578 /* Global */ = {
			isa = PBXGroup;
			children = (
				AF15FD312A3817EF00805739 /* RETools.h */,
				AF15FD302A3817EF00805739 /* RETools.m */,
				AFC07F982A3811A4009D6578 /* HJClientInfo.h */,
				AFC07F972A3811A4009D6578 /* HJClientInfo.m */,
				AFC07F992A3811A4009D6578 /* RECacheManger.h */,
				AFC07F9A2A3811A5009D6578 /* RECacheManger.m */,
				AFC07F612A380FCB009D6578 /* REGlobal.h */,
				AFC07F602A380FCB009D6578 /* REGlobal.m */,
				AFC07FBA2A381486009D6578 /* REDataManagement.h */,
				AFC07FBB2A381487009D6578 /* REDataManagement.m */,
				AFC07F552A380ED3009D6578 /* Models */,
			);
			path = Global;
			sourceTree = "<group>";
		};
		AFC07F552A380ED3009D6578 /* Models */ = {
			isa = PBXGroup;
			children = (
				AFC07F5B2A380EE9009D6578 /* REMerchantModel.h */,
				AFC07F572A380EE8009D6578 /* REMerchantModel.m */,
				AFC07F592A380EE9009D6578 /* REPrivacyAgreementModel.h */,
				AFC07F5A2A380EE9009D6578 /* REPrivacyAgreementModel.m */,
				AFC07F562A380EE8009D6578 /* REUser.h */,
				AFC07F582A380EE9009D6578 /* REUser.m */,
			);
			path = Models;
			sourceTree = "<group>";
		};
		AFC07F632A3810AE009D6578 /* Category */ = {
			isa = PBXGroup;
			children = (
				AFC07F642A3810AE009D6578 /* NSDictionary */,
				AFC07F692A3810AE009D6578 /* Others */,
				AFC07F702A3810AE009D6578 /* NSString */,
				AFC07F732A3810AE009D6578 /* VC */,
				AFC07F782A3810AE009D6578 /* NSArray */,
				AFC07F7B2A3810AE009D6578 /* NSObject */,
			);
			path = Category;
			sourceTree = "<group>";
		};
		AFC07F642A3810AE009D6578 /* NSDictionary */ = {
			isa = PBXGroup;
			children = (
				AFC07F652A3810AE009D6578 /* NSDictionary+RE.h */,
				AFC07F672A3810AE009D6578 /* NSDictionary+RE.m */,
				AFC07F682A3810AE009D6578 /* NSMutableDictionary+RE.h */,
				AFC07F662A3810AE009D6578 /* NSMutableDictionary+RE.m */,
			);
			path = NSDictionary;
			sourceTree = "<group>";
		};
		AFC07F692A3810AE009D6578 /* Others */ = {
			isa = PBXGroup;
			children = (
				AFC07F6E2A3810AE009D6578 /* NSData+RE.h */,
				AFC07F6B2A3810AE009D6578 /* NSData+RE.m */,
				AFC07F6C2A3810AE009D6578 /* NSError+RE.h */,
				AFC07F6D2A3810AE009D6578 /* NSError+RE.m */,
				AFC07F6F2A3810AE009D6578 /* UIDevice+IdentifierAddition.h */,
				AFC07F6A2A3810AE009D6578 /* UIDevice+IdentifierAddition.m */,
			);
			path = Others;
			sourceTree = "<group>";
		};
		AFC07F702A3810AE009D6578 /* NSString */ = {
			isa = PBXGroup;
			children = (
				AFC07F722A3810AE009D6578 /* NSString+RE.h */,
				AFC07F712A3810AE009D6578 /* NSString+RE.m */,
			);
			path = NSString;
			sourceTree = "<group>";
		};
		AFC07F732A3810AE009D6578 /* VC */ = {
			isa = PBXGroup;
			children = (
				AFC07F772A3810AE009D6578 /* UIImagePickerController+Blocks.h */,
				AFC07F742A3810AE009D6578 /* UIImagePickerController+Blocks.m */,
			);
			path = VC;
			sourceTree = "<group>";
		};
		AFC07F782A3810AE009D6578 /* NSArray */ = {
			isa = PBXGroup;
			children = (
				AFC07F792A3810AE009D6578 /* NSArray+RE.h */,
				AFC07F7A2A3810AE009D6578 /* NSArray+RE.m */,
			);
			path = NSArray;
			sourceTree = "<group>";
		};
		AFC07F7B2A3810AE009D6578 /* NSObject */ = {
			isa = PBXGroup;
			children = (
				AFC07F7D2A3810AE009D6578 /* NSObject+RE.h */,
				AFC07F7C2A3810AE009D6578 /* NSObject+RE.m */,
			);
			path = NSObject;
			sourceTree = "<group>";
		};
		AFC07F882A381151009D6578 /* Function */ = {
			isa = PBXGroup;
			children = (
				AF15FD3C2A38196000805739 /* RouterManager */,
				AFC07F9D2A3811BA009D6578 /* Reachability */,
				AFC07F932A381188009D6578 /* Json */,
				AFC07F892A38115A009D6578 /* KeychainItemWrapper */,
			);
			path = Function;
			sourceTree = "<group>";
		};
		AFC07F892A38115A009D6578 /* KeychainItemWrapper */ = {
			isa = PBXGroup;
			children = (
				AFC07F8D2A381164009D6578 /* HJKeychain.h */,
				AFC07F8C2A381164009D6578 /* HJKeychain.m */,
				AFC07F8F2A381164009D6578 /* HJKeychainDefine.h */,
				AFC07F8E2A381164009D6578 /* HJKeychainDefine.m */,
				AFC07F8A2A381163009D6578 /* KeychainItemWrapper.h */,
				AFC07F8B2A381163009D6578 /* KeychainItemWrapper.m */,
			);
			path = KeychainItemWrapper;
			sourceTree = "<group>";
		};
		AFC07F932A381188009D6578 /* Json */ = {
			isa = PBXGroup;
			children = (
				AFC07F942A381191009D6578 /* HJJsonKit.h */,
				AFC07F952A381191009D6578 /* HJJsonKit.m */,
			);
			path = Json;
			sourceTree = "<group>";
		};
		AFC07F9D2A3811BA009D6578 /* Reachability */ = {
			isa = PBXGroup;
			children = (
				AFC07F9E2A3811C3009D6578 /* HJReachability.h */,
				AFC07F9F2A3811C3009D6578 /* HJReachability.m */,
			);
			path = Reachability;
			sourceTree = "<group>";
		};
		AFC07FA12A3813A9009D6578 /* Network */ = {
			isa = PBXGroup;
			children = (
				AFC07FAC2A3813BB009D6578 /* KLNetWorkManager.h */,
				AFC07FAA2A3813B9009D6578 /* KLNetWorkManager.m */,
				AFC07FA72A3813B7009D6578 /* KLRequest.h */,
				AFC07FAB2A3813BB009D6578 /* KLRequest.m */,
				AFC07FA82A3813B8009D6578 /* KLRequestGenerator.h */,
				AFC07FA92A3813B8009D6578 /* KLRequestGenerator.m */,
				AFC07FA22A3813B6009D6578 /* KLResponse.h */,
				AFC07FA42A3813B7009D6578 /* KLResponse.m */,
				AFC07FA52A3813B7009D6578 /* KLUploadFile.h */,
				AFC07FA62A3813B7009D6578 /* KLUploadFile.m */,
				AFC07FA32A3813B6009D6578 /* REAPIHeader.h */,
			);
			path = Network;
			sourceTree = "<group>";
		};
		AFC07FB22A3813E2009D6578 /* Login */ = {
			isa = PBXGroup;
			children = (
				AFC07FB62A381403009D6578 /* Util */,
				AFC07FB32A3813F4009D6578 /* RELoginViewController.h */,
				AFC07FB42A3813F4009D6578 /* RELoginViewController.m */,
			);
			path = Login;
			sourceTree = "<group>";
		};
		AFC07FB62A381403009D6578 /* Util */ = {
			isa = PBXGroup;
			children = (
				AFC07FB72A38140D009D6578 /* RELoginUtil.h */,
				AFC07FB82A38140D009D6578 /* RELoginUtil.m */,
			);
			path = Util;
			sourceTree = "<group>";
		};
		AFC07FBD2A3814C4009D6578 /* Crypt */ = {
			isa = PBXGroup;
			children = (
				AFC07FBF2A38150B009D6578 /* DataEncrypt.h */,
				AFC07FBE2A38150B009D6578 /* DataEncrypt.m */,
			);
			path = Crypt;
			sourceTree = "<group>";
		};
		AFC07FC12A3816AF009D6578 /* BaseDefine */ = {
			isa = PBXGroup;
			children = (
				AF15FD2D2A38172600805739 /* NoticeDefine.h */,
				AF15FD2F2A38172700805739 /* RENotificationConfig.h */,
				AF15FD2C2A38172500805739 /* REUIConfig.h */,
				AF15FD2E2A38172700805739 /* UIStyleConfig.h */,
			);
			path = BaseDefine;
			sourceTree = "<group>";
		};
		AFEEC97729F672E500BDED92 = {
			isa = PBXGroup;
			children = (
				AFEEC98229F672E500BDED92 /* DarkStar */,
				AFEEC98129F672E500BDED92 /* Products */,
				ECDFB369609354B23C6530F9 /* Pods */,
				E29706DE2E686BB03C8316B8 /* Frameworks */,
			);
			sourceTree = "<group>";
		};
		AFEEC98129F672E500BDED92 /* Products */ = {
			isa = PBXGroup;
			children = (
				AFEEC98029F672E500BDED92 /* DarkStar.app */,
			);
			name = Products;
			sourceTree = "<group>";
		};
		AFEEC98229F672E500BDED92 /* DarkStar */ = {
			isa = PBXGroup;
			children = (
				AFC07F322A380C2E009D6578 /* Classes */,
				AFEEC98329F672E500BDED92 /* AppDelegate.h */,
				AFEEC98429F672E500BDED92 /* AppDelegate.m */,
				AFEEC98629F672E500BDED92 /* SceneDelegate.h */,
				AFEEC98729F672E500BDED92 /* SceneDelegate.m */,
				AFEEC98929F672E500BDED92 /* ViewController.h */,
				AFEEC98A29F672E500BDED92 /* ViewController.m */,
				AFEEC98C29F672E500BDED92 /* Main.storyboard */,
				AFEEC98F29F672E800BDED92 /* Assets.xcassets */,
				AFEEC99129F672E800BDED92 /* LaunchScreen.storyboard */,
				AFEEC99429F672E800BDED92 /* Info.plist */,
				AFEEC99529F672E800BDED92 /* main.m */,
				AFC07F5F2A380F36009D6578 /* PrefixHeader.pch */,
			);
			path = DarkStar;
			sourceTree = "<group>";
		};
		E29706DE2E686BB03C8316B8 /* Frameworks */ = {
			isa = PBXGroup;
			children = (
				35FF27CD058496C3CB2F0529 /* Pods_DarkStar.framework */,
			);
			name = Frameworks;
			sourceTree = "<group>";
		};
		ECDFB369609354B23C6530F9 /* Pods */ = {
			isa = PBXGroup;
			children = (
				1A378BB58FE22301AD8E0EB0 /* Pods-DarkStar.debug.xcconfig */,
				72DBF1C0DC9A74D76EBF78D6 /* Pods-DarkStar.release.xcconfig */,
			);
			path = Pods;
			sourceTree = "<group>";
		};
/* End PBXGroup section */

/* Begin PBXNativeTarget section */
		AFEEC97F29F672E500BDED92 /* DarkStar */ = {
			isa = PBXNativeTarget;
			buildConfigurationList = AFEEC99929F672E800BDED92 /* Build configuration list for PBXNativeTarget "DarkStar" */;
			buildPhases = (
				71A4B5C7AD254CBBDF7E4581 /* [CP] Check Pods Manifest.lock */,
				AFEEC97C29F672E500BDED92 /* Sources */,
				AFEEC97D29F672E500BDED92 /* Frameworks */,
				AFEEC97E29F672E500BDED92 /* Resources */,
				718C9B7C124A4448C4D96A69 /* [CP] Embed Pods Frameworks */,
			);
			buildRules = (
			);
			dependencies = (
			);
			name = DarkStar;
			productName = DarkStar;
			productReference = AFEEC98029F672E500BDED92 /* DarkStar.app */;
			productType = "com.apple.product-type.application";
		};
/* End PBXNativeTarget section */

/* Begin PBXProject section */
		AFEEC97829F672E500BDED92 /* Project object */ = {
			isa = PBXProject;
			attributes = {
				BuildIndependentTargetsInParallel = 1;
				LastUpgradeCheck = 1330;
				TargetAttributes = {
					AFEEC97F29F672E500BDED92 = {
						CreatedOnToolsVersion = 13.3;
					};
				};
			};
			buildConfigurationList = AFEEC97B29F672E500BDED92 /* Build configuration list for PBXProject "DarkStar" */;
			compatibilityVersion = "Xcode 13.0";
			developmentRegion = en;
			hasScannedForEncodings = 0;
			knownRegions = (
				en,
				Base,
			);
			mainGroup = AFEEC97729F672E500BDED92;
			productRefGroup = AFEEC98129F672E500BDED92 /* Products */;
			projectDirPath = "";
			projectRoot = "";
			targets = (
				AFEEC97F29F672E500BDED92 /* DarkStar */,
			);
		};
/* End PBXProject section */

/* Begin PBXResourcesBuildPhase section */
		AFEEC97E29F672E500BDED92 /* Resources */ = {
			isa = PBXResourcesBuildPhase;
			buildActionMask = 2147483647;
			files = (
				AFEEC99329F672E800BDED92 /* LaunchScreen.storyboard in Resources */,
				AFEEC99029F672E800BDED92 /* Assets.xcassets in Resources */,
				AFEEC98E29F672E500BDED92 /* Main.storyboard in Resources */,
			);
			runOnlyForDeploymentPostprocessing = 0;
		};
/* End PBXResourcesBuildPhase section */

/* Begin PBXShellScriptBuildPhase section */
		718C9B7C124A4448C4D96A69 /* [CP] Embed Pods Frameworks */ = {
			isa = PBXShellScriptBuildPhase;
			buildActionMask = 2147483647;
			files = (
			);
			inputFileListPaths = (
				"${PODS_ROOT}/Target Support Files/Pods-DarkStar/Pods-DarkStar-frameworks-${CONFIGURATION}-input-files.xcfilelist",
			);
			name = "[CP] Embed Pods Frameworks";
			outputFileListPaths = (
				"${PODS_ROOT}/Target Support Files/Pods-DarkStar/Pods-DarkStar-frameworks-${CONFIGURATION}-output-files.xcfilelist",
			);
			runOnlyForDeploymentPostprocessing = 0;
			shellPath = /bin/sh;
			shellScript = "\"${PODS_ROOT}/Target Support Files/Pods-DarkStar/Pods-DarkStar-frameworks.sh\"\n";
			showEnvVarsInLog = 0;
		};
		71A4B5C7AD254CBBDF7E4581 /* [CP] Check Pods Manifest.lock */ = {
			isa = PBXShellScriptBuildPhase;
			buildActionMask = 2147483647;
			files = (
			);
			inputFileListPaths = (
			);
			inputPaths = (
				"${PODS_PODFILE_DIR_PATH}/Podfile.lock",
				"${PODS_ROOT}/Manifest.lock",
			);
			name = "[CP] Check Pods Manifest.lock";
			outputFileListPaths = (
			);
			outputPaths = (
				"$(DERIVED_FILE_DIR)/Pods-DarkStar-checkManifestLockResult.txt",
			);
			runOnlyForDeploymentPostprocessing = 0;
			shellPath = /bin/sh;
			shellScript = "diff \"${PODS_PODFILE_DIR_PATH}/Podfile.lock\" \"${PODS_ROOT}/Manifest.lock\" > /dev/null\nif [ $? != 0 ] ; then\n    # print error to STDERR\n    echo \"error: The sandbox is not in sync with the Podfile.lock. Run 'pod install' or update your CocoaPods installation.\" >&2\n    exit 1\nfi\n# This output is used by Xcode 'outputs' to avoid re-running this script phase.\necho \"SUCCESS\" > \"${SCRIPT_OUTPUT_FILE_0}\"\n";
			showEnvVarsInLog = 0;
		};
/* End PBXShellScriptBuildPhase section */

/* Begin PBXSourcesBuildPhase section */
		AFEEC97C29F672E500BDED92 /* Sources */ = {
			isa = PBXSourcesBuildPhase;
			buildActionMask = 2147483647;
			files = (
				AFC07F7E2A3810AE009D6578 /* NSMutableDictionary+RE.m in Sources */,
				AF15FD602A3837AD00805739 /* PNCGifWaitView.m in Sources */,
				AFEEC98B29F672E500BDED92 /* ViewController.m in Sources */,
				AF15FD482A38197C00805739 /* HJMappingVO.m in Sources */,
				AFC07F442A380DB1009D6578 /* REStrollViewController.m in Sources */,
				AFC07F7F2A3810AF009D6578 /* NSDictionary+RE.m in Sources */,
				AFC07F522A380E04009D6578 /* REUINavigationController.m in Sources */,
				AFC07F502A380E04009D6578 /* REUITabBar.m in Sources */,
				AF15FD362A38183E00805739 /* NSObject+RETip.m in Sources */,
				AFC07F842A3810AF009D6578 /* UIImagePickerController+Blocks.m in Sources */,
				AFC07F5C2A380EE9009D6578 /* REMerchantModel.m in Sources */,
				AF15FD4F2A381C5100805739 /* UIViewController+RERouter.m in Sources */,
				AFC07F812A3810AF009D6578 /* NSData+RE.m in Sources */,
				AFC07FC02A38150B009D6578 /* DataEncrypt.m in Sources */,
				AFC07FB02A3813BB009D6578 /* KLNetWorkManager.m in Sources */,
				AFC07F5D2A380EE9009D6578 /* REUser.m in Sources */,
				AFEEC98529F672E500BDED92 /* AppDelegate.m in Sources */,
				AFC07F832A3810AF009D6578 /* NSString+RE.m in Sources */,
				AFC07F872A3810AF009D6578 /* NSObject+RE.m in Sources */,
				AFEEC99629F672E800BDED92 /* main.m in Sources */,
				AFC07F922A381164009D6578 /* HJKeychainDefine.m in Sources */,
				AFC07F9C2A3811A5009D6578 /* RECacheManger.m in Sources */,
				AFC07F3C2A380D52009D6578 /* REShopCartViewController.m in Sources */,
				AF15FD5C2A38375300805739 /* RERectCornerView.m in Sources */,
				AFC07F962A381191009D6578 /* HJJsonKit.m in Sources */,
				AFEEC98829F672E500BDED92 /* SceneDelegate.m in Sources */,
				AF15FD4C2A38197C00805739 /* RERouterVO.m in Sources */,
				AF15FD582A3836D600805739 /* REErrorView.m in Sources */,
				AFC07FB12A3813BB009D6578 /* KLRequest.m in Sources */,
				AFC07FB52A3813F4009D6578 /* RELoginViewController.m in Sources */,
				AFC07F822A3810AF009D6578 /* NSError+RE.m in Sources */,
				AFC07F912A381164009D6578 /* HJKeychain.m in Sources */,
				AFC07FAE2A3813BB009D6578 /* KLUploadFile.m in Sources */,
				AFC07FAD2A3813BB009D6578 /* KLResponse.m in Sources */,
				AFC07F902A381164009D6578 /* KeychainItemWrapper.m in Sources */,
				AFC07F482A380DCB009D6578 /* RENewsViewController.m in Sources */,
				AFC07F5E2A380EE9009D6578 /* REPrivacyAgreementModel.m in Sources */,
				AFC07F382A380D1E009D6578 /* REHomeViewController.m in Sources */,
				AFC07F622A380FCB009D6578 /* REGlobal.m in Sources */,
				AF15FD4B2A38197C00805739 /* RERouterDefines.m in Sources */,
				AF15FD642A38380D00805739 /* RESettingViewController.m in Sources */,
				AFC07FBC2A381487009D6578 /* REDataManagement.m in Sources */,
				AFC07F512A380E04009D6578 /* REUITabBarController.m in Sources */,
				AFC07FA02A3811C3009D6578 /* HJReachability.m in Sources */,
				AF15FD4A2A38197C00805739 /* NSString+RERouter.m in Sources */,
				AFC07FAF2A3813BB009D6578 /* KLRequestGenerator.m in Sources */,
				AFC07F402A380D67009D6578 /* REMineViewController.m in Sources */,
				AFC07F9B2A3811A5009D6578 /* HJClientInfo.m in Sources */,
				AFC07F862A3810AF009D6578 /* NSArray+RE.m in Sources */,
				AF15FD492A38197C00805739 /* RERouter.m in Sources */,
				AFC07F802A3810AF009D6578 /* UIDevice+IdentifierAddition.m in Sources */,
				AF15FD322A3817EF00805739 /* RETools.m in Sources */,
				AFC07FB92A38140D009D6578 /* RELoginUtil.m in Sources */,
				AF15FD572A3836D600805739 /* UIView+REAddErrorView.m in Sources */,
			);
			runOnlyForDeploymentPostprocessing = 0;
		};
/* End PBXSourcesBuildPhase section */

/* Begin PBXVariantGroup section */
		AFEEC98C29F672E500BDED92 /* Main.storyboard */ = {
			isa = PBXVariantGroup;
			children = (
				AFEEC98D29F672E500BDED92 /* Base */,
			);
			name = Main.storyboard;
			sourceTree = "<group>";
		};
		AFEEC99129F672E800BDED92 /* LaunchScreen.storyboard */ = {
			isa = PBXVariantGroup;
			children = (
				AFEEC99229F672E800BDED92 /* Base */,
			);
			name = LaunchScreen.storyboard;
			sourceTree = "<group>";
		};
/* End PBXVariantGroup section */

/* Begin XCBuildConfiguration section */
		AFEEC99729F672E800BDED92 /* Debug */ = {
			isa = XCBuildConfiguration;
			buildSettings = {
				ALWAYS_SEARCH_USER_PATHS = NO;
				CLANG_ANALYZER_NONNULL = YES;
				CLANG_ANALYZER_NUMBER_OBJECT_CONVERSION = YES_AGGRESSIVE;
				CLANG_CXX_LANGUAGE_STANDARD = "gnu++17";
				CLANG_ENABLE_MODULES = YES;
				CLANG_ENABLE_OBJC_ARC = YES;
				CLANG_ENABLE_OBJC_WEAK = YES;
				CLANG_WARN_BLOCK_CAPTURE_AUTORELEASING = YES;
				CLANG_WARN_BOOL_CONVERSION = YES;
				CLANG_WARN_COMMA = YES;
				CLANG_WARN_CONSTANT_CONVERSION = YES;
				CLANG_WARN_DEPRECATED_OBJC_IMPLEMENTATIONS = YES;
				CLANG_WARN_DIRECT_OBJC_ISA_USAGE = YES_ERROR;
				CLANG_WARN_DOCUMENTATION_COMMENTS = YES;
				CLANG_WARN_EMPTY_BODY = YES;
				CLANG_WARN_ENUM_CONVERSION = YES;
				CLANG_WARN_INFINITE_RECURSION = YES;
				CLANG_WARN_INT_CONVERSION = YES;
				CLANG_WARN_NON_LITERAL_NULL_CONVERSION = YES;
				CLANG_WARN_OBJC_IMPLICIT_RETAIN_SELF = YES;
				CLANG_WARN_OBJC_LITERAL_CONVERSION = YES;
				CLANG_WARN_OBJC_ROOT_CLASS = YES_ERROR;
				CLANG_WARN_QUOTED_INCLUDE_IN_FRAMEWORK_HEADER = YES;
				CLANG_WARN_RANGE_LOOP_ANALYSIS = YES;
				CLANG_WARN_STRICT_PROTOTYPES = YES;
				CLANG_WARN_SUSPICIOUS_MOVE = YES;
				CLANG_WARN_UNGUARDED_AVAILABILITY = YES_AGGRESSIVE;
				CLANG_WARN_UNREACHABLE_CODE = YES;
				CLANG_WARN__DUPLICATE_METHOD_MATCH = YES;
				COPY_PHASE_STRIP = NO;
				DEBUG_INFORMATION_FORMAT = dwarf;
				ENABLE_STRICT_OBJC_MSGSEND = YES;
				ENABLE_TESTABILITY = YES;
				GCC_C_LANGUAGE_STANDARD = gnu11;
				GCC_DYNAMIC_NO_PIC = NO;
				GCC_NO_COMMON_BLOCKS = YES;
				GCC_OPTIMIZATION_LEVEL = 0;
				GCC_PREPROCESSOR_DEFINITIONS = (
					"DEBUG=1",
					"$(inherited)",
				);
				GCC_WARN_64_TO_32_BIT_CONVERSION = YES;
				GCC_WARN_ABOUT_RETURN_TYPE = YES_ERROR;
				GCC_WARN_UNDECLARED_SELECTOR = YES;
				GCC_WARN_UNINITIALIZED_AUTOS = YES_AGGRESSIVE;
				GCC_WARN_UNUSED_FUNCTION = YES;
				GCC_WARN_UNUSED_VARIABLE = YES;
				IPHONEOS_DEPLOYMENT_TARGET = 10.0;
				MTL_ENABLE_DEBUG_INFO = INCLUDE_SOURCE;
				MTL_FAST_MATH = YES;
				ONLY_ACTIVE_ARCH = YES;
				SDKROOT = iphoneos;
			};
			name = Debug;
		};
		AFEEC99829F672E800BDED92 /* Release */ = {
			isa = XCBuildConfiguration;
			buildSettings = {
				ALWAYS_SEARCH_USER_PATHS = NO;
				CLANG_ANALYZER_NONNULL = YES;
				CLANG_ANALYZER_NUMBER_OBJECT_CONVERSION = YES_AGGRESSIVE;
				CLANG_CXX_LANGUAGE_STANDARD = "gnu++17";
				CLANG_ENABLE_MODULES = YES;
				CLANG_ENABLE_OBJC_ARC = YES;
				CLANG_ENABLE_OBJC_WEAK = YES;
				CLANG_WARN_BLOCK_CAPTURE_AUTORELEASING = YES;
				CLANG_WARN_BOOL_CONVERSION = YES;
				CLANG_WARN_COMMA = YES;
				CLANG_WARN_CONSTANT_CONVERSION = YES;
				CLANG_WARN_DEPRECATED_OBJC_IMPLEMENTATIONS = YES;
				CLANG_WARN_DIRECT_OBJC_ISA_USAGE = YES_ERROR;
				CLANG_WARN_DOCUMENTATION_COMMENTS = YES;
				CLANG_WARN_EMPTY_BODY = YES;
				CLANG_WARN_ENUM_CONVERSION = YES;
				CLANG_WARN_INFINITE_RECURSION = YES;
				CLANG_WARN_INT_CONVERSION = YES;
				CLANG_WARN_NON_LITERAL_NULL_CONVERSION = YES;
				CLANG_WARN_OBJC_IMPLICIT_RETAIN_SELF = YES;
				CLANG_WARN_OBJC_LITERAL_CONVERSION = YES;
				CLANG_WARN_OBJC_ROOT_CLASS = YES_ERROR;
				CLANG_WARN_QUOTED_INCLUDE_IN_FRAMEWORK_HEADER = YES;
				CLANG_WARN_RANGE_LOOP_ANALYSIS = YES;
				CLANG_WARN_STRICT_PROTOTYPES = YES;
				CLANG_WARN_SUSPICIOUS_MOVE = YES;
				CLANG_WARN_UNGUARDED_AVAILABILITY = YES_AGGRESSIVE;
				CLANG_WARN_UNREACHABLE_CODE = YES;
				CLANG_WARN__DUPLICATE_METHOD_MATCH = YES;
				COPY_PHASE_STRIP = NO;
				DEBUG_INFORMATION_FORMAT = "dwarf-with-dsym";
				ENABLE_NS_ASSERTIONS = NO;
				ENABLE_STRICT_OBJC_MSGSEND = YES;
				GCC_C_LANGUAGE_STANDARD = gnu11;
				GCC_NO_COMMON_BLOCKS = YES;
				GCC_WARN_64_TO_32_BIT_CONVERSION = YES;
				GCC_WARN_ABOUT_RETURN_TYPE = YES_ERROR;
				GCC_WARN_UNDECLARED_SELECTOR = YES;
				GCC_WARN_UNINITIALIZED_AUTOS = YES_AGGRESSIVE;
				GCC_WARN_UNUSED_FUNCTION = YES;
				GCC_WARN_UNUSED_VARIABLE = YES;
				IPHONEOS_DEPLOYMENT_TARGET = 10.0;
				MTL_ENABLE_DEBUG_INFO = NO;
				MTL_FAST_MATH = YES;
				SDKROOT = iphoneos;
				VALIDATE_PRODUCT = YES;
			};
			name = Release;
		};
		AFEEC99A29F672E800BDED92 /* Debug */ = {
			isa = XCBuildConfiguration;
			baseConfigurationReference = 1A378BB58FE22301AD8E0EB0 /* Pods-DarkStar.debug.xcconfig */;
			buildSettings = {
				ASSETCATALOG_COMPILER_APPICON_NAME = AppIcon;
				ASSETCATALOG_COMPILER_GLOBAL_ACCENT_COLOR_NAME = AccentColor;
				CLANG_ALLOW_NON_MODULAR_INCLUDES_IN_FRAMEWORK_MODULES = YES;
				CODE_SIGN_STYLE = Automatic;
				CURRENT_PROJECT_VERSION = 1;
				DEVELOPMENT_TEAM = AW8Q659VA8;
				GCC_PREFIX_HEADER = "$(SRCROOT)/DarkStar/PrefixHeader.pch";
				GENERATE_INFOPLIST_FILE = YES;
				INFOPLIST_FILE = DarkStar/Info.plist;
				INFOPLIST_KEY_UIApplicationSupportsIndirectInputEvents = YES;
				INFOPLIST_KEY_UILaunchStoryboardName = LaunchScreen;
				INFOPLIST_KEY_UIMainStoryboardFile = Main;
				INFOPLIST_KEY_UISupportedInterfaceOrientations_iPad = "UIInterfaceOrientationPortrait UIInterfaceOrientationPortraitUpsideDown UIInterfaceOrientationLandscapeLeft UIInterfaceOrientationLandscapeRight";
				INFOPLIST_KEY_UISupportedInterfaceOrientations_iPhone = "UIInterfaceOrientationPortrait UIInterfaceOrientationLandscapeLeft UIInterfaceOrientationLandscapeRight";
				IPHONEOS_DEPLOYMENT_TARGET = 10.0;
				LD_RUNPATH_SEARCH_PATHS = (
					"$(inherited)",
					"@executable_path/Frameworks",
				);
				MARKETING_VERSION = 1.0;
				PRODUCT_BUNDLE_IDENTIFIER = com.oudianyun.DarkStar;
				PRODUCT_NAME = "$(TARGET_NAME)";
				SWIFT_EMIT_LOC_STRINGS = YES;
				TARGETED_DEVICE_FAMILY = "1,2";
			};
			name = Debug;
		};
		AFEEC99B29F672E800BDED92 /* Release */ = {
			isa = XCBuildConfiguration;
			baseConfigurationReference = 72DBF1C0DC9A74D76EBF78D6 /* Pods-DarkStar.release.xcconfig */;
			buildSettings = {
				ASSETCATALOG_COMPILER_APPICON_NAME = AppIcon;
				ASSETCATALOG_COMPILER_GLOBAL_ACCENT_COLOR_NAME = AccentColor;
				CLANG_ALLOW_NON_MODULAR_INCLUDES_IN_FRAMEWORK_MODULES = YES;
				CODE_SIGN_STYLE = Automatic;
				CURRENT_PROJECT_VERSION = 1;
				DEVELOPMENT_TEAM = AW8Q659VA8;
				GCC_PREFIX_HEADER = "$(SRCROOT)/DarkStar/PrefixHeader.pch";
				GENERATE_INFOPLIST_FILE = YES;
				INFOPLIST_FILE = DarkStar/Info.plist;
				INFOPLIST_KEY_UIApplicationSupportsIndirectInputEvents = YES;
				INFOPLIST_KEY_UILaunchStoryboardName = LaunchScreen;
				INFOPLIST_KEY_UIMainStoryboardFile = Main;
				INFOPLIST_KEY_UISupportedInterfaceOrientations_iPad = "UIInterfaceOrientationPortrait UIInterfaceOrientationPortraitUpsideDown UIInterfaceOrientationLandscapeLeft UIInterfaceOrientationLandscapeRight";
				INFOPLIST_KEY_UISupportedInterfaceOrientations_iPhone = "UIInterfaceOrientationPortrait UIInterfaceOrientationLandscapeLeft UIInterfaceOrientationLandscapeRight";
				IPHONEOS_DEPLOYMENT_TARGET = 10.0;
				LD_RUNPATH_SEARCH_PATHS = (
					"$(inherited)",
					"@executable_path/Frameworks",
				);
				MARKETING_VERSION = 1.0;
				PRODUCT_BUNDLE_IDENTIFIER = com.oudianyun.DarkStar;
				PRODUCT_NAME = "$(TARGET_NAME)";
				SWIFT_EMIT_LOC_STRINGS = YES;
				TARGETED_DEVICE_FAMILY = "1,2";
			};
			name = Release;
		};
/* End XCBuildConfiguration section */

/* Begin XCConfigurationList section */
		AFEEC97B29F672E500BDED92 /* Build configuration list for PBXProject "DarkStar" */ = {
			isa = XCConfigurationList;
			buildConfigurations = (
				AFEEC99729F672E800BDED92 /* Debug */,
				AFEEC99829F672E800BDED92 /* Release */,
			);
			defaultConfigurationIsVisible = 0;
			defaultConfigurationName = Release;
		};
		AFEEC99929F672E800BDED92 /* Build configuration list for PBXNativeTarget "DarkStar" */ = {
			isa = XCConfigurationList;
			buildConfigurations = (
				AFEEC99A29F672E800BDED92 /* Debug */,
				AFEEC99B29F672E800BDED92 /* Release */,
			);
			defaultConfigurationIsVisible = 0;
			defaultConfigurationName = Release;
		};
/* End XCConfigurationList section */
	};
	rootObject = AFEEC97829F672E500BDED92 /* Project object */;
}
