PODS:
  - CRJCalendar (0.1.0):
    - FSCalendar
  - DZNEmptyDataSet (1.8.1)
  - FDFullscreenPopGesture (1.1)
  - FSCalendar (2.8.1)
  - IU_Categories (0.1.0):
    - IU_Categories/CALayer (= 0.1.0)
    - IU_Categories/CAShapeLayer (= 0.1.0)
    - IU_Categories/NSBundle (= 0.1.0)
    - IU_Categories/NSString (= 0.1.0)
    - IU_Categories/UIAlertController (= 0.1.0)
    - IU_Categories/UIButton (= 0.1.0)
    - IU_Categories/UIColor (= 0.1.0)
    - IU_Categories/UIImage (= 0.1.0)
    - IU_Categories/UILabel (= 0.1.0)
    - IU_Categories/UITextField (= 0.1.0)
    - IU_Categories/UIView (= 0.1.0)
    - IU_Categories/UIViewController (= 0.1.0)
  - IU_Categories/CALayer (0.1.0)
  - IU_Categories/CAShapeLayer (0.1.0)
  - IU_Categories/NSBundle (0.1.0)
  - IU_Categories/NSString (0.1.0)
  - IU_Categories/UIAlertController (0.1.0)
  - IU_Categories/UIButton (0.1.0)
  - IU_Categories/UIColor (0.1.0)
  - IU_Categories/UIImage (0.1.0)
  - IU_Categories/UILabel (0.1.0)
  - IU_Categories/UITextField (0.1.0):
    - IU_Categories/UIButton
    - IU_Categories/UIView
  - IU_Categories/UIView (0.1.0)
  - IU_Categories/UIViewController (0.1.0)
  - IU_GCD (0.1.0)
  - IU_GeneralTools (0.1.0):
    - IU_GeneralTools/DateFormatter (= 0.1.0)
    - IU_GeneralTools/DeepLinkModel (= 0.1.0)
    - IU_GeneralTools/DeviceInfo (= 0.1.0)
    - IU_GeneralTools/FileManager (= 0.1.0)
    - IU_GeneralTools/IrregularElementsCreator (= 0.1.0)
    - IU_GeneralTools/JailBreakChecker (= 0.1.0)
    - "IU_GeneralTools/NSArray+IndexPath (= 0.1.0)"
    - IU_GeneralTools/NumberFormatter (= 0.1.0)
    - IU_GeneralTools/RegEx (= 0.1.0)
  - IU_GeneralTools/DateFormatter (0.1.0)
  - IU_GeneralTools/DeepLinkModel (0.1.0)
  - IU_GeneralTools/DeviceInfo (0.1.0)
  - IU_GeneralTools/FileManager (0.1.0)
  - IU_GeneralTools/IrregularElementsCreator (0.1.0)
  - IU_GeneralTools/JailBreakChecker (0.1.0)
  - "IU_GeneralTools/NSArray+IndexPath (0.1.0)"
  - IU_GeneralTools/NumberFormatter (0.1.0)
  - IU_GeneralTools/RegEx (0.1.0):
    - RegExCategories
  - IU_HUD (0.1.0):
    - MBProgressHUD
  - IU_MobileFramework (0.1.1):
    - DZNEmptyDataSet
    - FDFullscreenPopGesture
    - IU_Categories
    - IU_GCD
    - IU_GeneralTools
    - IU_HUD
    - Masonry
  - Masonry (1.1.0)
  - MBProgressHUD (1.2.0)
  - MJRefresh (3.5.0)
  - RegExCategories (1.0)

DEPENDENCIES:
  - CRJCalendar (from `../`)
  - IU_Categories
  - IU_GeneralTools
  - IU_MobileFramework
  - MJRefresh

SPEC REPOS:
  trunk:
    - DZNEmptyDataSet
    - FDFullscreenPopGesture
    - FSCalendar
    - IU_Categories
    - IU_GCD
    - IU_GeneralTools
    - IU_HUD
    - IU_MobileFramework
    - Masonry
    - MBProgressHUD
    - MJRefresh
    - RegExCategories

EXTERNAL SOURCES:
  CRJCalendar:
    :path: "../"

SPEC CHECKSUMS:
  CRJCalendar: fba55a6a6eed0fa71a9d8a5c81d395713ab054fa
  DZNEmptyDataSet: 9525833b9e68ac21c30253e1d3d7076cc828eaa7
  FDFullscreenPopGesture: a8a620179e3d9c40e8e00256dcee1c1a27c6d0f0
  FSCalendar: 5245140456fcbcac5824c203b98bd8068bdfee1a
  IU_Categories: 31007339adf12b07d901dfa816ff94b18265585f
  IU_GCD: 7e3d3bbeb41bc30809e10b794c337537028e758e
  IU_GeneralTools: 358e2dc77de91fa235b1c6271a9960c499c269f5
  IU_HUD: ce913c680fcff881e3bd8f710760b4f29519e95a
  IU_MobileFramework: 73e2a9aaad0016571cf79d6c0568b69b7c8180cf
  Masonry: 678fab65091a9290e40e2832a55e7ab731aad201
  MBProgressHUD: 3ee5efcc380f6a79a7cc9b363dd669c5e1ae7406
  MJRefresh: 6afc955813966afb08305477dd7a0d9ad5e79a16
  RegExCategories: e68befacacd5bda853c88f70ec745cb2d0cfb89c

PODFILE CHECKSUM: 538ba62e169c7df5d9932343cf58d3f01f75c265

COCOAPODS: 1.10.1
