// !$*UTF8*$!
{
	archiveVersion = 1;
	classes = {
	};
	objectVersion = 55;
	objects = {

/* Begin PBXBuildFile section */
		AFFA09232AB9A233008D2CAD /* AppDelegate.m in Sources */ = {isa = PBXBuildFile; fileRef = AFFA09222AB9A233008D2CAD /* AppDelegate.m */; };
		AFFA09262AB9A233008D2CAD /* SceneDelegate.m in Sources */ = {isa = PBXBuildFile; fileRef = AFFA09252AB9A233008D2CAD /* SceneDelegate.m */; };
		AFFA09292AB9A233008D2CAD /* ViewController.m in Sources */ = {isa = PBXBuildFile; fileRef = AFFA09282AB9A233008D2CAD /* ViewController.m */; };
		AFFA092C2AB9A233008D2CAD /* Main.storyboard in Resources */ = {isa = PBXBuildFile; fileRef = AFFA092A2AB9A233008D2CAD /* Main.storyboard */; };
		AFFA092E2AB9A235008D2CAD /* Assets.xcassets in Resources */ = {isa = PBXBuildFile; fileRef = AFFA092D2AB9A235008D2CAD /* Assets.xcassets */; };
		AFFA09312AB9A235008D2CAD /* LaunchScreen.storyboard in Resources */ = {isa = PBXBuildFile; fileRef = AFFA092F2AB9A235008D2CAD /* LaunchScreen.storyboard */; };
		AFFA09342AB9A235008D2CAD /* main.m in Sources */ = {isa = PBXBuildFile; fileRef = AFFA09332AB9A235008D2CAD /* main.m */; };
		AFFA09EF2AB9A6A8008D2CAD /* DataEncrypt.m in Sources */ = {isa = PBXBuildFile; fileRef = AFFA09752AB9A6A7008D2CAD /* DataEncrypt.m */; };
		AFFA09F02AB9A6A8008D2CAD /* KLUploadFile.m in Sources */ = {isa = PBXBuildFile; fileRef = AFFA09782AB9A6A7008D2CAD /* KLUploadFile.m */; };
		AFFA09F12AB9A6A8008D2CAD /* KLResponse.m in Sources */ = {isa = PBXBuildFile; fileRef = AFFA09792AB9A6A7008D2CAD /* KLResponse.m */; };
		AFFA09F22AB9A6A8008D2CAD /* KLRequest.m in Sources */ = {isa = PBXBuildFile; fileRef = AFFA097A2AB9A6A7008D2CAD /* KLRequest.m */; };
		AFFA09F32AB9A6A8008D2CAD /* KLRequestGenerator.m in Sources */ = {isa = PBXBuildFile; fileRef = AFFA097C2AB9A6A7008D2CAD /* KLRequestGenerator.m */; };
		AFFA09F42AB9A6A8008D2CAD /* KLNetWorkManager.m in Sources */ = {isa = PBXBuildFile; fileRef = AFFA09822AB9A6A7008D2CAD /* KLNetWorkManager.m */; };
		AFFA0A052AB9A6A8008D2CAD /* REHomeViewController.m in Sources */ = {isa = PBXBuildFile; fileRef = AFFA09B12AB9A6A7008D2CAD /* REHomeViewController.m */; };
		AFFA0A062AB9A6A8008D2CAD /* REStrollViewController.m in Sources */ = {isa = PBXBuildFile; fileRef = AFFA09B52AB9A6A7008D2CAD /* REStrollViewController.m */; };
		AFFA0A072AB9A6A8008D2CAD /* REShopCartViewController.m in Sources */ = {isa = PBXBuildFile; fileRef = AFFA09B82AB9A6A7008D2CAD /* REShopCartViewController.m */; };
		AFFA0A082AB9A6A8008D2CAD /* RENewsViewController.m in Sources */ = {isa = PBXBuildFile; fileRef = AFFA09BA2AB9A6A7008D2CAD /* RENewsViewController.m */; };
		AFFA0A092AB9A6A8008D2CAD /* REMineViewController.m in Sources */ = {isa = PBXBuildFile; fileRef = AFFA09BE2AB9A6A8008D2CAD /* REMineViewController.m */; };
		AFFA0A0A2AB9A6A8008D2CAD /* RESettingViewController.m in Sources */ = {isa = PBXBuildFile; fileRef = AFFA09C12AB9A6A8008D2CAD /* RESettingViewController.m */; };
		AFFA0A0B2AB9A6A8008D2CAD /* REUITabBarController.m in Sources */ = {isa = PBXBuildFile; fileRef = AFFA09C32AB9A6A8008D2CAD /* REUITabBarController.m */; };
		AFFA0A0C2AB9A6A8008D2CAD /* REUITabBar.m in Sources */ = {isa = PBXBuildFile; fileRef = AFFA09C42AB9A6A8008D2CAD /* REUITabBar.m */; };
		AFFA0A0D2AB9A6A8008D2CAD /* REUINavigationController.m in Sources */ = {isa = PBXBuildFile; fileRef = AFFA09C52AB9A6A8008D2CAD /* REUINavigationController.m */; };
		AFFA0A112AB9A6A8008D2CAD /* REGlobal.m in Sources */ = {isa = PBXBuildFile; fileRef = AFFA09D22AB9A6A8008D2CAD /* REGlobal.m */; };
		F0B598C0EBB794000805254D /* Pods_DSDemo_OC.framework in Frameworks */ = {isa = PBXBuildFile; fileRef = F19212673F58B728C025538F /* Pods_DSDemo_OC.framework */; };
/* End PBXBuildFile section */

/* Begin PBXFileReference section */
		59BCF3E3FB7F0164776EF12A /* Pods-DSDemo-OC.debug.xcconfig */ = {isa = PBXFileReference; includeInIndex = 1; lastKnownFileType = text.xcconfig; name = "Pods-DSDemo-OC.debug.xcconfig"; path = "Target Support Files/Pods-DSDemo-OC/Pods-DSDemo-OC.debug.xcconfig"; sourceTree = "<group>"; };
		925B340A2AEDC3EB80B7230A /* Pods-DSDemo-OC.release.xcconfig */ = {isa = PBXFileReference; includeInIndex = 1; lastKnownFileType = text.xcconfig; name = "Pods-DSDemo-OC.release.xcconfig"; path = "Target Support Files/Pods-DSDemo-OC/Pods-DSDemo-OC.release.xcconfig"; sourceTree = "<group>"; };
		AFFA091E2AB9A233008D2CAD /* DSDemo-OC.app */ = {isa = PBXFileReference; explicitFileType = wrapper.application; includeInIndex = 0; path = "DSDemo-OC.app"; sourceTree = BUILT_PRODUCTS_DIR; };
		AFFA09212AB9A233008D2CAD /* AppDelegate.h */ = {isa = PBXFileReference; lastKnownFileType = sourcecode.c.h; path = AppDelegate.h; sourceTree = "<group>"; };
		AFFA09222AB9A233008D2CAD /* AppDelegate.m */ = {isa = PBXFileReference; lastKnownFileType = sourcecode.c.objc; path = AppDelegate.m; sourceTree = "<group>"; };
		AFFA09242AB9A233008D2CAD /* SceneDelegate.h */ = {isa = PBXFileReference; lastKnownFileType = sourcecode.c.h; path = SceneDelegate.h; sourceTree = "<group>"; };
		AFFA09252AB9A233008D2CAD /* SceneDelegate.m */ = {isa = PBXFileReference; lastKnownFileType = sourcecode.c.objc; path = SceneDelegate.m; sourceTree = "<group>"; };
		AFFA09272AB9A233008D2CAD /* ViewController.h */ = {isa = PBXFileReference; lastKnownFileType = sourcecode.c.h; path = ViewController.h; sourceTree = "<group>"; };
		AFFA09282AB9A233008D2CAD /* ViewController.m */ = {isa = PBXFileReference; lastKnownFileType = sourcecode.c.objc; path = ViewController.m; sourceTree = "<group>"; };
		AFFA092B2AB9A233008D2CAD /* Base */ = {isa = PBXFileReference; lastKnownFileType = file.storyboard; name = Base; path = Base.lproj/Main.storyboard; sourceTree = "<group>"; };
		AFFA092D2AB9A235008D2CAD /* Assets.xcassets */ = {isa = PBXFileReference; lastKnownFileType = folder.assetcatalog; path = Assets.xcassets; sourceTree = "<group>"; };
		AFFA09302AB9A235008D2CAD /* Base */ = {isa = PBXFileReference; lastKnownFileType = file.storyboard; name = Base; path = Base.lproj/LaunchScreen.storyboard; sourceTree = "<group>"; };
		AFFA09322AB9A235008D2CAD /* Info.plist */ = {isa = PBXFileReference; lastKnownFileType = text.plist.xml; path = Info.plist; sourceTree = "<group>"; };
		AFFA09332AB9A235008D2CAD /* main.m */ = {isa = PBXFileReference; lastKnownFileType = sourcecode.c.objc; path = main.m; sourceTree = "<group>"; };
		AFFA09752AB9A6A7008D2CAD /* DataEncrypt.m */ = {isa = PBXFileReference; fileEncoding = 4; lastKnownFileType = sourcecode.c.objc; path = DataEncrypt.m; sourceTree = "<group>"; };
		AFFA09762AB9A6A7008D2CAD /* DataEncrypt.h */ = {isa = PBXFileReference; fileEncoding = 4; lastKnownFileType = sourcecode.c.h; path = DataEncrypt.h; sourceTree = "<group>"; };
		AFFA09782AB9A6A7008D2CAD /* KLUploadFile.m */ = {isa = PBXFileReference; fileEncoding = 4; lastKnownFileType = sourcecode.c.objc; path = KLUploadFile.m; sourceTree = "<group>"; };
		AFFA09792AB9A6A7008D2CAD /* KLResponse.m */ = {isa = PBXFileReference; fileEncoding = 4; lastKnownFileType = sourcecode.c.objc; path = KLResponse.m; sourceTree = "<group>"; };
		AFFA097A2AB9A6A7008D2CAD /* KLRequest.m */ = {isa = PBXFileReference; fileEncoding = 4; lastKnownFileType = sourcecode.c.objc; path = KLRequest.m; sourceTree = "<group>"; };
		AFFA097B2AB9A6A7008D2CAD /* KLNetWorkManager.h */ = {isa = PBXFileReference; fileEncoding = 4; lastKnownFileType = sourcecode.c.h; path = KLNetWorkManager.h; sourceTree = "<group>"; };
		AFFA097C2AB9A6A7008D2CAD /* KLRequestGenerator.m */ = {isa = PBXFileReference; fileEncoding = 4; lastKnownFileType = sourcecode.c.objc; path = KLRequestGenerator.m; sourceTree = "<group>"; };
		AFFA097D2AB9A6A7008D2CAD /* KLRequest.h */ = {isa = PBXFileReference; fileEncoding = 4; lastKnownFileType = sourcecode.c.h; path = KLRequest.h; sourceTree = "<group>"; };
		AFFA097E2AB9A6A7008D2CAD /* KLResponse.h */ = {isa = PBXFileReference; fileEncoding = 4; lastKnownFileType = sourcecode.c.h; path = KLResponse.h; sourceTree = "<group>"; };
		AFFA097F2AB9A6A7008D2CAD /* KLUploadFile.h */ = {isa = PBXFileReference; fileEncoding = 4; lastKnownFileType = sourcecode.c.h; path = KLUploadFile.h; sourceTree = "<group>"; };
		AFFA09802AB9A6A7008D2CAD /* KLRequestGenerator.h */ = {isa = PBXFileReference; fileEncoding = 4; lastKnownFileType = sourcecode.c.h; path = KLRequestGenerator.h; sourceTree = "<group>"; };
		AFFA09812AB9A6A7008D2CAD /* REAPIHeader.h */ = {isa = PBXFileReference; fileEncoding = 4; lastKnownFileType = sourcecode.c.h; path = REAPIHeader.h; sourceTree = "<group>"; };
		AFFA09822AB9A6A7008D2CAD /* KLNetWorkManager.m */ = {isa = PBXFileReference; fileEncoding = 4; lastKnownFileType = sourcecode.c.objc; path = KLNetWorkManager.m; sourceTree = "<group>"; };
		AFFA09B12AB9A6A7008D2CAD /* REHomeViewController.m */ = {isa = PBXFileReference; fileEncoding = 4; lastKnownFileType = sourcecode.c.objc; path = REHomeViewController.m; sourceTree = "<group>"; };
		AFFA09B22AB9A6A7008D2CAD /* REHomeViewController.h */ = {isa = PBXFileReference; fileEncoding = 4; lastKnownFileType = sourcecode.c.h; path = REHomeViewController.h; sourceTree = "<group>"; };
		AFFA09B42AB9A6A7008D2CAD /* REStrollViewController.h */ = {isa = PBXFileReference; fileEncoding = 4; lastKnownFileType = sourcecode.c.h; path = REStrollViewController.h; sourceTree = "<group>"; };
		AFFA09B52AB9A6A7008D2CAD /* REStrollViewController.m */ = {isa = PBXFileReference; fileEncoding = 4; lastKnownFileType = sourcecode.c.objc; path = REStrollViewController.m; sourceTree = "<group>"; };
		AFFA09B72AB9A6A7008D2CAD /* REShopCartViewController.h */ = {isa = PBXFileReference; fileEncoding = 4; lastKnownFileType = sourcecode.c.h; path = REShopCartViewController.h; sourceTree = "<group>"; };
		AFFA09B82AB9A6A7008D2CAD /* REShopCartViewController.m */ = {isa = PBXFileReference; fileEncoding = 4; lastKnownFileType = sourcecode.c.objc; path = REShopCartViewController.m; sourceTree = "<group>"; };
		AFFA09BA2AB9A6A7008D2CAD /* RENewsViewController.m */ = {isa = PBXFileReference; fileEncoding = 4; lastKnownFileType = sourcecode.c.objc; path = RENewsViewController.m; sourceTree = "<group>"; };
		AFFA09BB2AB9A6A8008D2CAD /* RENewsViewController.h */ = {isa = PBXFileReference; fileEncoding = 4; lastKnownFileType = sourcecode.c.h; path = RENewsViewController.h; sourceTree = "<group>"; };
		AFFA09BD2AB9A6A8008D2CAD /* REMineViewController.h */ = {isa = PBXFileReference; fileEncoding = 4; lastKnownFileType = sourcecode.c.h; path = REMineViewController.h; sourceTree = "<group>"; };
		AFFA09BE2AB9A6A8008D2CAD /* REMineViewController.m */ = {isa = PBXFileReference; fileEncoding = 4; lastKnownFileType = sourcecode.c.objc; path = REMineViewController.m; sourceTree = "<group>"; };
		AFFA09C02AB9A6A8008D2CAD /* RESettingViewController.h */ = {isa = PBXFileReference; fileEncoding = 4; lastKnownFileType = sourcecode.c.h; path = RESettingViewController.h; sourceTree = "<group>"; };
		AFFA09C12AB9A6A8008D2CAD /* RESettingViewController.m */ = {isa = PBXFileReference; fileEncoding = 4; lastKnownFileType = sourcecode.c.objc; path = RESettingViewController.m; sourceTree = "<group>"; };
		AFFA09C32AB9A6A8008D2CAD /* REUITabBarController.m */ = {isa = PBXFileReference; fileEncoding = 4; lastKnownFileType = sourcecode.c.objc; path = REUITabBarController.m; sourceTree = "<group>"; };
		AFFA09C42AB9A6A8008D2CAD /* REUITabBar.m */ = {isa = PBXFileReference; fileEncoding = 4; lastKnownFileType = sourcecode.c.objc; path = REUITabBar.m; sourceTree = "<group>"; };
		AFFA09C52AB9A6A8008D2CAD /* REUINavigationController.m */ = {isa = PBXFileReference; fileEncoding = 4; lastKnownFileType = sourcecode.c.objc; path = REUINavigationController.m; sourceTree = "<group>"; };
		AFFA09C62AB9A6A8008D2CAD /* REUITabBarController.h */ = {isa = PBXFileReference; fileEncoding = 4; lastKnownFileType = sourcecode.c.h; path = REUITabBarController.h; sourceTree = "<group>"; };
		AFFA09C72AB9A6A8008D2CAD /* REUINavigationController.h */ = {isa = PBXFileReference; fileEncoding = 4; lastKnownFileType = sourcecode.c.h; path = REUINavigationController.h; sourceTree = "<group>"; };
		AFFA09C82AB9A6A8008D2CAD /* REUITabBar.h */ = {isa = PBXFileReference; fileEncoding = 4; lastKnownFileType = sourcecode.c.h; path = REUITabBar.h; sourceTree = "<group>"; };
		AFFA09D22AB9A6A8008D2CAD /* REGlobal.m */ = {isa = PBXFileReference; fileEncoding = 4; lastKnownFileType = sourcecode.c.objc; path = REGlobal.m; sourceTree = "<group>"; };
		AFFA09DE2AB9A6A8008D2CAD /* REGlobal.h */ = {isa = PBXFileReference; fileEncoding = 4; lastKnownFileType = sourcecode.c.h; path = REGlobal.h; sourceTree = "<group>"; };
		AFFA09E22AB9A6A8008D2CAD /* RENotificationConfig.h */ = {isa = PBXFileReference; fileEncoding = 4; lastKnownFileType = sourcecode.c.h; path = RENotificationConfig.h; sourceTree = "<group>"; };
		AFFA09E32AB9A6A8008D2CAD /* NoticeDefine.h */ = {isa = PBXFileReference; fileEncoding = 4; lastKnownFileType = sourcecode.c.h; path = NoticeDefine.h; sourceTree = "<group>"; };
		AFFA09E42AB9A6A8008D2CAD /* REUIConfig.h */ = {isa = PBXFileReference; fileEncoding = 4; lastKnownFileType = sourcecode.c.h; path = REUIConfig.h; sourceTree = "<group>"; };
		AFFA09E52AB9A6A8008D2CAD /* UIStyleConfig.h */ = {isa = PBXFileReference; fileEncoding = 4; lastKnownFileType = sourcecode.c.h; path = UIStyleConfig.h; sourceTree = "<group>"; };
		AFFA0A182AB9A880008D2CAD /* PrefixHeader.pch */ = {isa = PBXFileReference; lastKnownFileType = sourcecode.c.h; path = PrefixHeader.pch; sourceTree = "<group>"; };
		F19212673F58B728C025538F /* Pods_DSDemo_OC.framework */ = {isa = PBXFileReference; explicitFileType = wrapper.framework; includeInIndex = 0; path = Pods_DSDemo_OC.framework; sourceTree = BUILT_PRODUCTS_DIR; };
/* End PBXFileReference section */

/* Begin PBXFrameworksBuildPhase section */
		AFFA091B2AB9A233008D2CAD /* Frameworks */ = {
			isa = PBXFrameworksBuildPhase;
			buildActionMask = 2147483647;
			files = (
				F0B598C0EBB794000805254D /* Pods_DSDemo_OC.framework in Frameworks */,
			);
			runOnlyForDeploymentPostprocessing = 0;
		};
/* End PBXFrameworksBuildPhase section */

/* Begin PBXGroup section */
		5545E3A2488A017CF1EB6F1D /* Pods */ = {
			isa = PBXGroup;
			children = (
				59BCF3E3FB7F0164776EF12A /* Pods-DSDemo-OC.debug.xcconfig */,
				925B340A2AEDC3EB80B7230A /* Pods-DSDemo-OC.release.xcconfig */,
			);
			name = Pods;
			path = ../Pods;
			sourceTree = "<group>";
		};
		57A5ADBDD6496ECC91338A22 /* Frameworks */ = {
			isa = PBXGroup;
			children = (
				F19212673F58B728C025538F /* Pods_DSDemo_OC.framework */,
			);
			name = Frameworks;
			sourceTree = "<group>";
		};
		AFFA09152AB9A233008D2CAD = {
			isa = PBXGroup;
			children = (
				AFFA09202AB9A233008D2CAD /* DSDemo-OC */,
				AFFA091F2AB9A233008D2CAD /* Products */,
				5545E3A2488A017CF1EB6F1D /* Pods */,
				57A5ADBDD6496ECC91338A22 /* Frameworks */,
			);
			sourceTree = "<group>";
		};
		AFFA091F2AB9A233008D2CAD /* Products */ = {
			isa = PBXGroup;
			children = (
				AFFA091E2AB9A233008D2CAD /* DSDemo-OC.app */,
			);
			name = Products;
			sourceTree = "<group>";
		};
		AFFA09202AB9A233008D2CAD /* DSDemo-OC */ = {
			isa = PBXGroup;
			children = (
				AFFA095A2AB9A6A7008D2CAD /* Classes */,
				AFFA09212AB9A233008D2CAD /* AppDelegate.h */,
				AFFA09222AB9A233008D2CAD /* AppDelegate.m */,
				AFFA09242AB9A233008D2CAD /* SceneDelegate.h */,
				AFFA09252AB9A233008D2CAD /* SceneDelegate.m */,
				AFFA09272AB9A233008D2CAD /* ViewController.h */,
				AFFA09282AB9A233008D2CAD /* ViewController.m */,
				AFFA092A2AB9A233008D2CAD /* Main.storyboard */,
				AFFA092D2AB9A235008D2CAD /* Assets.xcassets */,
				AFFA092F2AB9A235008D2CAD /* LaunchScreen.storyboard */,
				AFFA09322AB9A235008D2CAD /* Info.plist */,
				AFFA09332AB9A235008D2CAD /* main.m */,
				AFFA0A182AB9A880008D2CAD /* PrefixHeader.pch */,
			);
			path = "DSDemo-OC";
			sourceTree = "<group>";
		};
		AFFA095A2AB9A6A7008D2CAD /* Classes */ = {
			isa = PBXGroup;
			children = (
				AFFA09742AB9A6A7008D2CAD /* Crypt */,
				AFFA09772AB9A6A7008D2CAD /* Network */,
				AFFA09AF2AB9A6A7008D2CAD /* Pages */,
				AFFA09CF2AB9A6A8008D2CAD /* Global */,
				AFFA09E12AB9A6A8008D2CAD /* BaseDefine */,
			);
			path = Classes;
			sourceTree = "<group>";
		};
		AFFA09742AB9A6A7008D2CAD /* Crypt */ = {
			isa = PBXGroup;
			children = (
				AFFA09762AB9A6A7008D2CAD /* DataEncrypt.h */,
				AFFA09752AB9A6A7008D2CAD /* DataEncrypt.m */,
			);
			path = Crypt;
			sourceTree = "<group>";
		};
		AFFA09772AB9A6A7008D2CAD /* Network */ = {
			isa = PBXGroup;
			children = (
				AFFA097B2AB9A6A7008D2CAD /* KLNetWorkManager.h */,
				AFFA09822AB9A6A7008D2CAD /* KLNetWorkManager.m */,
				AFFA097D2AB9A6A7008D2CAD /* KLRequest.h */,
				AFFA097A2AB9A6A7008D2CAD /* KLRequest.m */,
				AFFA09802AB9A6A7008D2CAD /* KLRequestGenerator.h */,
				AFFA097C2AB9A6A7008D2CAD /* KLRequestGenerator.m */,
				AFFA097E2AB9A6A7008D2CAD /* KLResponse.h */,
				AFFA09792AB9A6A7008D2CAD /* KLResponse.m */,
				AFFA097F2AB9A6A7008D2CAD /* KLUploadFile.h */,
				AFFA09782AB9A6A7008D2CAD /* KLUploadFile.m */,
				AFFA09812AB9A6A7008D2CAD /* REAPIHeader.h */,
			);
			path = Network;
			sourceTree = "<group>";
		};
		AFFA09AF2AB9A6A7008D2CAD /* Pages */ = {
			isa = PBXGroup;
			children = (
				AFFA09B02AB9A6A7008D2CAD /* Home */,
				AFFA09B32AB9A6A7008D2CAD /* Stroll */,
				AFFA09B62AB9A6A7008D2CAD /* ShopCart */,
				AFFA09B92AB9A6A7008D2CAD /* News */,
				AFFA09BC2AB9A6A8008D2CAD /* Mine */,
				AFFA09C22AB9A6A8008D2CAD /* MainTab */,
			);
			path = Pages;
			sourceTree = "<group>";
		};
		AFFA09B02AB9A6A7008D2CAD /* Home */ = {
			isa = PBXGroup;
			children = (
				AFFA09B22AB9A6A7008D2CAD /* REHomeViewController.h */,
				AFFA09B12AB9A6A7008D2CAD /* REHomeViewController.m */,
			);
			path = Home;
			sourceTree = "<group>";
		};
		AFFA09B32AB9A6A7008D2CAD /* Stroll */ = {
			isa = PBXGroup;
			children = (
				AFFA09B42AB9A6A7008D2CAD /* REStrollViewController.h */,
				AFFA09B52AB9A6A7008D2CAD /* REStrollViewController.m */,
			);
			path = Stroll;
			sourceTree = "<group>";
		};
		AFFA09B62AB9A6A7008D2CAD /* ShopCart */ = {
			isa = PBXGroup;
			children = (
				AFFA09B72AB9A6A7008D2CAD /* REShopCartViewController.h */,
				AFFA09B82AB9A6A7008D2CAD /* REShopCartViewController.m */,
			);
			path = ShopCart;
			sourceTree = "<group>";
		};
		AFFA09B92AB9A6A7008D2CAD /* News */ = {
			isa = PBXGroup;
			children = (
				AFFA09BB2AB9A6A8008D2CAD /* RENewsViewController.h */,
				AFFA09BA2AB9A6A7008D2CAD /* RENewsViewController.m */,
			);
			path = News;
			sourceTree = "<group>";
		};
		AFFA09BC2AB9A6A8008D2CAD /* Mine */ = {
			isa = PBXGroup;
			children = (
				AFFA09BD2AB9A6A8008D2CAD /* REMineViewController.h */,
				AFFA09BE2AB9A6A8008D2CAD /* REMineViewController.m */,
				AFFA09BF2AB9A6A8008D2CAD /* Setting */,
			);
			path = Mine;
			sourceTree = "<group>";
		};
		AFFA09BF2AB9A6A8008D2CAD /* Setting */ = {
			isa = PBXGroup;
			children = (
				AFFA09C02AB9A6A8008D2CAD /* RESettingViewController.h */,
				AFFA09C12AB9A6A8008D2CAD /* RESettingViewController.m */,
			);
			path = Setting;
			sourceTree = "<group>";
		};
		AFFA09C22AB9A6A8008D2CAD /* MainTab */ = {
			isa = PBXGroup;
			children = (
				AFFA09C72AB9A6A8008D2CAD /* REUINavigationController.h */,
				AFFA09C52AB9A6A8008D2CAD /* REUINavigationController.m */,
				AFFA09C82AB9A6A8008D2CAD /* REUITabBar.h */,
				AFFA09C42AB9A6A8008D2CAD /* REUITabBar.m */,
				AFFA09C62AB9A6A8008D2CAD /* REUITabBarController.h */,
				AFFA09C32AB9A6A8008D2CAD /* REUITabBarController.m */,
			);
			path = MainTab;
			sourceTree = "<group>";
		};
		AFFA09CF2AB9A6A8008D2CAD /* Global */ = {
			isa = PBXGroup;
			children = (
				AFFA09DE2AB9A6A8008D2CAD /* REGlobal.h */,
				AFFA09D22AB9A6A8008D2CAD /* REGlobal.m */,
			);
			path = Global;
			sourceTree = "<group>";
		};
		AFFA09E12AB9A6A8008D2CAD /* BaseDefine */ = {
			isa = PBXGroup;
			children = (
				AFFA09E22AB9A6A8008D2CAD /* RENotificationConfig.h */,
				AFFA09E32AB9A6A8008D2CAD /* NoticeDefine.h */,
				AFFA09E42AB9A6A8008D2CAD /* REUIConfig.h */,
				AFFA09E52AB9A6A8008D2CAD /* UIStyleConfig.h */,
			);
			path = BaseDefine;
			sourceTree = "<group>";
		};
/* End PBXGroup section */

/* Begin PBXNativeTarget section */
		AFFA091D2AB9A233008D2CAD /* DSDemo-OC */ = {
			isa = PBXNativeTarget;
			buildConfigurationList = AFFA09372AB9A235008D2CAD /* Build configuration list for PBXNativeTarget "DSDemo-OC" */;
			buildPhases = (
				7E3492C60C5AC7F141EEDCA8 /* [CP] Check Pods Manifest.lock */,
				AFFA091A2AB9A233008D2CAD /* Sources */,
				AFFA091B2AB9A233008D2CAD /* Frameworks */,
				AFFA091C2AB9A233008D2CAD /* Resources */,
				EE74023C8292E60367DEB0CF /* [CP] Embed Pods Frameworks */,
			);
			buildRules = (
			);
			dependencies = (
			);
			name = "DSDemo-OC";
			productName = "DSDemo-OC";
			productReference = AFFA091E2AB9A233008D2CAD /* DSDemo-OC.app */;
			productType = "com.apple.product-type.application";
		};
/* End PBXNativeTarget section */

/* Begin PBXProject section */
		AFFA09162AB9A233008D2CAD /* Project object */ = {
			isa = PBXProject;
			attributes = {
				BuildIndependentTargetsInParallel = 1;
				LastUpgradeCheck = 1320;
				TargetAttributes = {
					AFFA091D2AB9A233008D2CAD = {
						CreatedOnToolsVersion = 13.2;
					};
				};
			};
			buildConfigurationList = AFFA09192AB9A233008D2CAD /* Build configuration list for PBXProject "DSDemo-OC" */;
			compatibilityVersion = "Xcode 13.0";
			developmentRegion = en;
			hasScannedForEncodings = 0;
			knownRegions = (
				en,
				Base,
			);
			mainGroup = AFFA09152AB9A233008D2CAD;
			productRefGroup = AFFA091F2AB9A233008D2CAD /* Products */;
			projectDirPath = "";
			projectRoot = "";
			targets = (
				AFFA091D2AB9A233008D2CAD /* DSDemo-OC */,
			);
		};
/* End PBXProject section */

/* Begin PBXResourcesBuildPhase section */
		AFFA091C2AB9A233008D2CAD /* Resources */ = {
			isa = PBXResourcesBuildPhase;
			buildActionMask = 2147483647;
			files = (
				AFFA09312AB9A235008D2CAD /* LaunchScreen.storyboard in Resources */,
				AFFA092E2AB9A235008D2CAD /* Assets.xcassets in Resources */,
				AFFA092C2AB9A233008D2CAD /* Main.storyboard in Resources */,
			);
			runOnlyForDeploymentPostprocessing = 0;
		};
/* End PBXResourcesBuildPhase section */

/* Begin PBXShellScriptBuildPhase section */
		7E3492C60C5AC7F141EEDCA8 /* [CP] Check Pods Manifest.lock */ = {
			isa = PBXShellScriptBuildPhase;
			buildActionMask = 2147483647;
			files = (
			);
			inputFileListPaths = (
			);
			inputPaths = (
				"${PODS_PODFILE_DIR_PATH}/Podfile.lock",
				"${PODS_ROOT}/Manifest.lock",
			);
			name = "[CP] Check Pods Manifest.lock";
			outputFileListPaths = (
			);
			outputPaths = (
				"$(DERIVED_FILE_DIR)/Pods-DSDemo-OC-checkManifestLockResult.txt",
			);
			runOnlyForDeploymentPostprocessing = 0;
			shellPath = /bin/sh;
			shellScript = "diff \"${PODS_PODFILE_DIR_PATH}/Podfile.lock\" \"${PODS_ROOT}/Manifest.lock\" > /dev/null\nif [ $? != 0 ] ; then\n    # print error to STDERR\n    echo \"error: The sandbox is not in sync with the Podfile.lock. Run 'pod install' or update your CocoaPods installation.\" >&2\n    exit 1\nfi\n# This output is used by Xcode 'outputs' to avoid re-running this script phase.\necho \"SUCCESS\" > \"${SCRIPT_OUTPUT_FILE_0}\"\n";
			showEnvVarsInLog = 0;
		};
		EE74023C8292E60367DEB0CF /* [CP] Embed Pods Frameworks */ = {
			isa = PBXShellScriptBuildPhase;
			buildActionMask = 2147483647;
			files = (
			);
			inputFileListPaths = (
				"${PODS_ROOT}/Target Support Files/Pods-DSDemo-OC/Pods-DSDemo-OC-frameworks-${CONFIGURATION}-input-files.xcfilelist",
			);
			name = "[CP] Embed Pods Frameworks";
			outputFileListPaths = (
				"${PODS_ROOT}/Target Support Files/Pods-DSDemo-OC/Pods-DSDemo-OC-frameworks-${CONFIGURATION}-output-files.xcfilelist",
			);
			runOnlyForDeploymentPostprocessing = 0;
			shellPath = /bin/sh;
			shellScript = "\"${PODS_ROOT}/Target Support Files/Pods-DSDemo-OC/Pods-DSDemo-OC-frameworks.sh\"\n";
			showEnvVarsInLog = 0;
		};
/* End PBXShellScriptBuildPhase section */

/* Begin PBXSourcesBuildPhase section */
		AFFA091A2AB9A233008D2CAD /* Sources */ = {
			isa = PBXSourcesBuildPhase;
			buildActionMask = 2147483647;
			files = (
				AFFA0A092AB9A6A8008D2CAD /* REMineViewController.m in Sources */,
				AFFA0A082AB9A6A8008D2CAD /* RENewsViewController.m in Sources */,
				AFFA09292AB9A233008D2CAD /* ViewController.m in Sources */,
				AFFA09F02AB9A6A8008D2CAD /* KLUploadFile.m in Sources */,
				AFFA09232AB9A233008D2CAD /* AppDelegate.m in Sources */,
				AFFA0A112AB9A6A8008D2CAD /* REGlobal.m in Sources */,
				AFFA09342AB9A235008D2CAD /* main.m in Sources */,
				AFFA0A0D2AB9A6A8008D2CAD /* REUINavigationController.m in Sources */,
				AFFA0A0C2AB9A6A8008D2CAD /* REUITabBar.m in Sources */,
				AFFA0A0B2AB9A6A8008D2CAD /* REUITabBarController.m in Sources */,
				AFFA0A0A2AB9A6A8008D2CAD /* RESettingViewController.m in Sources */,
				AFFA0A062AB9A6A8008D2CAD /* REStrollViewController.m in Sources */,
				AFFA09EF2AB9A6A8008D2CAD /* DataEncrypt.m in Sources */,
				AFFA0A052AB9A6A8008D2CAD /* REHomeViewController.m in Sources */,
				AFFA09262AB9A233008D2CAD /* SceneDelegate.m in Sources */,
				AFFA09F32AB9A6A8008D2CAD /* KLRequestGenerator.m in Sources */,
				AFFA09F12AB9A6A8008D2CAD /* KLResponse.m in Sources */,
				AFFA09F42AB9A6A8008D2CAD /* KLNetWorkManager.m in Sources */,
				AFFA09F22AB9A6A8008D2CAD /* KLRequest.m in Sources */,
				AFFA0A072AB9A6A8008D2CAD /* REShopCartViewController.m in Sources */,
			);
			runOnlyForDeploymentPostprocessing = 0;
		};
/* End PBXSourcesBuildPhase section */

/* Begin PBXVariantGroup section */
		AFFA092A2AB9A233008D2CAD /* Main.storyboard */ = {
			isa = PBXVariantGroup;
			children = (
				AFFA092B2AB9A233008D2CAD /* Base */,
			);
			name = Main.storyboard;
			sourceTree = "<group>";
		};
		AFFA092F2AB9A235008D2CAD /* LaunchScreen.storyboard */ = {
			isa = PBXVariantGroup;
			children = (
				AFFA09302AB9A235008D2CAD /* Base */,
			);
			name = LaunchScreen.storyboard;
			sourceTree = "<group>";
		};
/* End PBXVariantGroup section */

/* Begin XCBuildConfiguration section */
		AFFA09352AB9A235008D2CAD /* Debug */ = {
			isa = XCBuildConfiguration;
			buildSettings = {
				ALWAYS_SEARCH_USER_PATHS = NO;
				CLANG_ANALYZER_NONNULL = YES;
				CLANG_ANALYZER_NUMBER_OBJECT_CONVERSION = YES_AGGRESSIVE;
				CLANG_CXX_LANGUAGE_STANDARD = "gnu++17";
				CLANG_CXX_LIBRARY = "libc++";
				CLANG_ENABLE_MODULES = YES;
				CLANG_ENABLE_OBJC_ARC = YES;
				CLANG_ENABLE_OBJC_WEAK = YES;
				CLANG_WARN_BLOCK_CAPTURE_AUTORELEASING = YES;
				CLANG_WARN_BOOL_CONVERSION = YES;
				CLANG_WARN_COMMA = YES;
				CLANG_WARN_CONSTANT_CONVERSION = YES;
				CLANG_WARN_DEPRECATED_OBJC_IMPLEMENTATIONS = YES;
				CLANG_WARN_DIRECT_OBJC_ISA_USAGE = YES_ERROR;
				CLANG_WARN_DOCUMENTATION_COMMENTS = YES;
				CLANG_WARN_EMPTY_BODY = YES;
				CLANG_WARN_ENUM_CONVERSION = YES;
				CLANG_WARN_INFINITE_RECURSION = YES;
				CLANG_WARN_INT_CONVERSION = YES;
				CLANG_WARN_NON_LITERAL_NULL_CONVERSION = YES;
				CLANG_WARN_OBJC_IMPLICIT_RETAIN_SELF = YES;
				CLANG_WARN_OBJC_LITERAL_CONVERSION = YES;
				CLANG_WARN_OBJC_ROOT_CLASS = YES_ERROR;
				CLANG_WARN_QUOTED_INCLUDE_IN_FRAMEWORK_HEADER = YES;
				CLANG_WARN_RANGE_LOOP_ANALYSIS = YES;
				CLANG_WARN_STRICT_PROTOTYPES = YES;
				CLANG_WARN_SUSPICIOUS_MOVE = YES;
				CLANG_WARN_UNGUARDED_AVAILABILITY = YES_AGGRESSIVE;
				CLANG_WARN_UNREACHABLE_CODE = YES;
				CLANG_WARN__DUPLICATE_METHOD_MATCH = YES;
				COPY_PHASE_STRIP = NO;
				DEBUG_INFORMATION_FORMAT = dwarf;
				ENABLE_STRICT_OBJC_MSGSEND = YES;
				ENABLE_TESTABILITY = YES;
				GCC_C_LANGUAGE_STANDARD = gnu11;
				GCC_DYNAMIC_NO_PIC = NO;
				GCC_NO_COMMON_BLOCKS = YES;
				GCC_OPTIMIZATION_LEVEL = 0;
				GCC_PREPROCESSOR_DEFINITIONS = (
					"DEBUG=1",
					"$(inherited)",
				);
				GCC_WARN_64_TO_32_BIT_CONVERSION = YES;
				GCC_WARN_ABOUT_RETURN_TYPE = YES_ERROR;
				GCC_WARN_UNDECLARED_SELECTOR = YES;
				GCC_WARN_UNINITIALIZED_AUTOS = YES_AGGRESSIVE;
				GCC_WARN_UNUSED_FUNCTION = YES;
				GCC_WARN_UNUSED_VARIABLE = YES;
				IPHONEOS_DEPLOYMENT_TARGET = 15.2;
				MTL_ENABLE_DEBUG_INFO = INCLUDE_SOURCE;
				MTL_FAST_MATH = YES;
				ONLY_ACTIVE_ARCH = YES;
				SDKROOT = iphoneos;
			};
			name = Debug;
		};
		AFFA09362AB9A235008D2CAD /* Release */ = {
			isa = XCBuildConfiguration;
			buildSettings = {
				ALWAYS_SEARCH_USER_PATHS = NO;
				CLANG_ANALYZER_NONNULL = YES;
				CLANG_ANALYZER_NUMBER_OBJECT_CONVERSION = YES_AGGRESSIVE;
				CLANG_CXX_LANGUAGE_STANDARD = "gnu++17";
				CLANG_CXX_LIBRARY = "libc++";
				CLANG_ENABLE_MODULES = YES;
				CLANG_ENABLE_OBJC_ARC = YES;
				CLANG_ENABLE_OBJC_WEAK = YES;
				CLANG_WARN_BLOCK_CAPTURE_AUTORELEASING = YES;
				CLANG_WARN_BOOL_CONVERSION = YES;
				CLANG_WARN_COMMA = YES;
				CLANG_WARN_CONSTANT_CONVERSION = YES;
				CLANG_WARN_DEPRECATED_OBJC_IMPLEMENTATIONS = YES;
				CLANG_WARN_DIRECT_OBJC_ISA_USAGE = YES_ERROR;
				CLANG_WARN_DOCUMENTATION_COMMENTS = YES;
				CLANG_WARN_EMPTY_BODY = YES;
				CLANG_WARN_ENUM_CONVERSION = YES;
				CLANG_WARN_INFINITE_RECURSION = YES;
				CLANG_WARN_INT_CONVERSION = YES;
				CLANG_WARN_NON_LITERAL_NULL_CONVERSION = YES;
				CLANG_WARN_OBJC_IMPLICIT_RETAIN_SELF = YES;
				CLANG_WARN_OBJC_LITERAL_CONVERSION = YES;
				CLANG_WARN_OBJC_ROOT_CLASS = YES_ERROR;
				CLANG_WARN_QUOTED_INCLUDE_IN_FRAMEWORK_HEADER = YES;
				CLANG_WARN_RANGE_LOOP_ANALYSIS = YES;
				CLANG_WARN_STRICT_PROTOTYPES = YES;
				CLANG_WARN_SUSPICIOUS_MOVE = YES;
				CLANG_WARN_UNGUARDED_AVAILABILITY = YES_AGGRESSIVE;
				CLANG_WARN_UNREACHABLE_CODE = YES;
				CLANG_WARN__DUPLICATE_METHOD_MATCH = YES;
				COPY_PHASE_STRIP = NO;
				DEBUG_INFORMATION_FORMAT = "dwarf-with-dsym";
				ENABLE_NS_ASSERTIONS = NO;
				ENABLE_STRICT_OBJC_MSGSEND = YES;
				GCC_C_LANGUAGE_STANDARD = gnu11;
				GCC_NO_COMMON_BLOCKS = YES;
				GCC_WARN_64_TO_32_BIT_CONVERSION = YES;
				GCC_WARN_ABOUT_RETURN_TYPE = YES_ERROR;
				GCC_WARN_UNDECLARED_SELECTOR = YES;
				GCC_WARN_UNINITIALIZED_AUTOS = YES_AGGRESSIVE;
				GCC_WARN_UNUSED_FUNCTION = YES;
				GCC_WARN_UNUSED_VARIABLE = YES;
				IPHONEOS_DEPLOYMENT_TARGET = 15.2;
				MTL_ENABLE_DEBUG_INFO = NO;
				MTL_FAST_MATH = YES;
				SDKROOT = iphoneos;
				VALIDATE_PRODUCT = YES;
			};
			name = Release;
		};
		AFFA09382AB9A235008D2CAD /* Debug */ = {
			isa = XCBuildConfiguration;
			baseConfigurationReference = 59BCF3E3FB7F0164776EF12A /* Pods-DSDemo-OC.debug.xcconfig */;
			buildSettings = {
				ASSETCATALOG_COMPILER_APPICON_NAME = AppIcon;
				ASSETCATALOG_COMPILER_GLOBAL_ACCENT_COLOR_NAME = AccentColor;
				CODE_SIGN_STYLE = Automatic;
				CURRENT_PROJECT_VERSION = 1;
				DEVELOPMENT_TEAM = HG6B48G9LT;
				GCC_PREFIX_HEADER = "$(SRCROOT)/DSDemo-OC/PrefixHeader.pch";
				GENERATE_INFOPLIST_FILE = YES;
				INFOPLIST_FILE = "DSDemo-OC/Info.plist";
				INFOPLIST_KEY_UIApplicationSupportsIndirectInputEvents = YES;
				INFOPLIST_KEY_UILaunchStoryboardName = LaunchScreen;
				INFOPLIST_KEY_UIMainStoryboardFile = Main;
				INFOPLIST_KEY_UISupportedInterfaceOrientations_iPad = "UIInterfaceOrientationPortrait UIInterfaceOrientationPortraitUpsideDown UIInterfaceOrientationLandscapeLeft UIInterfaceOrientationLandscapeRight";
				INFOPLIST_KEY_UISupportedInterfaceOrientations_iPhone = "UIInterfaceOrientationPortrait UIInterfaceOrientationLandscapeLeft UIInterfaceOrientationLandscapeRight";
				IPHONEOS_DEPLOYMENT_TARGET = 9.0;
				LD_RUNPATH_SEARCH_PATHS = (
					"$(inherited)",
					"@executable_path/Frameworks",
				);
				MARKETING_VERSION = 1.0;
				PRODUCT_BUNDLE_IDENTIFIER = "com.eee.DSDemo-OC";
				PRODUCT_NAME = "$(TARGET_NAME)";
				SWIFT_EMIT_LOC_STRINGS = YES;
				TARGETED_DEVICE_FAMILY = "1,2";
				USER_HEADER_SEARCH_PATHS = (
					"$(inherited)",
					"$(SRCROOT)/libwebp/src",
				);
			};
			name = Debug;
		};
		AFFA09392AB9A235008D2CAD /* Release */ = {
			isa = XCBuildConfiguration;
			baseConfigurationReference = 925B340A2AEDC3EB80B7230A /* Pods-DSDemo-OC.release.xcconfig */;
			buildSettings = {
				ASSETCATALOG_COMPILER_APPICON_NAME = AppIcon;
				ASSETCATALOG_COMPILER_GLOBAL_ACCENT_COLOR_NAME = AccentColor;
				CODE_SIGN_STYLE = Automatic;
				CURRENT_PROJECT_VERSION = 1;
				DEVELOPMENT_TEAM = HG6B48G9LT;
				GCC_PREFIX_HEADER = "$(SRCROOT)/DSDemo-OC/PrefixHeader.pch";
				GENERATE_INFOPLIST_FILE = YES;
				INFOPLIST_FILE = "DSDemo-OC/Info.plist";
				INFOPLIST_KEY_UIApplicationSupportsIndirectInputEvents = YES;
				INFOPLIST_KEY_UILaunchStoryboardName = LaunchScreen;
				INFOPLIST_KEY_UIMainStoryboardFile = Main;
				INFOPLIST_KEY_UISupportedInterfaceOrientations_iPad = "UIInterfaceOrientationPortrait UIInterfaceOrientationPortraitUpsideDown UIInterfaceOrientationLandscapeLeft UIInterfaceOrientationLandscapeRight";
				INFOPLIST_KEY_UISupportedInterfaceOrientations_iPhone = "UIInterfaceOrientationPortrait UIInterfaceOrientationLandscapeLeft UIInterfaceOrientationLandscapeRight";
				IPHONEOS_DEPLOYMENT_TARGET = 9.0;
				LD_RUNPATH_SEARCH_PATHS = (
					"$(inherited)",
					"@executable_path/Frameworks",
				);
				MARKETING_VERSION = 1.0;
				PRODUCT_BUNDLE_IDENTIFIER = "com.eee.DSDemo-OC";
				PRODUCT_NAME = "$(TARGET_NAME)";
				SWIFT_EMIT_LOC_STRINGS = YES;
				TARGETED_DEVICE_FAMILY = "1,2";
				USER_HEADER_SEARCH_PATHS = (
					"$(inherited)",
					"$(SRCROOT)/libwebp/src",
				);
			};
			name = Release;
		};
/* End XCBuildConfiguration section */

/* Begin XCConfigurationList section */
		AFFA09192AB9A233008D2CAD /* Build configuration list for PBXProject "DSDemo-OC" */ = {
			isa = XCConfigurationList;
			buildConfigurations = (
				AFFA09352AB9A235008D2CAD /* Debug */,
				AFFA09362AB9A235008D2CAD /* Release */,
			);
			defaultConfigurationIsVisible = 0;
			defaultConfigurationName = Release;
		};
		AFFA09372AB9A235008D2CAD /* Build configuration list for PBXNativeTarget "DSDemo-OC" */ = {
			isa = XCConfigurationList;
			buildConfigurations = (
				AFFA09382AB9A235008D2CAD /* Debug */,
				AFFA09392AB9A235008D2CAD /* Release */,
			);
			defaultConfigurationIsVisible = 0;
			defaultConfigurationName = Release;
		};
/* End XCConfigurationList section */
	};
	rootObject = AFFA09162AB9A233008D2CAD /* Project object */;
}
