// !$*UTF8*$!
{
	archiveVersion = 1;
	classes = {
	};
	objectVersion = 55;
	objects = {

/* Begin PBXBuildFile section */
		AFFA09232AB9A233008D2CAD /* AppDelegate.m in Sources */ = {isa = PBXBuildFile; fileRef = AFFA09222AB9A233008D2CAD /* AppDelegate.m */; };
		AFFA09262AB9A233008D2CAD /* SceneDelegate.m in Sources */ = {isa = PBXBuildFile; fileRef = AFFA09252AB9A233008D2CAD /* SceneDelegate.m */; };
		AFFA09292AB9A233008D2CAD /* ViewController.m in Sources */ = {isa = PBXBuildFile; fileRef = AFFA09282AB9A233008D2CAD /* ViewController.m */; };
		AFFA092C2AB9A233008D2CAD /* Main.storyboard in Resources */ = {isa = PBXBuildFile; fileRef = AFFA092A2AB9A233008D2CAD /* Main.storyboard */; };
		AFFA092E2AB9A235008D2CAD /* Assets.xcassets in Resources */ = {isa = PBXBuildFile; fileRef = AFFA092D2AB9A235008D2CAD /* Assets.xcassets */; };
		AFFA09312AB9A235008D2CAD /* LaunchScreen.storyboard in Resources */ = {isa = PBXBuildFile; fileRef = AFFA092F2AB9A235008D2CAD /* LaunchScreen.storyboard */; };
		AFFA09342AB9A235008D2CAD /* main.m in Sources */ = {isa = PBXBuildFile; fileRef = AFFA09332AB9A235008D2CAD /* main.m */; };
		AFFA09EF2AB9A6A8008D2CAD /* DataEncrypt.m in Sources */ = {isa = PBXBuildFile; fileRef = AFFA09752AB9A6A7008D2CAD /* DataEncrypt.m */; };
		AFFA09F02AB9A6A8008D2CAD /* KLUploadFile.m in Sources */ = {isa = PBXBuildFile; fileRef = AFFA09782AB9A6A7008D2CAD /* KLUploadFile.m */; };
		AFFA09F12AB9A6A8008D2CAD /* KLResponse.m in Sources */ = {isa = PBXBuildFile; fileRef = AFFA09792AB9A6A7008D2CAD /* KLResponse.m */; };
		AFFA09F22AB9A6A8008D2CAD /* KLRequest.m in Sources */ = {isa = PBXBuildFile; fileRef = AFFA097A2AB9A6A7008D2CAD /* KLRequest.m */; };
		AFFA09F32AB9A6A8008D2CAD /* KLRequestGenerator.m in Sources */ = {isa = PBXBuildFile; fileRef = AFFA097C2AB9A6A7008D2CAD /* KLRequestGenerator.m */; };
		AFFA09F42AB9A6A8008D2CAD /* KLNetWorkManager.m in Sources */ = {isa = PBXBuildFile; fileRef = AFFA09822AB9A6A7008D2CAD /* KLNetWorkManager.m */; };
		AFFA0A052AB9A6A8008D2CAD /* REHomeViewController.m in Sources */ = {isa = PBXBuildFile; fileRef = AFFA09B12AB9A6A7008D2CAD /* REHomeViewController.m */; };
		AFFA0A062AB9A6A8008D2CAD /* REStrollViewController.m in Sources */ = {isa = PBXBuildFile; fileRef = AFFA09B52AB9A6A7008D2CAD /* REStrollViewController.m */; };
		AFFA0A072AB9A6A8008D2CAD /* REShopCartViewController.m in Sources */ = {isa = PBXBuildFile; fileRef = AFFA09B82AB9A6A7008D2CAD /* REShopCartViewController.m */; };
		AFFA0A082AB9A6A8008D2CAD /* RENewsViewController.m in Sources */ = {isa = PBXBuildFile; fileRef = AFFA09BA2AB9A6A7008D2CAD /* RENewsViewController.m */; };
		AFFA0A092AB9A6A8008D2CAD /* REMineViewController.m in Sources */ = {isa = PBXBuildFile; fileRef = AFFA09BE2AB9A6A8008D2CAD /* REMineViewController.m */; };
		AFFA0A0A2AB9A6A8008D2CAD /* RESettingViewController.m in Sources */ = {isa = PBXBuildFile; fileRef = AFFA09C12AB9A6A8008D2CAD /* RESettingViewController.m */; };
		AFFA0A0B2AB9A6A8008D2CAD /* REUITabBarController.m in Sources */ = {isa = PBXBuildFile; fileRef = AFFA09C32AB9A6A8008D2CAD /* REUITabBarController.m */; };
		AFFA0A0C2AB9A6A8008D2CAD /* REUITabBar.m in Sources */ = {isa = PBXBuildFile; fileRef = AFFA09C42AB9A6A8008D2CAD /* REUITabBar.m */; };
		AFFA0A0D2AB9A6A8008D2CAD /* REUINavigationController.m in Sources */ = {isa = PBXBuildFile; fileRef = AFFA09C52AB9A6A8008D2CAD /* REUINavigationController.m */; };
		AFFA0A112AB9A6A8008D2CAD /* REGlobal.m in Sources */ = {isa = PBXBuildFile; fileRef = AFFA09D22AB9A6A8008D2CAD /* REGlobal.m */; };
		AFFA12162ABBCFBA008D2CAD /* AppDelegate+NetStateRechability.m in Sources */ = {isa = PBXBuildFile; fileRef = AFFA11DD2ABBCFBA008D2CAD /* AppDelegate+NetStateRechability.m */; };
		AFFA12172ABBCFBA008D2CAD /* AMENURLConfig.m in Sources */ = {isa = PBXBuildFile; fileRef = AFFA11E02ABBCFBA008D2CAD /* AMENURLConfig.m */; };
		AFFA12182ABBCFBA008D2CAD /* AppDelegate+AMENMenuItemShortCuts.m in Sources */ = {isa = PBXBuildFile; fileRef = AFFA11E42ABBCFBA008D2CAD /* AppDelegate+AMENMenuItemShortCuts.m */; };
		AFFA12192ABBCFBA008D2CAD /* AMENWidgetkitCalendarMgr.m in Sources */ = {isa = PBXBuildFile; fileRef = AFFA11E82ABBCFBA008D2CAD /* AMENWidgetkitCalendarMgr.m */; };
		AFFA121A2ABBCFBA008D2CAD /* AppDelegate+AMEN3DTouch.m in Sources */ = {isa = PBXBuildFile; fileRef = AFFA11EB2ABBCFBA008D2CAD /* AppDelegate+AMEN3DTouch.m */; };
		AFFA121B2ABBCFBA008D2CAD /* AppDelegate+AMENDataCollection.m in Sources */ = {isa = PBXBuildFile; fileRef = AFFA11ED2ABBCFBA008D2CAD /* AppDelegate+AMENDataCollection.m */; };
		AFFA121C2ABBCFBA008D2CAD /* AMEMDataCacheMgr.m in Sources */ = {isa = PBXBuildFile; fileRef = AFFA11F02ABBCFBA008D2CAD /* AMEMDataCacheMgr.m */; };
		AFFA121D2ABBCFBA008D2CAD /* AMENSystemAdaptMgr.m in Sources */ = {isa = PBXBuildFile; fileRef = AFFA11F42ABBCFBA008D2CAD /* AMENSystemAdaptMgr.m */; };
		AFFA121E2ABBCFBA008D2CAD /* AppDelegate+AMENAdKeyPopups.m in Sources */ = {isa = PBXBuildFile; fileRef = AFFA11F72ABBCFBA008D2CAD /* AppDelegate+AMENAdKeyPopups.m */; };
		AFFA121F2ABBCFBA008D2CAD /* BCMCheckReviewAlert.m in Sources */ = {isa = PBXBuildFile; fileRef = AFFA11FA2ABBCFBA008D2CAD /* BCMCheckReviewAlert.m */; };
		AFFA12202ABBCFBA008D2CAD /* AMENCheckReviewMgr.m in Sources */ = {isa = PBXBuildFile; fileRef = AFFA11FB2ABBCFBA008D2CAD /* AMENCheckReviewMgr.m */; };
		AFFA12212ABBCFBA008D2CAD /* AppDelegate+AMENScreenshotCheck.m in Sources */ = {isa = PBXBuildFile; fileRef = AFFA11FF2ABBCFBA008D2CAD /* AppDelegate+AMENScreenshotCheck.m */; };
		AFFA12222ABBCFBA008D2CAD /* AMENStartAdMgr.m in Sources */ = {isa = PBXBuildFile; fileRef = AFFA12022ABBCFBA008D2CAD /* AMENStartAdMgr.m */; };
		AFFA12232ABBCFBA008D2CAD /* AMENStartAdView.m in Sources */ = {isa = PBXBuildFile; fileRef = AFFA12052ABBCFBA008D2CAD /* AMENStartAdView.m */; };
		AFFA12242ABBCFBA008D2CAD /* AMENLaunchAnimationView.m in Sources */ = {isa = PBXBuildFile; fileRef = AFFA12092ABBCFBA008D2CAD /* AMENLaunchAnimationView.m */; };
		AFFA12252ABBCFBA008D2CAD /* AMENLaunchViewController.m in Sources */ = {isa = PBXBuildFile; fileRef = AFFA120C2ABBCFBA008D2CAD /* AMENLaunchViewController.m */; };
		AFFA12262ABBCFBA008D2CAD /* AMENVersionCompareTool.m in Sources */ = {isa = PBXBuildFile; fileRef = AFFA12112ABBCFBA008D2CAD /* AMENVersionCompareTool.m */; };
		AFFA12272ABBCFBA008D2CAD /* AMENPrivacyView.m in Sources */ = {isa = PBXBuildFile; fileRef = AFFA12122ABBCFBA008D2CAD /* AMENPrivacyView.m */; };
		AFFA12282ABBCFBA008D2CAD /* AMENCheckVersionMgr.m in Sources */ = {isa = PBXBuildFile; fileRef = AFFA12152ABBCFBA008D2CAD /* AMENCheckVersionMgr.m */; };
		F0B598C0EBB794000805254D /* Pods_DSDemo_OC.framework in Frameworks */ = {isa = PBXBuildFile; fileRef = F19212673F58B728C025538F /* Pods_DSDemo_OC.framework */; };
/* End PBXBuildFile section */

/* Begin PBXFileReference section */
		59BCF3E3FB7F0164776EF12A /* Pods-DSDemo-OC.debug.xcconfig */ = {isa = PBXFileReference; includeInIndex = 1; lastKnownFileType = text.xcconfig; name = "Pods-DSDemo-OC.debug.xcconfig"; path = "Target Support Files/Pods-DSDemo-OC/Pods-DSDemo-OC.debug.xcconfig"; sourceTree = "<group>"; };
		925B340A2AEDC3EB80B7230A /* Pods-DSDemo-OC.release.xcconfig */ = {isa = PBXFileReference; includeInIndex = 1; lastKnownFileType = text.xcconfig; name = "Pods-DSDemo-OC.release.xcconfig"; path = "Target Support Files/Pods-DSDemo-OC/Pods-DSDemo-OC.release.xcconfig"; sourceTree = "<group>"; };
		AFFA091E2AB9A233008D2CAD /* DSDemo-OC.app */ = {isa = PBXFileReference; explicitFileType = wrapper.application; includeInIndex = 0; path = "DSDemo-OC.app"; sourceTree = BUILT_PRODUCTS_DIR; };
		AFFA09212AB9A233008D2CAD /* AppDelegate.h */ = {isa = PBXFileReference; lastKnownFileType = sourcecode.c.h; path = AppDelegate.h; sourceTree = "<group>"; };
		AFFA09222AB9A233008D2CAD /* AppDelegate.m */ = {isa = PBXFileReference; lastKnownFileType = sourcecode.c.objc; path = AppDelegate.m; sourceTree = "<group>"; };
		AFFA09242AB9A233008D2CAD /* SceneDelegate.h */ = {isa = PBXFileReference; lastKnownFileType = sourcecode.c.h; path = SceneDelegate.h; sourceTree = "<group>"; };
		AFFA09252AB9A233008D2CAD /* SceneDelegate.m */ = {isa = PBXFileReference; lastKnownFileType = sourcecode.c.objc; path = SceneDelegate.m; sourceTree = "<group>"; };
		AFFA09272AB9A233008D2CAD /* ViewController.h */ = {isa = PBXFileReference; lastKnownFileType = sourcecode.c.h; path = ViewController.h; sourceTree = "<group>"; };
		AFFA09282AB9A233008D2CAD /* ViewController.m */ = {isa = PBXFileReference; lastKnownFileType = sourcecode.c.objc; path = ViewController.m; sourceTree = "<group>"; };
		AFFA092B2AB9A233008D2CAD /* Base */ = {isa = PBXFileReference; lastKnownFileType = file.storyboard; name = Base; path = Base.lproj/Main.storyboard; sourceTree = "<group>"; };
		AFFA092D2AB9A235008D2CAD /* Assets.xcassets */ = {isa = PBXFileReference; lastKnownFileType = folder.assetcatalog; path = Assets.xcassets; sourceTree = "<group>"; };
		AFFA09302AB9A235008D2CAD /* Base */ = {isa = PBXFileReference; lastKnownFileType = file.storyboard; name = Base; path = Base.lproj/LaunchScreen.storyboard; sourceTree = "<group>"; };
		AFFA09322AB9A235008D2CAD /* Info.plist */ = {isa = PBXFileReference; lastKnownFileType = text.plist.xml; path = Info.plist; sourceTree = "<group>"; };
		AFFA09332AB9A235008D2CAD /* main.m */ = {isa = PBXFileReference; lastKnownFileType = sourcecode.c.objc; path = main.m; sourceTree = "<group>"; };
		AFFA09752AB9A6A7008D2CAD /* DataEncrypt.m */ = {isa = PBXFileReference; fileEncoding = 4; lastKnownFileType = sourcecode.c.objc; path = DataEncrypt.m; sourceTree = "<group>"; };
		AFFA09762AB9A6A7008D2CAD /* DataEncrypt.h */ = {isa = PBXFileReference; fileEncoding = 4; lastKnownFileType = sourcecode.c.h; path = DataEncrypt.h; sourceTree = "<group>"; };
		AFFA09782AB9A6A7008D2CAD /* KLUploadFile.m */ = {isa = PBXFileReference; fileEncoding = 4; lastKnownFileType = sourcecode.c.objc; path = KLUploadFile.m; sourceTree = "<group>"; };
		AFFA09792AB9A6A7008D2CAD /* KLResponse.m */ = {isa = PBXFileReference; fileEncoding = 4; lastKnownFileType = sourcecode.c.objc; path = KLResponse.m; sourceTree = "<group>"; };
		AFFA097A2AB9A6A7008D2CAD /* KLRequest.m */ = {isa = PBXFileReference; fileEncoding = 4; lastKnownFileType = sourcecode.c.objc; path = KLRequest.m; sourceTree = "<group>"; };
		AFFA097B2AB9A6A7008D2CAD /* KLNetWorkManager.h */ = {isa = PBXFileReference; fileEncoding = 4; lastKnownFileType = sourcecode.c.h; path = KLNetWorkManager.h; sourceTree = "<group>"; };
		AFFA097C2AB9A6A7008D2CAD /* KLRequestGenerator.m */ = {isa = PBXFileReference; fileEncoding = 4; lastKnownFileType = sourcecode.c.objc; path = KLRequestGenerator.m; sourceTree = "<group>"; };
		AFFA097D2AB9A6A7008D2CAD /* KLRequest.h */ = {isa = PBXFileReference; fileEncoding = 4; lastKnownFileType = sourcecode.c.h; path = KLRequest.h; sourceTree = "<group>"; };
		AFFA097E2AB9A6A7008D2CAD /* KLResponse.h */ = {isa = PBXFileReference; fileEncoding = 4; lastKnownFileType = sourcecode.c.h; path = KLResponse.h; sourceTree = "<group>"; };
		AFFA097F2AB9A6A7008D2CAD /* KLUploadFile.h */ = {isa = PBXFileReference; fileEncoding = 4; lastKnownFileType = sourcecode.c.h; path = KLUploadFile.h; sourceTree = "<group>"; };
		AFFA09802AB9A6A7008D2CAD /* KLRequestGenerator.h */ = {isa = PBXFileReference; fileEncoding = 4; lastKnownFileType = sourcecode.c.h; path = KLRequestGenerator.h; sourceTree = "<group>"; };
		AFFA09812AB9A6A7008D2CAD /* REAPIHeader.h */ = {isa = PBXFileReference; fileEncoding = 4; lastKnownFileType = sourcecode.c.h; path = REAPIHeader.h; sourceTree = "<group>"; };
		AFFA09822AB9A6A7008D2CAD /* KLNetWorkManager.m */ = {isa = PBXFileReference; fileEncoding = 4; lastKnownFileType = sourcecode.c.objc; path = KLNetWorkManager.m; sourceTree = "<group>"; };
		AFFA09B12AB9A6A7008D2CAD /* REHomeViewController.m */ = {isa = PBXFileReference; fileEncoding = 4; lastKnownFileType = sourcecode.c.objc; path = REHomeViewController.m; sourceTree = "<group>"; };
		AFFA09B22AB9A6A7008D2CAD /* REHomeViewController.h */ = {isa = PBXFileReference; fileEncoding = 4; lastKnownFileType = sourcecode.c.h; path = REHomeViewController.h; sourceTree = "<group>"; };
		AFFA09B42AB9A6A7008D2CAD /* REStrollViewController.h */ = {isa = PBXFileReference; fileEncoding = 4; lastKnownFileType = sourcecode.c.h; path = REStrollViewController.h; sourceTree = "<group>"; };
		AFFA09B52AB9A6A7008D2CAD /* REStrollViewController.m */ = {isa = PBXFileReference; fileEncoding = 4; lastKnownFileType = sourcecode.c.objc; path = REStrollViewController.m; sourceTree = "<group>"; };
		AFFA09B72AB9A6A7008D2CAD /* REShopCartViewController.h */ = {isa = PBXFileReference; fileEncoding = 4; lastKnownFileType = sourcecode.c.h; path = REShopCartViewController.h; sourceTree = "<group>"; };
		AFFA09B82AB9A6A7008D2CAD /* REShopCartViewController.m */ = {isa = PBXFileReference; fileEncoding = 4; lastKnownFileType = sourcecode.c.objc; path = REShopCartViewController.m; sourceTree = "<group>"; };
		AFFA09BA2AB9A6A7008D2CAD /* RENewsViewController.m */ = {isa = PBXFileReference; fileEncoding = 4; lastKnownFileType = sourcecode.c.objc; path = RENewsViewController.m; sourceTree = "<group>"; };
		AFFA09BB2AB9A6A8008D2CAD /* RENewsViewController.h */ = {isa = PBXFileReference; fileEncoding = 4; lastKnownFileType = sourcecode.c.h; path = RENewsViewController.h; sourceTree = "<group>"; };
		AFFA09BD2AB9A6A8008D2CAD /* REMineViewController.h */ = {isa = PBXFileReference; fileEncoding = 4; lastKnownFileType = sourcecode.c.h; path = REMineViewController.h; sourceTree = "<group>"; };
		AFFA09BE2AB9A6A8008D2CAD /* REMineViewController.m */ = {isa = PBXFileReference; fileEncoding = 4; lastKnownFileType = sourcecode.c.objc; path = REMineViewController.m; sourceTree = "<group>"; };
		AFFA09C02AB9A6A8008D2CAD /* RESettingViewController.h */ = {isa = PBXFileReference; fileEncoding = 4; lastKnownFileType = sourcecode.c.h; path = RESettingViewController.h; sourceTree = "<group>"; };
		AFFA09C12AB9A6A8008D2CAD /* RESettingViewController.m */ = {isa = PBXFileReference; fileEncoding = 4; lastKnownFileType = sourcecode.c.objc; path = RESettingViewController.m; sourceTree = "<group>"; };
		AFFA09C32AB9A6A8008D2CAD /* REUITabBarController.m */ = {isa = PBXFileReference; fileEncoding = 4; lastKnownFileType = sourcecode.c.objc; path = REUITabBarController.m; sourceTree = "<group>"; };
		AFFA09C42AB9A6A8008D2CAD /* REUITabBar.m */ = {isa = PBXFileReference; fileEncoding = 4; lastKnownFileType = sourcecode.c.objc; path = REUITabBar.m; sourceTree = "<group>"; };
		AFFA09C52AB9A6A8008D2CAD /* REUINavigationController.m */ = {isa = PBXFileReference; fileEncoding = 4; lastKnownFileType = sourcecode.c.objc; path = REUINavigationController.m; sourceTree = "<group>"; };
		AFFA09C62AB9A6A8008D2CAD /* REUITabBarController.h */ = {isa = PBXFileReference; fileEncoding = 4; lastKnownFileType = sourcecode.c.h; path = REUITabBarController.h; sourceTree = "<group>"; };
		AFFA09C72AB9A6A8008D2CAD /* REUINavigationController.h */ = {isa = PBXFileReference; fileEncoding = 4; lastKnownFileType = sourcecode.c.h; path = REUINavigationController.h; sourceTree = "<group>"; };
		AFFA09C82AB9A6A8008D2CAD /* REUITabBar.h */ = {isa = PBXFileReference; fileEncoding = 4; lastKnownFileType = sourcecode.c.h; path = REUITabBar.h; sourceTree = "<group>"; };
		AFFA09D22AB9A6A8008D2CAD /* REGlobal.m */ = {isa = PBXFileReference; fileEncoding = 4; lastKnownFileType = sourcecode.c.objc; path = REGlobal.m; sourceTree = "<group>"; };
		AFFA09DE2AB9A6A8008D2CAD /* REGlobal.h */ = {isa = PBXFileReference; fileEncoding = 4; lastKnownFileType = sourcecode.c.h; path = REGlobal.h; sourceTree = "<group>"; };
		AFFA09E22AB9A6A8008D2CAD /* RENotificationConfig.h */ = {isa = PBXFileReference; fileEncoding = 4; lastKnownFileType = sourcecode.c.h; path = RENotificationConfig.h; sourceTree = "<group>"; };
		AFFA09E32AB9A6A8008D2CAD /* NoticeDefine.h */ = {isa = PBXFileReference; fileEncoding = 4; lastKnownFileType = sourcecode.c.h; path = NoticeDefine.h; sourceTree = "<group>"; };
		AFFA09E42AB9A6A8008D2CAD /* REUIConfig.h */ = {isa = PBXFileReference; fileEncoding = 4; lastKnownFileType = sourcecode.c.h; path = REUIConfig.h; sourceTree = "<group>"; };
		AFFA09E52AB9A6A8008D2CAD /* UIStyleConfig.h */ = {isa = PBXFileReference; fileEncoding = 4; lastKnownFileType = sourcecode.c.h; path = UIStyleConfig.h; sourceTree = "<group>"; };
		AFFA0A182AB9A880008D2CAD /* PrefixHeader.pch */ = {isa = PBXFileReference; lastKnownFileType = sourcecode.c.h; path = PrefixHeader.pch; sourceTree = "<group>"; };
		AFFA11DC2ABBCFBA008D2CAD /* AppDelegate+NetStateRechability.h */ = {isa = PBXFileReference; fileEncoding = 4; lastKnownFileType = sourcecode.c.h; path = "AppDelegate+NetStateRechability.h"; sourceTree = "<group>"; };
		AFFA11DD2ABBCFBA008D2CAD /* AppDelegate+NetStateRechability.m */ = {isa = PBXFileReference; fileEncoding = 4; lastKnownFileType = sourcecode.c.objc; path = "AppDelegate+NetStateRechability.m"; sourceTree = "<group>"; };
		AFFA11DF2ABBCFBA008D2CAD /* AMENURLConfig.h */ = {isa = PBXFileReference; fileEncoding = 4; lastKnownFileType = sourcecode.c.h; path = AMENURLConfig.h; sourceTree = "<group>"; };
		AFFA11E02ABBCFBA008D2CAD /* AMENURLConfig.m */ = {isa = PBXFileReference; fileEncoding = 4; lastKnownFileType = sourcecode.c.objc; path = AMENURLConfig.m; sourceTree = "<group>"; };
		AFFA11E42ABBCFBA008D2CAD /* AppDelegate+AMENMenuItemShortCuts.m */ = {isa = PBXFileReference; fileEncoding = 4; lastKnownFileType = sourcecode.c.objc; path = "AppDelegate+AMENMenuItemShortCuts.m"; sourceTree = "<group>"; };
		AFFA11E52ABBCFBA008D2CAD /* AppDelegate+AMENMenuItemShortCuts.h */ = {isa = PBXFileReference; fileEncoding = 4; lastKnownFileType = sourcecode.c.h; path = "AppDelegate+AMENMenuItemShortCuts.h"; sourceTree = "<group>"; };
		AFFA11E72ABBCFBA008D2CAD /* AMENWidgetkitCalendarMgr.h */ = {isa = PBXFileReference; fileEncoding = 4; lastKnownFileType = sourcecode.c.h; path = AMENWidgetkitCalendarMgr.h; sourceTree = "<group>"; };
		AFFA11E82ABBCFBA008D2CAD /* AMENWidgetkitCalendarMgr.m */ = {isa = PBXFileReference; fileEncoding = 4; lastKnownFileType = sourcecode.c.objc; path = AMENWidgetkitCalendarMgr.m; sourceTree = "<group>"; };
		AFFA11EA2ABBCFBA008D2CAD /* AppDelegate+AMEN3DTouch.h */ = {isa = PBXFileReference; fileEncoding = 4; lastKnownFileType = sourcecode.c.h; path = "AppDelegate+AMEN3DTouch.h"; sourceTree = "<group>"; };
		AFFA11EB2ABBCFBA008D2CAD /* AppDelegate+AMEN3DTouch.m */ = {isa = PBXFileReference; fileEncoding = 4; lastKnownFileType = sourcecode.c.objc; path = "AppDelegate+AMEN3DTouch.m"; sourceTree = "<group>"; };
		AFFA11ED2ABBCFBA008D2CAD /* AppDelegate+AMENDataCollection.m */ = {isa = PBXFileReference; fileEncoding = 4; lastKnownFileType = sourcecode.c.objc; path = "AppDelegate+AMENDataCollection.m"; sourceTree = "<group>"; };
		AFFA11EE2ABBCFBA008D2CAD /* AppDelegate+AMENDataCollection.h */ = {isa = PBXFileReference; fileEncoding = 4; lastKnownFileType = sourcecode.c.h; path = "AppDelegate+AMENDataCollection.h"; sourceTree = "<group>"; };
		AFFA11F02ABBCFBA008D2CAD /* AMEMDataCacheMgr.m */ = {isa = PBXFileReference; fileEncoding = 4; lastKnownFileType = sourcecode.c.objc; path = AMEMDataCacheMgr.m; sourceTree = "<group>"; };
		AFFA11F12ABBCFBA008D2CAD /* AMEMDataCacheMgr.h */ = {isa = PBXFileReference; fileEncoding = 4; lastKnownFileType = sourcecode.c.h; path = AMEMDataCacheMgr.h; sourceTree = "<group>"; };
		AFFA11F32ABBCFBA008D2CAD /* AMENSystemAdaptMgr.h */ = {isa = PBXFileReference; fileEncoding = 4; lastKnownFileType = sourcecode.c.h; path = AMENSystemAdaptMgr.h; sourceTree = "<group>"; };
		AFFA11F42ABBCFBA008D2CAD /* AMENSystemAdaptMgr.m */ = {isa = PBXFileReference; fileEncoding = 4; lastKnownFileType = sourcecode.c.objc; path = AMENSystemAdaptMgr.m; sourceTree = "<group>"; };
		AFFA11F62ABBCFBA008D2CAD /* AppDelegate+AMENAdKeyPopups.h */ = {isa = PBXFileReference; fileEncoding = 4; lastKnownFileType = sourcecode.c.h; path = "AppDelegate+AMENAdKeyPopups.h"; sourceTree = "<group>"; };
		AFFA11F72ABBCFBA008D2CAD /* AppDelegate+AMENAdKeyPopups.m */ = {isa = PBXFileReference; fileEncoding = 4; lastKnownFileType = sourcecode.c.objc; path = "AppDelegate+AMENAdKeyPopups.m"; sourceTree = "<group>"; };
		AFFA11F92ABBCFBA008D2CAD /* AMENCheckReviewMgr.h */ = {isa = PBXFileReference; fileEncoding = 4; lastKnownFileType = sourcecode.c.h; path = AMENCheckReviewMgr.h; sourceTree = "<group>"; };
		AFFA11FA2ABBCFBA008D2CAD /* BCMCheckReviewAlert.m */ = {isa = PBXFileReference; fileEncoding = 4; lastKnownFileType = sourcecode.c.objc; path = BCMCheckReviewAlert.m; sourceTree = "<group>"; };
		AFFA11FB2ABBCFBA008D2CAD /* AMENCheckReviewMgr.m */ = {isa = PBXFileReference; fileEncoding = 4; lastKnownFileType = sourcecode.c.objc; path = AMENCheckReviewMgr.m; sourceTree = "<group>"; };
		AFFA11FC2ABBCFBA008D2CAD /* BCMCheckReviewAlert.h */ = {isa = PBXFileReference; fileEncoding = 4; lastKnownFileType = sourcecode.c.h; path = BCMCheckReviewAlert.h; sourceTree = "<group>"; };
		AFFA11FE2ABBCFBA008D2CAD /* AppDelegate+AMENScreenshotCheck.h */ = {isa = PBXFileReference; fileEncoding = 4; lastKnownFileType = sourcecode.c.h; path = "AppDelegate+AMENScreenshotCheck.h"; sourceTree = "<group>"; };
		AFFA11FF2ABBCFBA008D2CAD /* AppDelegate+AMENScreenshotCheck.m */ = {isa = PBXFileReference; fileEncoding = 4; lastKnownFileType = sourcecode.c.objc; path = "AppDelegate+AMENScreenshotCheck.m"; sourceTree = "<group>"; };
		AFFA12022ABBCFBA008D2CAD /* AMENStartAdMgr.m */ = {isa = PBXFileReference; fileEncoding = 4; lastKnownFileType = sourcecode.c.objc; path = AMENStartAdMgr.m; sourceTree = "<group>"; };
		AFFA12032ABBCFBA008D2CAD /* AMENStartAdMgr.h */ = {isa = PBXFileReference; fileEncoding = 4; lastKnownFileType = sourcecode.c.h; path = AMENStartAdMgr.h; sourceTree = "<group>"; };
		AFFA12052ABBCFBA008D2CAD /* AMENStartAdView.m */ = {isa = PBXFileReference; fileEncoding = 4; lastKnownFileType = sourcecode.c.objc; path = AMENStartAdView.m; sourceTree = "<group>"; };
		AFFA12062ABBCFBA008D2CAD /* AMENStartAdView.h */ = {isa = PBXFileReference; fileEncoding = 4; lastKnownFileType = sourcecode.c.h; path = AMENStartAdView.h; sourceTree = "<group>"; };
		AFFA12092ABBCFBA008D2CAD /* AMENLaunchAnimationView.m */ = {isa = PBXFileReference; fileEncoding = 4; lastKnownFileType = sourcecode.c.objc; path = AMENLaunchAnimationView.m; sourceTree = "<group>"; };
		AFFA120A2ABBCFBA008D2CAD /* AMENLaunchAnimationView.h */ = {isa = PBXFileReference; fileEncoding = 4; lastKnownFileType = sourcecode.c.h; path = AMENLaunchAnimationView.h; sourceTree = "<group>"; };
		AFFA120C2ABBCFBA008D2CAD /* AMENLaunchViewController.m */ = {isa = PBXFileReference; fileEncoding = 4; lastKnownFileType = sourcecode.c.objc; path = AMENLaunchViewController.m; sourceTree = "<group>"; };
		AFFA120D2ABBCFBA008D2CAD /* AMENLaunchViewController.h */ = {isa = PBXFileReference; fileEncoding = 4; lastKnownFileType = sourcecode.c.h; path = AMENLaunchViewController.h; sourceTree = "<group>"; };
		AFFA120F2ABBCFBA008D2CAD /* AMENVersionCompareTool.h */ = {isa = PBXFileReference; fileEncoding = 4; lastKnownFileType = sourcecode.c.h; path = AMENVersionCompareTool.h; sourceTree = "<group>"; };
		AFFA12102ABBCFBA008D2CAD /* AMENPrivacyView.h */ = {isa = PBXFileReference; fileEncoding = 4; lastKnownFileType = sourcecode.c.h; path = AMENPrivacyView.h; sourceTree = "<group>"; };
		AFFA12112ABBCFBA008D2CAD /* AMENVersionCompareTool.m */ = {isa = PBXFileReference; fileEncoding = 4; lastKnownFileType = sourcecode.c.objc; path = AMENVersionCompareTool.m; sourceTree = "<group>"; };
		AFFA12122ABBCFBA008D2CAD /* AMENPrivacyView.m */ = {isa = PBXFileReference; fileEncoding = 4; lastKnownFileType = sourcecode.c.objc; path = AMENPrivacyView.m; sourceTree = "<group>"; };
		AFFA12142ABBCFBA008D2CAD /* AMENCheckVersionMgr.h */ = {isa = PBXFileReference; fileEncoding = 4; lastKnownFileType = sourcecode.c.h; path = AMENCheckVersionMgr.h; sourceTree = "<group>"; };
		AFFA12152ABBCFBA008D2CAD /* AMENCheckVersionMgr.m */ = {isa = PBXFileReference; fileEncoding = 4; lastKnownFileType = sourcecode.c.objc; path = AMENCheckVersionMgr.m; sourceTree = "<group>"; };
		F19212673F58B728C025538F /* Pods_DSDemo_OC.framework */ = {isa = PBXFileReference; explicitFileType = wrapper.framework; includeInIndex = 0; path = Pods_DSDemo_OC.framework; sourceTree = BUILT_PRODUCTS_DIR; };
/* End PBXFileReference section */

/* Begin PBXFrameworksBuildPhase section */
		AFFA091B2AB9A233008D2CAD /* Frameworks */ = {
			isa = PBXFrameworksBuildPhase;
			buildActionMask = 2147483647;
			files = (
				F0B598C0EBB794000805254D /* Pods_DSDemo_OC.framework in Frameworks */,
			);
			runOnlyForDeploymentPostprocessing = 0;
		};
/* End PBXFrameworksBuildPhase section */

/* Begin PBXGroup section */
		5545E3A2488A017CF1EB6F1D /* Pods */ = {
			isa = PBXGroup;
			children = (
				59BCF3E3FB7F0164776EF12A /* Pods-DSDemo-OC.debug.xcconfig */,
				925B340A2AEDC3EB80B7230A /* Pods-DSDemo-OC.release.xcconfig */,
			);
			name = Pods;
			path = ../Pods;
			sourceTree = "<group>";
		};
		57A5ADBDD6496ECC91338A22 /* Frameworks */ = {
			isa = PBXGroup;
			children = (
				F19212673F58B728C025538F /* Pods_DSDemo_OC.framework */,
			);
			name = Frameworks;
			sourceTree = "<group>";
		};
		AFFA09152AB9A233008D2CAD = {
			isa = PBXGroup;
			children = (
				AFFA09202AB9A233008D2CAD /* DSDemo-OC */,
				AFFA091F2AB9A233008D2CAD /* Products */,
				5545E3A2488A017CF1EB6F1D /* Pods */,
				57A5ADBDD6496ECC91338A22 /* Frameworks */,
			);
			sourceTree = "<group>";
		};
		AFFA091F2AB9A233008D2CAD /* Products */ = {
			isa = PBXGroup;
			children = (
				AFFA091E2AB9A233008D2CAD /* DSDemo-OC.app */,
			);
			name = Products;
			sourceTree = "<group>";
		};
		AFFA09202AB9A233008D2CAD /* DSDemo-OC */ = {
			isa = PBXGroup;
			children = (
				AFFA095A2AB9A6A7008D2CAD /* Classes */,
				AFFA09212AB9A233008D2CAD /* AppDelegate.h */,
				AFFA09222AB9A233008D2CAD /* AppDelegate.m */,
				AFFA09242AB9A233008D2CAD /* SceneDelegate.h */,
				AFFA09252AB9A233008D2CAD /* SceneDelegate.m */,
				AFFA09272AB9A233008D2CAD /* ViewController.h */,
				AFFA09282AB9A233008D2CAD /* ViewController.m */,
				AFFA092A2AB9A233008D2CAD /* Main.storyboard */,
				AFFA092D2AB9A235008D2CAD /* Assets.xcassets */,
				AFFA092F2AB9A235008D2CAD /* LaunchScreen.storyboard */,
				AFFA09322AB9A235008D2CAD /* Info.plist */,
				AFFA09332AB9A235008D2CAD /* main.m */,
				AFFA0A182AB9A880008D2CAD /* PrefixHeader.pch */,
			);
			path = "DSDemo-OC";
			sourceTree = "<group>";
		};
		AFFA095A2AB9A6A7008D2CAD /* Classes */ = {
			isa = PBXGroup;
			children = (
				AFFA11DA2ABBCFB9008D2CAD /* 基础 */,
				AFFA09742AB9A6A7008D2CAD /* Crypt */,
				AFFA09772AB9A6A7008D2CAD /* Network */,
				AFFA09AF2AB9A6A7008D2CAD /* Pages */,
				AFFA09CF2AB9A6A8008D2CAD /* Global */,
				AFFA09E12AB9A6A8008D2CAD /* BaseDefine */,
			);
			path = Classes;
			sourceTree = "<group>";
		};
		AFFA09742AB9A6A7008D2CAD /* Crypt */ = {
			isa = PBXGroup;
			children = (
				AFFA09762AB9A6A7008D2CAD /* DataEncrypt.h */,
				AFFA09752AB9A6A7008D2CAD /* DataEncrypt.m */,
			);
			path = Crypt;
			sourceTree = "<group>";
		};
		AFFA09772AB9A6A7008D2CAD /* Network */ = {
			isa = PBXGroup;
			children = (
				AFFA097B2AB9A6A7008D2CAD /* KLNetWorkManager.h */,
				AFFA09822AB9A6A7008D2CAD /* KLNetWorkManager.m */,
				AFFA097D2AB9A6A7008D2CAD /* KLRequest.h */,
				AFFA097A2AB9A6A7008D2CAD /* KLRequest.m */,
				AFFA09802AB9A6A7008D2CAD /* KLRequestGenerator.h */,
				AFFA097C2AB9A6A7008D2CAD /* KLRequestGenerator.m */,
				AFFA097E2AB9A6A7008D2CAD /* KLResponse.h */,
				AFFA09792AB9A6A7008D2CAD /* KLResponse.m */,
				AFFA097F2AB9A6A7008D2CAD /* KLUploadFile.h */,
				AFFA09782AB9A6A7008D2CAD /* KLUploadFile.m */,
				AFFA09812AB9A6A7008D2CAD /* REAPIHeader.h */,
			);
			path = Network;
			sourceTree = "<group>";
		};
		AFFA09AF2AB9A6A7008D2CAD /* Pages */ = {
			isa = PBXGroup;
			children = (
				AFFA09B02AB9A6A7008D2CAD /* Home */,
				AFFA09B32AB9A6A7008D2CAD /* Stroll */,
				AFFA09B62AB9A6A7008D2CAD /* ShopCart */,
				AFFA09B92AB9A6A7008D2CAD /* News */,
				AFFA09BC2AB9A6A8008D2CAD /* Mine */,
				AFFA09C22AB9A6A8008D2CAD /* MainTab */,
			);
			path = Pages;
			sourceTree = "<group>";
		};
		AFFA09B02AB9A6A7008D2CAD /* Home */ = {
			isa = PBXGroup;
			children = (
				AFFA09B22AB9A6A7008D2CAD /* REHomeViewController.h */,
				AFFA09B12AB9A6A7008D2CAD /* REHomeViewController.m */,
			);
			path = Home;
			sourceTree = "<group>";
		};
		AFFA09B32AB9A6A7008D2CAD /* Stroll */ = {
			isa = PBXGroup;
			children = (
				AFFA09B42AB9A6A7008D2CAD /* REStrollViewController.h */,
				AFFA09B52AB9A6A7008D2CAD /* REStrollViewController.m */,
			);
			path = Stroll;
			sourceTree = "<group>";
		};
		AFFA09B62AB9A6A7008D2CAD /* ShopCart */ = {
			isa = PBXGroup;
			children = (
				AFFA09B72AB9A6A7008D2CAD /* REShopCartViewController.h */,
				AFFA09B82AB9A6A7008D2CAD /* REShopCartViewController.m */,
			);
			path = ShopCart;
			sourceTree = "<group>";
		};
		AFFA09B92AB9A6A7008D2CAD /* News */ = {
			isa = PBXGroup;
			children = (
				AFFA09BB2AB9A6A8008D2CAD /* RENewsViewController.h */,
				AFFA09BA2AB9A6A7008D2CAD /* RENewsViewController.m */,
			);
			path = News;
			sourceTree = "<group>";
		};
		AFFA09BC2AB9A6A8008D2CAD /* Mine */ = {
			isa = PBXGroup;
			children = (
				AFFA09BD2AB9A6A8008D2CAD /* REMineViewController.h */,
				AFFA09BE2AB9A6A8008D2CAD /* REMineViewController.m */,
				AFFA09BF2AB9A6A8008D2CAD /* Setting */,
			);
			path = Mine;
			sourceTree = "<group>";
		};
		AFFA09BF2AB9A6A8008D2CAD /* Setting */ = {
			isa = PBXGroup;
			children = (
				AFFA09C02AB9A6A8008D2CAD /* RESettingViewController.h */,
				AFFA09C12AB9A6A8008D2CAD /* RESettingViewController.m */,
			);
			path = Setting;
			sourceTree = "<group>";
		};
		AFFA09C22AB9A6A8008D2CAD /* MainTab */ = {
			isa = PBXGroup;
			children = (
				AFFA09C72AB9A6A8008D2CAD /* REUINavigationController.h */,
				AFFA09C52AB9A6A8008D2CAD /* REUINavigationController.m */,
				AFFA09C82AB9A6A8008D2CAD /* REUITabBar.h */,
				AFFA09C42AB9A6A8008D2CAD /* REUITabBar.m */,
				AFFA09C62AB9A6A8008D2CAD /* REUITabBarController.h */,
				AFFA09C32AB9A6A8008D2CAD /* REUITabBarController.m */,
			);
			path = MainTab;
			sourceTree = "<group>";
		};
		AFFA09CF2AB9A6A8008D2CAD /* Global */ = {
			isa = PBXGroup;
			children = (
				AFFA09DE2AB9A6A8008D2CAD /* REGlobal.h */,
				AFFA09D22AB9A6A8008D2CAD /* REGlobal.m */,
			);
			path = Global;
			sourceTree = "<group>";
		};
		AFFA09E12AB9A6A8008D2CAD /* BaseDefine */ = {
			isa = PBXGroup;
			children = (
				AFFA09E22AB9A6A8008D2CAD /* RENotificationConfig.h */,
				AFFA09E32AB9A6A8008D2CAD /* NoticeDefine.h */,
				AFFA09E42AB9A6A8008D2CAD /* REUIConfig.h */,
				AFFA09E52AB9A6A8008D2CAD /* UIStyleConfig.h */,
			);
			path = BaseDefine;
			sourceTree = "<group>";
		};
		AFFA11DA2ABBCFB9008D2CAD /* 基础 */ = {
			isa = PBXGroup;
			children = (
				AFFA11DB2ABBCFBA008D2CAD /* 网络状态监测 */,
				AFFA11DE2ABBCFBA008D2CAD /* URL配置 */,
				AFFA11E12ABBCFBA008D2CAD /* 启动流程 */,
			);
			path = "基础";
			sourceTree = "<group>";
		};
		AFFA11DB2ABBCFBA008D2CAD /* 网络状态监测 */ = {
			isa = PBXGroup;
			children = (
				AFFA11DC2ABBCFBA008D2CAD /* AppDelegate+NetStateRechability.h */,
				AFFA11DD2ABBCFBA008D2CAD /* AppDelegate+NetStateRechability.m */,
			);
			path = "网络状态监测";
			sourceTree = "<group>";
		};
		AFFA11DE2ABBCFBA008D2CAD /* URL配置 */ = {
			isa = PBXGroup;
			children = (
				AFFA11DF2ABBCFBA008D2CAD /* AMENURLConfig.h */,
				AFFA11E02ABBCFBA008D2CAD /* AMENURLConfig.m */,
			);
			path = "URL配置";
			sourceTree = "<group>";
		};
		AFFA11E12ABBCFBA008D2CAD /* 启动流程 */ = {
			isa = PBXGroup;
			children = (
				AFFA11E22ABBCFBA008D2CAD /* 系统功能 */,
				AFFA11EC2ABBCFBA008D2CAD /* 数据采集 */,
				AFFA11EF2ABBCFBA008D2CAD /* 历史版本数据清理 */,
				AFFA11F22ABBCFBA008D2CAD /* 系统兼容处理 */,
				AFFA11F52ABBCFBA008D2CAD /* 口令弹框 */,
				AFFA11F82ABBCFBA008D2CAD /* 评价 */,
				AFFA11FD2ABBCFBA008D2CAD /* 截屏检测 */,
				AFFA12002ABBCFBA008D2CAD /* 启动广告 */,
				AFFA12072ABBCFBA008D2CAD /* 启动页 */,
				AFFA12132ABBCFBA008D2CAD /* 版本检测 */,
			);
			path = "启动流程";
			sourceTree = "<group>";
		};
		AFFA11E22ABBCFBA008D2CAD /* 系统功能 */ = {
			isa = PBXGroup;
			children = (
				AFFA11E32ABBCFBA008D2CAD /* 快捷指令 */,
				AFFA11E62ABBCFBA008D2CAD /* 小组件 */,
				AFFA11E92ABBCFBA008D2CAD /* 3DTouch */,
			);
			path = "系统功能";
			sourceTree = "<group>";
		};
		AFFA11E32ABBCFBA008D2CAD /* 快捷指令 */ = {
			isa = PBXGroup;
			children = (
				AFFA11E52ABBCFBA008D2CAD /* AppDelegate+AMENMenuItemShortCuts.h */,
				AFFA11E42ABBCFBA008D2CAD /* AppDelegate+AMENMenuItemShortCuts.m */,
			);
			path = "快捷指令";
			sourceTree = "<group>";
		};
		AFFA11E62ABBCFBA008D2CAD /* 小组件 */ = {
			isa = PBXGroup;
			children = (
				AFFA11E72ABBCFBA008D2CAD /* AMENWidgetkitCalendarMgr.h */,
				AFFA11E82ABBCFBA008D2CAD /* AMENWidgetkitCalendarMgr.m */,
			);
			path = "小组件";
			sourceTree = "<group>";
		};
		AFFA11E92ABBCFBA008D2CAD /* 3DTouch */ = {
			isa = PBXGroup;
			children = (
				AFFA11EA2ABBCFBA008D2CAD /* AppDelegate+AMEN3DTouch.h */,
				AFFA11EB2ABBCFBA008D2CAD /* AppDelegate+AMEN3DTouch.m */,
			);
			path = 3DTouch;
			sourceTree = "<group>";
		};
		AFFA11EC2ABBCFBA008D2CAD /* 数据采集 */ = {
			isa = PBXGroup;
			children = (
				AFFA11EE2ABBCFBA008D2CAD /* AppDelegate+AMENDataCollection.h */,
				AFFA11ED2ABBCFBA008D2CAD /* AppDelegate+AMENDataCollection.m */,
			);
			path = "数据采集";
			sourceTree = "<group>";
		};
		AFFA11EF2ABBCFBA008D2CAD /* 历史版本数据清理 */ = {
			isa = PBXGroup;
			children = (
				AFFA11F12ABBCFBA008D2CAD /* AMEMDataCacheMgr.h */,
				AFFA11F02ABBCFBA008D2CAD /* AMEMDataCacheMgr.m */,
			);
			path = "历史版本数据清理";
			sourceTree = "<group>";
		};
		AFFA11F22ABBCFBA008D2CAD /* 系统兼容处理 */ = {
			isa = PBXGroup;
			children = (
				AFFA11F32ABBCFBA008D2CAD /* AMENSystemAdaptMgr.h */,
				AFFA11F42ABBCFBA008D2CAD /* AMENSystemAdaptMgr.m */,
			);
			path = "系统兼容处理";
			sourceTree = "<group>";
		};
		AFFA11F52ABBCFBA008D2CAD /* 口令弹框 */ = {
			isa = PBXGroup;
			children = (
				AFFA11F62ABBCFBA008D2CAD /* AppDelegate+AMENAdKeyPopups.h */,
				AFFA11F72ABBCFBA008D2CAD /* AppDelegate+AMENAdKeyPopups.m */,
			);
			path = "口令弹框";
			sourceTree = "<group>";
		};
		AFFA11F82ABBCFBA008D2CAD /* 评价 */ = {
			isa = PBXGroup;
			children = (
				AFFA11F92ABBCFBA008D2CAD /* AMENCheckReviewMgr.h */,
				AFFA11FB2ABBCFBA008D2CAD /* AMENCheckReviewMgr.m */,
				AFFA11FC2ABBCFBA008D2CAD /* BCMCheckReviewAlert.h */,
				AFFA11FA2ABBCFBA008D2CAD /* BCMCheckReviewAlert.m */,
			);
			path = "评价";
			sourceTree = "<group>";
		};
		AFFA11FD2ABBCFBA008D2CAD /* 截屏检测 */ = {
			isa = PBXGroup;
			children = (
				AFFA11FE2ABBCFBA008D2CAD /* AppDelegate+AMENScreenshotCheck.h */,
				AFFA11FF2ABBCFBA008D2CAD /* AppDelegate+AMENScreenshotCheck.m */,
			);
			path = "截屏检测";
			sourceTree = "<group>";
		};
		AFFA12002ABBCFBA008D2CAD /* 启动广告 */ = {
			isa = PBXGroup;
			children = (
				AFFA12012ABBCFBA008D2CAD /* 获取广告数据 */,
				AFFA12042ABBCFBA008D2CAD /* 展示广告 */,
			);
			path = "启动广告";
			sourceTree = "<group>";
		};
		AFFA12012ABBCFBA008D2CAD /* 获取广告数据 */ = {
			isa = PBXGroup;
			children = (
				AFFA12032ABBCFBA008D2CAD /* AMENStartAdMgr.h */,
				AFFA12022ABBCFBA008D2CAD /* AMENStartAdMgr.m */,
			);
			path = "获取广告数据";
			sourceTree = "<group>";
		};
		AFFA12042ABBCFBA008D2CAD /* 展示广告 */ = {
			isa = PBXGroup;
			children = (
				AFFA12062ABBCFBA008D2CAD /* AMENStartAdView.h */,
				AFFA12052ABBCFBA008D2CAD /* AMENStartAdView.m */,
			);
			path = "展示广告";
			sourceTree = "<group>";
		};
		AFFA12072ABBCFBA008D2CAD /* 启动页 */ = {
			isa = PBXGroup;
			children = (
				AFFA12082ABBCFBA008D2CAD /* 启动动画 */,
				AFFA120B2ABBCFBA008D2CAD /* 启动页控制器 */,
				AFFA120E2ABBCFBA008D2CAD /* 隐私政策 */,
			);
			path = "启动页";
			sourceTree = "<group>";
		};
		AFFA12082ABBCFBA008D2CAD /* 启动动画 */ = {
			isa = PBXGroup;
			children = (
				AFFA120A2ABBCFBA008D2CAD /* AMENLaunchAnimationView.h */,
				AFFA12092ABBCFBA008D2CAD /* AMENLaunchAnimationView.m */,
			);
			path = "启动动画";
			sourceTree = "<group>";
		};
		AFFA120B2ABBCFBA008D2CAD /* 启动页控制器 */ = {
			isa = PBXGroup;
			children = (
				AFFA120D2ABBCFBA008D2CAD /* AMENLaunchViewController.h */,
				AFFA120C2ABBCFBA008D2CAD /* AMENLaunchViewController.m */,
			);
			path = "启动页控制器";
			sourceTree = "<group>";
		};
		AFFA120E2ABBCFBA008D2CAD /* 隐私政策 */ = {
			isa = PBXGroup;
			children = (
				AFFA12102ABBCFBA008D2CAD /* AMENPrivacyView.h */,
				AFFA12122ABBCFBA008D2CAD /* AMENPrivacyView.m */,
				AFFA120F2ABBCFBA008D2CAD /* AMENVersionCompareTool.h */,
				AFFA12112ABBCFBA008D2CAD /* AMENVersionCompareTool.m */,
			);
			path = "隐私政策";
			sourceTree = "<group>";
		};
		AFFA12132ABBCFBA008D2CAD /* 版本检测 */ = {
			isa = PBXGroup;
			children = (
				AFFA12142ABBCFBA008D2CAD /* AMENCheckVersionMgr.h */,
				AFFA12152ABBCFBA008D2CAD /* AMENCheckVersionMgr.m */,
			);
			path = "版本检测";
			sourceTree = "<group>";
		};
/* End PBXGroup section */

/* Begin PBXNativeTarget section */
		AFFA091D2AB9A233008D2CAD /* DSDemo-OC */ = {
			isa = PBXNativeTarget;
			buildConfigurationList = AFFA09372AB9A235008D2CAD /* Build configuration list for PBXNativeTarget "DSDemo-OC" */;
			buildPhases = (
				7E3492C60C5AC7F141EEDCA8 /* [CP] Check Pods Manifest.lock */,
				AFFA091A2AB9A233008D2CAD /* Sources */,
				AFFA091B2AB9A233008D2CAD /* Frameworks */,
				AFFA091C2AB9A233008D2CAD /* Resources */,
				EE74023C8292E60367DEB0CF /* [CP] Embed Pods Frameworks */,
			);
			buildRules = (
			);
			dependencies = (
			);
			name = "DSDemo-OC";
			productName = "DSDemo-OC";
			productReference = AFFA091E2AB9A233008D2CAD /* DSDemo-OC.app */;
			productType = "com.apple.product-type.application";
		};
/* End PBXNativeTarget section */

/* Begin PBXProject section */
		AFFA09162AB9A233008D2CAD /* Project object */ = {
			isa = PBXProject;
			attributes = {
				BuildIndependentTargetsInParallel = 1;
				LastUpgradeCheck = 1320;
				TargetAttributes = {
					AFFA091D2AB9A233008D2CAD = {
						CreatedOnToolsVersion = 13.2;
					};
				};
			};
			buildConfigurationList = AFFA09192AB9A233008D2CAD /* Build configuration list for PBXProject "DSDemo-OC" */;
			compatibilityVersion = "Xcode 13.0";
			developmentRegion = en;
			hasScannedForEncodings = 0;
			knownRegions = (
				en,
				Base,
			);
			mainGroup = AFFA09152AB9A233008D2CAD;
			productRefGroup = AFFA091F2AB9A233008D2CAD /* Products */;
			projectDirPath = "";
			projectRoot = "";
			targets = (
				AFFA091D2AB9A233008D2CAD /* DSDemo-OC */,
			);
		};
/* End PBXProject section */

/* Begin PBXResourcesBuildPhase section */
		AFFA091C2AB9A233008D2CAD /* Resources */ = {
			isa = PBXResourcesBuildPhase;
			buildActionMask = 2147483647;
			files = (
				AFFA09312AB9A235008D2CAD /* LaunchScreen.storyboard in Resources */,
				AFFA092E2AB9A235008D2CAD /* Assets.xcassets in Resources */,
				AFFA092C2AB9A233008D2CAD /* Main.storyboard in Resources */,
			);
			runOnlyForDeploymentPostprocessing = 0;
		};
/* End PBXResourcesBuildPhase section */

/* Begin PBXShellScriptBuildPhase section */
		7E3492C60C5AC7F141EEDCA8 /* [CP] Check Pods Manifest.lock */ = {
			isa = PBXShellScriptBuildPhase;
			buildActionMask = 2147483647;
			files = (
			);
			inputFileListPaths = (
			);
			inputPaths = (
				"${PODS_PODFILE_DIR_PATH}/Podfile.lock",
				"${PODS_ROOT}/Manifest.lock",
			);
			name = "[CP] Check Pods Manifest.lock";
			outputFileListPaths = (
			);
			outputPaths = (
				"$(DERIVED_FILE_DIR)/Pods-DSDemo-OC-checkManifestLockResult.txt",
			);
			runOnlyForDeploymentPostprocessing = 0;
			shellPath = /bin/sh;
			shellScript = "diff \"${PODS_PODFILE_DIR_PATH}/Podfile.lock\" \"${PODS_ROOT}/Manifest.lock\" > /dev/null\nif [ $? != 0 ] ; then\n    # print error to STDERR\n    echo \"error: The sandbox is not in sync with the Podfile.lock. Run 'pod install' or update your CocoaPods installation.\" >&2\n    exit 1\nfi\n# This output is used by Xcode 'outputs' to avoid re-running this script phase.\necho \"SUCCESS\" > \"${SCRIPT_OUTPUT_FILE_0}\"\n";
			showEnvVarsInLog = 0;
		};
		EE74023C8292E60367DEB0CF /* [CP] Embed Pods Frameworks */ = {
			isa = PBXShellScriptBuildPhase;
			buildActionMask = 2147483647;
			files = (
			);
			inputFileListPaths = (
				"${PODS_ROOT}/Target Support Files/Pods-DSDemo-OC/Pods-DSDemo-OC-frameworks-${CONFIGURATION}-input-files.xcfilelist",
			);
			name = "[CP] Embed Pods Frameworks";
			outputFileListPaths = (
				"${PODS_ROOT}/Target Support Files/Pods-DSDemo-OC/Pods-DSDemo-OC-frameworks-${CONFIGURATION}-output-files.xcfilelist",
			);
			runOnlyForDeploymentPostprocessing = 0;
			shellPath = /bin/sh;
			shellScript = "\"${PODS_ROOT}/Target Support Files/Pods-DSDemo-OC/Pods-DSDemo-OC-frameworks.sh\"\n";
			showEnvVarsInLog = 0;
		};
/* End PBXShellScriptBuildPhase section */

/* Begin PBXSourcesBuildPhase section */
		AFFA091A2AB9A233008D2CAD /* Sources */ = {
			isa = PBXSourcesBuildPhase;
			buildActionMask = 2147483647;
			files = (
				AFFA12212ABBCFBA008D2CAD /* AppDelegate+AMENScreenshotCheck.m in Sources */,
				AFFA0A092AB9A6A8008D2CAD /* REMineViewController.m in Sources */,
				AFFA0A082AB9A6A8008D2CAD /* RENewsViewController.m in Sources */,
				AFFA12192ABBCFBA008D2CAD /* AMENWidgetkitCalendarMgr.m in Sources */,
				AFFA09292AB9A233008D2CAD /* ViewController.m in Sources */,
				AFFA121E2ABBCFBA008D2CAD /* AppDelegate+AMENAdKeyPopups.m in Sources */,
				AFFA12182ABBCFBA008D2CAD /* AppDelegate+AMENMenuItemShortCuts.m in Sources */,
				AFFA12242ABBCFBA008D2CAD /* AMENLaunchAnimationView.m in Sources */,
				AFFA121F2ABBCFBA008D2CAD /* BCMCheckReviewAlert.m in Sources */,
				AFFA09F02AB9A6A8008D2CAD /* KLUploadFile.m in Sources */,
				AFFA12172ABBCFBA008D2CAD /* AMENURLConfig.m in Sources */,
				AFFA09232AB9A233008D2CAD /* AppDelegate.m in Sources */,
				AFFA12252ABBCFBA008D2CAD /* AMENLaunchViewController.m in Sources */,
				AFFA0A112AB9A6A8008D2CAD /* REGlobal.m in Sources */,
				AFFA12272ABBCFBA008D2CAD /* AMENPrivacyView.m in Sources */,
				AFFA09342AB9A235008D2CAD /* main.m in Sources */,
				AFFA0A0D2AB9A6A8008D2CAD /* REUINavigationController.m in Sources */,
				AFFA0A0C2AB9A6A8008D2CAD /* REUITabBar.m in Sources */,
				AFFA0A0B2AB9A6A8008D2CAD /* REUITabBarController.m in Sources */,
				AFFA12282ABBCFBA008D2CAD /* AMENCheckVersionMgr.m in Sources */,
				AFFA0A0A2AB9A6A8008D2CAD /* RESettingViewController.m in Sources */,
				AFFA0A062AB9A6A8008D2CAD /* REStrollViewController.m in Sources */,
				AFFA09EF2AB9A6A8008D2CAD /* DataEncrypt.m in Sources */,
				AFFA12162ABBCFBA008D2CAD /* AppDelegate+NetStateRechability.m in Sources */,
				AFFA12222ABBCFBA008D2CAD /* AMENStartAdMgr.m in Sources */,
				AFFA12232ABBCFBA008D2CAD /* AMENStartAdView.m in Sources */,
				AFFA121D2ABBCFBA008D2CAD /* AMENSystemAdaptMgr.m in Sources */,
				AFFA0A052AB9A6A8008D2CAD /* REHomeViewController.m in Sources */,
				AFFA121A2ABBCFBA008D2CAD /* AppDelegate+AMEN3DTouch.m in Sources */,
				AFFA12202ABBCFBA008D2CAD /* AMENCheckReviewMgr.m in Sources */,
				AFFA12262ABBCFBA008D2CAD /* AMENVersionCompareTool.m in Sources */,
				AFFA09262AB9A233008D2CAD /* SceneDelegate.m in Sources */,
				AFFA121B2ABBCFBA008D2CAD /* AppDelegate+AMENDataCollection.m in Sources */,
				AFFA09F32AB9A6A8008D2CAD /* KLRequestGenerator.m in Sources */,
				AFFA09F12AB9A6A8008D2CAD /* KLResponse.m in Sources */,
				AFFA09F42AB9A6A8008D2CAD /* KLNetWorkManager.m in Sources */,
				AFFA121C2ABBCFBA008D2CAD /* AMEMDataCacheMgr.m in Sources */,
				AFFA09F22AB9A6A8008D2CAD /* KLRequest.m in Sources */,
				AFFA0A072AB9A6A8008D2CAD /* REShopCartViewController.m in Sources */,
			);
			runOnlyForDeploymentPostprocessing = 0;
		};
/* End PBXSourcesBuildPhase section */

/* Begin PBXVariantGroup section */
		AFFA092A2AB9A233008D2CAD /* Main.storyboard */ = {
			isa = PBXVariantGroup;
			children = (
				AFFA092B2AB9A233008D2CAD /* Base */,
			);
			name = Main.storyboard;
			sourceTree = "<group>";
		};
		AFFA092F2AB9A235008D2CAD /* LaunchScreen.storyboard */ = {
			isa = PBXVariantGroup;
			children = (
				AFFA09302AB9A235008D2CAD /* Base */,
			);
			name = LaunchScreen.storyboard;
			sourceTree = "<group>";
		};
/* End PBXVariantGroup section */

/* Begin XCBuildConfiguration section */
		AFFA09352AB9A235008D2CAD /* Debug */ = {
			isa = XCBuildConfiguration;
			buildSettings = {
				ALWAYS_SEARCH_USER_PATHS = NO;
				CLANG_ANALYZER_NONNULL = YES;
				CLANG_ANALYZER_NUMBER_OBJECT_CONVERSION = YES_AGGRESSIVE;
				CLANG_CXX_LANGUAGE_STANDARD = "gnu++17";
				CLANG_CXX_LIBRARY = "libc++";
				CLANG_ENABLE_MODULES = YES;
				CLANG_ENABLE_OBJC_ARC = YES;
				CLANG_ENABLE_OBJC_WEAK = YES;
				CLANG_WARN_BLOCK_CAPTURE_AUTORELEASING = YES;
				CLANG_WARN_BOOL_CONVERSION = YES;
				CLANG_WARN_COMMA = YES;
				CLANG_WARN_CONSTANT_CONVERSION = YES;
				CLANG_WARN_DEPRECATED_OBJC_IMPLEMENTATIONS = YES;
				CLANG_WARN_DIRECT_OBJC_ISA_USAGE = YES_ERROR;
				CLANG_WARN_DOCUMENTATION_COMMENTS = YES;
				CLANG_WARN_EMPTY_BODY = YES;
				CLANG_WARN_ENUM_CONVERSION = YES;
				CLANG_WARN_INFINITE_RECURSION = YES;
				CLANG_WARN_INT_CONVERSION = YES;
				CLANG_WARN_NON_LITERAL_NULL_CONVERSION = YES;
				CLANG_WARN_OBJC_IMPLICIT_RETAIN_SELF = YES;
				CLANG_WARN_OBJC_LITERAL_CONVERSION = YES;
				CLANG_WARN_OBJC_ROOT_CLASS = YES_ERROR;
				CLANG_WARN_QUOTED_INCLUDE_IN_FRAMEWORK_HEADER = YES;
				CLANG_WARN_RANGE_LOOP_ANALYSIS = YES;
				CLANG_WARN_STRICT_PROTOTYPES = YES;
				CLANG_WARN_SUSPICIOUS_MOVE = YES;
				CLANG_WARN_UNGUARDED_AVAILABILITY = YES_AGGRESSIVE;
				CLANG_WARN_UNREACHABLE_CODE = YES;
				CLANG_WARN__DUPLICATE_METHOD_MATCH = YES;
				COPY_PHASE_STRIP = NO;
				DEBUG_INFORMATION_FORMAT = dwarf;
				ENABLE_STRICT_OBJC_MSGSEND = YES;
				ENABLE_TESTABILITY = YES;
				GCC_C_LANGUAGE_STANDARD = gnu11;
				GCC_DYNAMIC_NO_PIC = NO;
				GCC_NO_COMMON_BLOCKS = YES;
				GCC_OPTIMIZATION_LEVEL = 0;
				GCC_PREPROCESSOR_DEFINITIONS = (
					"DEBUG=1",
					"$(inherited)",
				);
				GCC_WARN_64_TO_32_BIT_CONVERSION = YES;
				GCC_WARN_ABOUT_RETURN_TYPE = YES_ERROR;
				GCC_WARN_UNDECLARED_SELECTOR = YES;
				GCC_WARN_UNINITIALIZED_AUTOS = YES_AGGRESSIVE;
				GCC_WARN_UNUSED_FUNCTION = YES;
				GCC_WARN_UNUSED_VARIABLE = YES;
				IPHONEOS_DEPLOYMENT_TARGET = 11.0;
				MTL_ENABLE_DEBUG_INFO = INCLUDE_SOURCE;
				MTL_FAST_MATH = YES;
				ONLY_ACTIVE_ARCH = YES;
				SDKROOT = iphoneos;
			};
			name = Debug;
		};
		AFFA09362AB9A235008D2CAD /* Release */ = {
			isa = XCBuildConfiguration;
			buildSettings = {
				ALWAYS_SEARCH_USER_PATHS = NO;
				CLANG_ANALYZER_NONNULL = YES;
				CLANG_ANALYZER_NUMBER_OBJECT_CONVERSION = YES_AGGRESSIVE;
				CLANG_CXX_LANGUAGE_STANDARD = "gnu++17";
				CLANG_CXX_LIBRARY = "libc++";
				CLANG_ENABLE_MODULES = YES;
				CLANG_ENABLE_OBJC_ARC = YES;
				CLANG_ENABLE_OBJC_WEAK = YES;
				CLANG_WARN_BLOCK_CAPTURE_AUTORELEASING = YES;
				CLANG_WARN_BOOL_CONVERSION = YES;
				CLANG_WARN_COMMA = YES;
				CLANG_WARN_CONSTANT_CONVERSION = YES;
				CLANG_WARN_DEPRECATED_OBJC_IMPLEMENTATIONS = YES;
				CLANG_WARN_DIRECT_OBJC_ISA_USAGE = YES_ERROR;
				CLANG_WARN_DOCUMENTATION_COMMENTS = YES;
				CLANG_WARN_EMPTY_BODY = YES;
				CLANG_WARN_ENUM_CONVERSION = YES;
				CLANG_WARN_INFINITE_RECURSION = YES;
				CLANG_WARN_INT_CONVERSION = YES;
				CLANG_WARN_NON_LITERAL_NULL_CONVERSION = YES;
				CLANG_WARN_OBJC_IMPLICIT_RETAIN_SELF = YES;
				CLANG_WARN_OBJC_LITERAL_CONVERSION = YES;
				CLANG_WARN_OBJC_ROOT_CLASS = YES_ERROR;
				CLANG_WARN_QUOTED_INCLUDE_IN_FRAMEWORK_HEADER = YES;
				CLANG_WARN_RANGE_LOOP_ANALYSIS = YES;
				CLANG_WARN_STRICT_PROTOTYPES = YES;
				CLANG_WARN_SUSPICIOUS_MOVE = YES;
				CLANG_WARN_UNGUARDED_AVAILABILITY = YES_AGGRESSIVE;
				CLANG_WARN_UNREACHABLE_CODE = YES;
				CLANG_WARN__DUPLICATE_METHOD_MATCH = YES;
				COPY_PHASE_STRIP = NO;
				DEBUG_INFORMATION_FORMAT = "dwarf-with-dsym";
				ENABLE_NS_ASSERTIONS = NO;
				ENABLE_STRICT_OBJC_MSGSEND = YES;
				GCC_C_LANGUAGE_STANDARD = gnu11;
				GCC_NO_COMMON_BLOCKS = YES;
				GCC_WARN_64_TO_32_BIT_CONVERSION = YES;
				GCC_WARN_ABOUT_RETURN_TYPE = YES_ERROR;
				GCC_WARN_UNDECLARED_SELECTOR = YES;
				GCC_WARN_UNINITIALIZED_AUTOS = YES_AGGRESSIVE;
				GCC_WARN_UNUSED_FUNCTION = YES;
				GCC_WARN_UNUSED_VARIABLE = YES;
				IPHONEOS_DEPLOYMENT_TARGET = 11.0;
				MTL_ENABLE_DEBUG_INFO = NO;
				MTL_FAST_MATH = YES;
				SDKROOT = iphoneos;
				VALIDATE_PRODUCT = YES;
			};
			name = Release;
		};
		AFFA09382AB9A235008D2CAD /* Debug */ = {
			isa = XCBuildConfiguration;
			baseConfigurationReference = 59BCF3E3FB7F0164776EF12A /* Pods-DSDemo-OC.debug.xcconfig */;
			buildSettings = {
				ASSETCATALOG_COMPILER_APPICON_NAME = AppIcon;
				ASSETCATALOG_COMPILER_GLOBAL_ACCENT_COLOR_NAME = AccentColor;
				CODE_SIGN_STYLE = Automatic;
				CURRENT_PROJECT_VERSION = 1;
				DEVELOPMENT_TEAM = HG6B48G9LT;
				GCC_PREFIX_HEADER = "$(SRCROOT)/DSDemo-OC/PrefixHeader.pch";
				GENERATE_INFOPLIST_FILE = YES;
				INFOPLIST_FILE = "DSDemo-OC/Info.plist";
				INFOPLIST_KEY_NSAppleMusicUsageDescription = "需要您的同意，才能访问媒体资料库，用于打开音频播放的功能";
				INFOPLIST_KEY_NSCameraUsageDescription = "需要您的同意，才能使用相机，用于图片上传或视频录制的功能";
				INFOPLIST_KEY_NSContactsUsageDescription = "需要您的同意，才能访问通讯录，便于开启查询联系人的服务";
				INFOPLIST_KEY_NSLocationUsageDescription = "需要您的同意，才能开启定位服务，便于准确获取您当前的地理位置";
				INFOPLIST_KEY_NSLocationWhenInUseUsageDescription = "需要您的同意，在使用期间开启定位服务，便于准确获取您当前的地理位置";
				INFOPLIST_KEY_NSMicrophoneUsageDescription = "需要您的同意，在录制视频的过程中需要打开麦克风进行录音";
				INFOPLIST_KEY_NSPhotoLibraryAddUsageDescription = "需要您的同意，才能实现保存网络图片到本地图库的服务";
				INFOPLIST_KEY_NSPhotoLibraryUsageDescription = "需要您的同意，才能访问相册权限，便于选择图片上传的服务";
				INFOPLIST_KEY_UIApplicationSupportsIndirectInputEvents = YES;
				INFOPLIST_KEY_UILaunchStoryboardName = "";
				INFOPLIST_KEY_UIMainStoryboardFile = Main;
				INFOPLIST_KEY_UISupportedInterfaceOrientations_iPad = "UIInterfaceOrientationPortrait UIInterfaceOrientationPortraitUpsideDown UIInterfaceOrientationLandscapeLeft UIInterfaceOrientationLandscapeRight";
				INFOPLIST_KEY_UISupportedInterfaceOrientations_iPhone = "UIInterfaceOrientationPortrait UIInterfaceOrientationLandscapeLeft UIInterfaceOrientationLandscapeRight";
				IPHONEOS_DEPLOYMENT_TARGET = 11.0;
				LD_RUNPATH_SEARCH_PATHS = (
					"$(inherited)",
					"@executable_path/Frameworks",
				);
				MARKETING_VERSION = 1.0;
				PRODUCT_BUNDLE_IDENTIFIER = "com.eee.DSDemo-OC";
				PRODUCT_NAME = "$(TARGET_NAME)";
				SWIFT_EMIT_LOC_STRINGS = YES;
				TARGETED_DEVICE_FAMILY = "1,2";
				USER_HEADER_SEARCH_PATHS = (
					"$(inherited)",
					"$(SRCROOT)/libwebp/src",
				);
			};
			name = Debug;
		};
		AFFA09392AB9A235008D2CAD /* Release */ = {
			isa = XCBuildConfiguration;
			baseConfigurationReference = 925B340A2AEDC3EB80B7230A /* Pods-DSDemo-OC.release.xcconfig */;
			buildSettings = {
				ASSETCATALOG_COMPILER_APPICON_NAME = AppIcon;
				ASSETCATALOG_COMPILER_GLOBAL_ACCENT_COLOR_NAME = AccentColor;
				CODE_SIGN_STYLE = Automatic;
				CURRENT_PROJECT_VERSION = 1;
				DEVELOPMENT_TEAM = HG6B48G9LT;
				GCC_PREFIX_HEADER = "$(SRCROOT)/DSDemo-OC/PrefixHeader.pch";
				GENERATE_INFOPLIST_FILE = YES;
				INFOPLIST_FILE = "DSDemo-OC/Info.plist";
				INFOPLIST_KEY_NSAppleMusicUsageDescription = "需要您的同意，才能访问媒体资料库，用于打开音频播放的功能";
				INFOPLIST_KEY_NSCameraUsageDescription = "需要您的同意，才能使用相机，用于图片上传或视频录制的功能";
				INFOPLIST_KEY_NSContactsUsageDescription = "需要您的同意，才能访问通讯录，便于开启查询联系人的服务";
				INFOPLIST_KEY_NSLocationUsageDescription = "需要您的同意，才能开启定位服务，便于准确获取您当前的地理位置";
				INFOPLIST_KEY_NSLocationWhenInUseUsageDescription = "需要您的同意，在使用期间开启定位服务，便于准确获取您当前的地理位置";
				INFOPLIST_KEY_NSMicrophoneUsageDescription = "需要您的同意，在录制视频的过程中需要打开麦克风进行录音";
				INFOPLIST_KEY_NSPhotoLibraryAddUsageDescription = "需要您的同意，才能实现保存网络图片到本地图库的服务";
				INFOPLIST_KEY_NSPhotoLibraryUsageDescription = "需要您的同意，才能访问相册权限，便于选择图片上传的服务";
				INFOPLIST_KEY_UIApplicationSupportsIndirectInputEvents = YES;
				INFOPLIST_KEY_UILaunchStoryboardName = "";
				INFOPLIST_KEY_UIMainStoryboardFile = Main;
				INFOPLIST_KEY_UISupportedInterfaceOrientations_iPad = "UIInterfaceOrientationPortrait UIInterfaceOrientationPortraitUpsideDown UIInterfaceOrientationLandscapeLeft UIInterfaceOrientationLandscapeRight";
				INFOPLIST_KEY_UISupportedInterfaceOrientations_iPhone = "UIInterfaceOrientationPortrait UIInterfaceOrientationLandscapeLeft UIInterfaceOrientationLandscapeRight";
				IPHONEOS_DEPLOYMENT_TARGET = 11.0;
				LD_RUNPATH_SEARCH_PATHS = (
					"$(inherited)",
					"@executable_path/Frameworks",
				);
				MARKETING_VERSION = 1.0;
				PRODUCT_BUNDLE_IDENTIFIER = "com.eee.DSDemo-OC";
				PRODUCT_NAME = "$(TARGET_NAME)";
				SWIFT_EMIT_LOC_STRINGS = YES;
				TARGETED_DEVICE_FAMILY = "1,2";
				USER_HEADER_SEARCH_PATHS = (
					"$(inherited)",
					"$(SRCROOT)/libwebp/src",
				);
			};
			name = Release;
		};
/* End XCBuildConfiguration section */

/* Begin XCConfigurationList section */
		AFFA09192AB9A233008D2CAD /* Build configuration list for PBXProject "DSDemo-OC" */ = {
			isa = XCConfigurationList;
			buildConfigurations = (
				AFFA09352AB9A235008D2CAD /* Debug */,
				AFFA09362AB9A235008D2CAD /* Release */,
			);
			defaultConfigurationIsVisible = 0;
			defaultConfigurationName = Release;
		};
		AFFA09372AB9A235008D2CAD /* Build configuration list for PBXNativeTarget "DSDemo-OC" */ = {
			isa = XCConfigurationList;
			buildConfigurations = (
				AFFA09382AB9A235008D2CAD /* Debug */,
				AFFA09392AB9A235008D2CAD /* Release */,
			);
			defaultConfigurationIsVisible = 0;
			defaultConfigurationName = Release;
		};
/* End XCConfigurationList section */
	};
	rootObject = AFFA09162AB9A233008D2CAD /* Project object */;
}
